<?xml version="1.0" encoding="utf-8"?>
<Project ToolsVersion="4.0" xmlns="http://schemas.microsoft.com/developer/msbuild/2003">
  <ItemGroup>
    <Filter Include="Source Files">
      <UniqueIdentifier>{4FC737F1-C7A5-4376-A066-2A32D752A2FF}</UniqueIdentifier>
      <Extensions>cpp;c;cxx;cc;s;asm</Extensions>
    </Filter>
    <Filter Include="Header Files">
      <UniqueIdentifier>{93995380-89BD-4b04-88EB-625FBE52EBFB}</UniqueIdentifier>
      <Extensions>h;hpp</Extensions>
    </Filter>
    <Filter Include="PlayerInterface">
      <UniqueIdentifier>{cc9f547b-f92b-451a-a4ea-445f5375dae2}</UniqueIdentifier>
    </Filter>
    <Filter Include="SWIG Files">
      <UniqueIdentifier>{78397123-d7b6-49e7-af98-4bf3c4f382dd}</UniqueIdentifier>
    </Filter>
    <Filter Include="ProudNetWrap">
      <UniqueIdentifier>{53a7e150-d475-49cd-9404-c08d92f276b6}</UniqueIdentifier>
    </Filter>
    <Filter Include="Interface">
      <UniqueIdentifier>{630e8310-f0bc-4233-8275-81d77c5de176}</UniqueIdentifier>
    </Filter>
    <Filter Include="Interface\ProudNet">
      <UniqueIdentifier>{ffb8f61d-93b6-4ef7-af44-2ac828bc6db3}</UniqueIdentifier>
    </Filter>
  </ItemGroup>
  <ItemGroup>
    <ClCompile Include="PlayerInterface\UnityPrxPlugin.cpp">
      <Filter>PlayerInterface</Filter>
    </ClCompile>
    <ClCompile Include="ProudNetClientPlugin.cpp">
      <Filter>Source Files</Filter>
    </ClCompile>
    <ClCompile Include="IncludeSwig.cpp">
      <Filter>SWIG Files</Filter>
    </ClCompile>
    <ClCompile Include="EventWrap.cpp">
      <Filter>ProudNetWrap</Filter>
    </ClCompile>
  </ItemGroup>
  <ItemGroup>
    <ClInclude Include="PlayerInterface\IPluginPS3.h">
      <Filter>PlayerInterface</Filter>
    </ClInclude>
    <ClInclude Include="PlayerInterface\IPluginPSP2.h">
      <Filter>PlayerInterface</Filter>
    </ClInclude>
    <ClInclude Include="PlayerInterface\IPluginSceAppParams.h">
      <Filter>PlayerInterface</Filter>
    </ClInclude>
    <ClInclude Include="PlayerInterface\IPluginSceNpParams.h">
      <Filter>PlayerInterface</Filter>
    </ClInclude>
    <ClInclude Include="PlayerInterface\IPluginUnity.h">
      <Filter>PlayerInterface</Filter>
    </ClInclude>
    <ClInclude Include="PlayerInterface\PrxPluginInterface.h">
      <Filter>PlayerInterface</Filter>
    </ClInclude>
    <ClInclude Include="PlayerInterface\UnityEventQueue.h">
      <Filter>PlayerInterface</Filter>
    </ClInclude>
    <ClInclude Include="PlayerInterface\UnityPrxPlugin.h">
      <Filter>PlayerInterface</Filter>
    </ClInclude>
    <ClInclude Include="ProudNetClientPlugin.h">
      <Filter>Header Files</Filter>
    </ClInclude>
    <ClInclude Include="EventWrap.h">
      <Filter>ProudNetWrap</Filter>
    </ClInclude>
    <ClInclude Include="NativeType.h">
      <Filter>ProudNetWrap</Filter>
    </ClInclude>
  </ItemGroup>
  <ItemGroup>
    <None Include="..\PrivateSwigInterface\pn_acr.i">
      <Filter>Interface\ProudNet</Filter>
    </None>
    <None Include="..\PrivateSwigInterface\pn_addrport.i">
      <Filter>Interface\ProudNet</Filter>
    </None>
    <None Include="..\PrivateSwigInterface\pn_bytearray.i">
      <Filter>Interface\ProudNet</Filter>
    </None>
    <None Include="..\PrivateSwigInterface\pn_disconnectargs.i">
      <Filter>Interface\ProudNet</Filter>
    </None>
    <None Include="..\PrivateSwigInterface\pn_enum.i">
      <Filter>Interface\ProudNet</Filter>
    </None>
    <None Include="..\PrivateSwigInterface\pn_errorinfo.i">
      <Filter>Interface\ProudNet</Filter>
    </None>
    <None Include="..\PrivateSwigInterface\pn_exception.i">
      <Filter>Interface\ProudNet</Filter>
    </None>
    <None Include="..\PrivateSwigInterface\pn_fastarray.i">
      <Filter>Interface\ProudNet</Filter>
    </None>
    <None Include="..\PrivateSwigInterface\pn_functiontype.i">
      <Filter>Interface\ProudNet</Filter>
    </None>
    <None Include="..\PrivateSwigInterface\pn_guid.i">
      <Filter>Interface\ProudNet</Filter>
    </None>
    <None Include="..\PrivateSwigInterface\pn_hostidarray.i">
      <Filter>Interface\ProudNet</Filter>
    </None>
    <None Include="..\PrivateSwigInterface\pn_hostidset.i">
      <Filter>Interface\ProudNet</Filter>
    </None>
    <None Include="..\PrivateSwigInterface\pn_int.i">
      <Filter>Interface\ProudNet</Filter>
    </None>
    <None Include="..\PrivateSwigInterface\pn_irmihost.i">
      <Filter>Interface\ProudNet</Filter>
    </None>
    <None Include="..\PrivateSwigInterface\pn_messagesummary.i">
      <Filter>Interface\ProudNet</Filter>
    </None>
    <None Include="..\PrivateSwigInterface\pn_netclient.i">
      <Filter>Interface\ProudNet</Filter>
    </None>
    <None Include="..\PrivateSwigInterface\pn_netclientevent.i">
      <Filter>Interface\ProudNet</Filter>
    </None>
    <None Include="..\PrivateSwigInterface\pn_netclientinfo.i">
      <Filter>Interface\ProudNet</Filter>
    </None>
    <None Include="..\PrivateSwigInterface\pn_netconfig.i">
      <Filter>Interface\ProudNet</Filter>
    </None>
    <None Include="..\PrivateSwigInterface\pn_netconnectionparam.i">
      <Filter>Interface\ProudNet</Filter>
    </None>
    <None Include="..\PrivateSwigInterface\pn_netcoreevent.i">
      <Filter>Interface\ProudNet</Filter>
    </None>
    <None Include="..\PrivateSwigInterface\pn_netpeerinfo.i">
      <Filter>Interface\ProudNet</Filter>
    </None>
    <None Include="..\PrivateSwigInterface\pn_netserver.i">
      <Filter>Interface\ProudNet</Filter>
    </None>
    <None Include="..\PrivateSwigInterface\pn_netserverevent.i">
      <Filter>Interface\ProudNet</Filter>
    </None>
    <None Include="..\PrivateSwigInterface\pn_netstatus.i">
      <Filter>Interface\ProudNet</Filter>
    </None>
    <None Include="..\PrivateSwigInterface\pn_receivedmessage.i">
      <Filter>Interface\ProudNet</Filter>
    </None>
    <None Include="..\PrivateSwigInterface\pn_rmicontext.i">
      <Filter>Interface\ProudNet</Filter>
    </None>
    <None Include="..\PrivateSwigInterface\pn_rmiproxy.i">
      <Filter>Interface\ProudNet</Filter>
    </None>
    <None Include="..\PrivateSwigInterface\pn_rmistub.i">
      <Filter>Interface\ProudNet</Filter>
    </None>
    <None Include="..\PrivateSwigInterface\pn_serverparameter.i">
      <Filter>Interface\ProudNet</Filter>
    </None>
    <None Include="..\PrivateSwigInterface\pn_socketinfo.i">
      <Filter>Interface\ProudNet</Filter>
    </None>
    <None Include="..\PrivateSwigInterface\pn_string.i">
      <Filter>Interface\ProudNet</Filter>
    </None>
    <None Include="..\PrivateSwigInterface\pn_threadpool.i">
      <Filter>Interface\ProudNet</Filter>
    </None>
    <None Include="..\PrivateSwigInterface\ProudReName.i">
      <Filter>Interface</Filter>
    </None>
    <None Include="..\PrivateSwigInterface\ProudNetClient.i">
      <Filter>Interface</Filter>
    </None>
    <None Include="..\PrivateSwigInterface\ProudNetClientCPlusIncludes.i">
      <Filter>Interface</Filter>
    </None>
    <None Include="..\PrivateSwigInterface\ProudNetTypeMaps.i">
      <Filter>Interface</Filter>
    </None>
  </ItemGroup>
  <ItemGroup>
    <CustomBuild Include="ProudNetClientPlugin.i">
      <Filter>Interface</Filter>
    </CustomBuild>
  </ItemGroup>
</Project>