
Microsoft Visual Studio Solution File, Format Version 12.00
# Visual Studio Version 16
VisualStudioVersion = 16.0.32901.82
MinimumVisualStudioVersion = 10.0.40219.1
Project("{8BC9CEB8-8B4A-11D0-8D11-00A0C91BC942}") = "CodeVirtualizer", "CodeVirtualizer.vcxproj", "{A2E45CE0-FC12-4C14-BF1C-2745307FBF9C}"
EndProject
Global
	GlobalSection(SolutionConfigurationPlatforms) = preSolution
		Debug_static_CRT|x64 = Debug_static_CRT|x64
		Debug_static_CRT|x86 = Debug_static_CRT|x86
		Release_static_CRT|x64 = Release_static_CRT|x64
		Release_static_CRT|x86 = Release_static_CRT|x86
	EndGlobalSection
	GlobalSection(ProjectConfigurationPlatforms) = postSolution
		{A2E45CE0-FC12-4C14-BF1C-2745307FBF9C}.Debug_static_CRT|x64.ActiveCfg = Debug_static_CRT|x64
		{A2E45CE0-FC12-4C14-BF1C-2745307FBF9C}.Debug_static_CRT|x64.Build.0 = Debug_static_CRT|x64
		{A2E45CE0-FC12-4C14-BF1C-2745307FBF9C}.Debug_static_CRT|x86.ActiveCfg = Debug_static_CRT|Win32
		{A2E45CE0-FC12-4C14-BF1C-2745307FBF9C}.Debug_static_CRT|x86.Build.0 = Debug_static_CRT|Win32
		{A2E45CE0-FC12-4C14-BF1C-2745307FBF9C}.Release_static_CRT|x64.ActiveCfg = Release_static_CRT|x64
		{A2E45CE0-FC12-4C14-BF1C-2745307FBF9C}.Release_static_CRT|x64.Build.0 = Release_static_CRT|x64
		{A2E45CE0-FC12-4C14-BF1C-2745307FBF9C}.Release_static_CRT|x86.ActiveCfg = Release_static_CRT|Win32
		{A2E45CE0-FC12-4C14-BF1C-2745307FBF9C}.Release_static_CRT|x86.Build.0 = Release_static_CRT|Win32
	EndGlobalSection
	GlobalSection(SolutionProperties) = preSolution
		HideSolutionNode = FALSE
	EndGlobalSection
	GlobalSection(ExtensibilityGlobals) = postSolution
		SolutionGuid = {8D255105-A606-4B07-9883-BDAD0D5DB0CB}
	EndGlobalSection
EndGlobal
