Microsoft Visual Studio Solution File, Format Version 12.00
# Visual Studio Version 17
VisualStudioVersion = 17.4.33110.190
MinimumVisualStudioVersion = 10.0.40219.1
Project("{8BC9CEB8-8B4A-11D0-8D11-00A0C91BC942}") = "1) ProudNetClientPluginSwig", "ProudNetClientPlugin\ProudNetClientPluginSwig.vcxproj", "{125D8102-08D7-47DD-97A9-D94811073AE1}"
EndProject
Project("{8BC9CEB8-8B4A-11D0-8D11-00A0C91BC942}") = "2) ProudNetServerPluginSwig", "ProudNetServerPlugin\ProudNetServerPluginSwig.vcxproj", "{A5A2F2C9-0E96-473A-9852-6ACE8722AB49}"
EndProject
Project("{8BC9CEB8-8B4A-11D0-8D11-00A0C91BC942}") = "3) ProudNetClientPlugin", "ProudNetClientPlugin\ProudNetClientPlugin.vcxproj", "{32943184-174A-44B9-829A-611D388F8755}"
EndProject
Project("{8BC9CEB8-8B4A-11D0-8D11-00A0C91BC942}") = "4) ProudNetServerPlugin", "ProudNetServerPlugin\ProudNetServerPlugin.vcxproj", "{DCA84AC3-EA14-4E36-9E3C-6C68DB66E06F}"
EndProject
Project("{FAE04EC0-301F-11D3-BF4B-00C04F79EFBC}") = "5) ProudDotNetClient", "ProudDotNetClient\5) ProudDotNetClient.csproj", "{3D67A396-9A2F-4CCC-A329-2683717A3BE0}"
EndProject
Global
	GlobalSection(SolutionConfigurationPlatforms) = preSolution
		Debug_static_CRT|Any CPU = Debug_static_CRT|Any CPU
		Debug_static_CRT|x64 = Debug_static_CRT|x64
		Debug_static_CRT|x86 = Debug_static_CRT|x86
		Debug|Any CPU = Debug|Any CPU
		Debug|x64 = Debug|x64
		Debug|x86 = Debug|x86
		Release_static_CRT|Any CPU = Release_static_CRT|Any CPU
		Release_static_CRT|x64 = Release_static_CRT|x64
		Release_static_CRT|x86 = Release_static_CRT|x86
		Release|Any CPU = Release|Any CPU
		Release|x64 = Release|x64
		Release|x86 = Release|x86
	EndGlobalSection
	GlobalSection(ProjectConfigurationPlatforms) = postSolution
		{125D8102-08D7-47DD-97A9-D94811073AE1}.Debug_static_CRT|Any CPU.ActiveCfg = Debug_static_CRT|x64
		{125D8102-08D7-47DD-97A9-D94811073AE1}.Debug_static_CRT|Any CPU.Build.0 = Debug_static_CRT|x64
		{125D8102-08D7-47DD-97A9-D94811073AE1}.Debug_static_CRT|x64.ActiveCfg = Debug_static_CRT|x64
		{125D8102-08D7-47DD-97A9-D94811073AE1}.Debug_static_CRT|x64.Build.0 = Debug_static_CRT|x64
		{125D8102-08D7-47DD-97A9-D94811073AE1}.Debug_static_CRT|x86.ActiveCfg = Debug_static_CRT|Win32
		{125D8102-08D7-47DD-97A9-D94811073AE1}.Debug_static_CRT|x86.Build.0 = Debug_static_CRT|Win32
		{125D8102-08D7-47DD-97A9-D94811073AE1}.Debug|Any CPU.ActiveCfg = Debug|x64
		{125D8102-08D7-47DD-97A9-D94811073AE1}.Debug|Any CPU.Build.0 = Debug|x64
		{125D8102-08D7-47DD-97A9-D94811073AE1}.Debug|x64.ActiveCfg = Debug|x64
		{125D8102-08D7-47DD-97A9-D94811073AE1}.Debug|x64.Build.0 = Debug|x64
		{125D8102-08D7-47DD-97A9-D94811073AE1}.Debug|x86.ActiveCfg = Debug|Win32
		{125D8102-08D7-47DD-97A9-D94811073AE1}.Debug|x86.Build.0 = Debug|Win32
		{125D8102-08D7-47DD-97A9-D94811073AE1}.Release_static_CRT|Any CPU.ActiveCfg = Release_static_CRT|x64
		{125D8102-08D7-47DD-97A9-D94811073AE1}.Release_static_CRT|Any CPU.Build.0 = Release_static_CRT|x64
		{125D8102-08D7-47DD-97A9-D94811073AE1}.Release_static_CRT|x64.ActiveCfg = Release_static_CRT|x64
		{125D8102-08D7-47DD-97A9-D94811073AE1}.Release_static_CRT|x64.Build.0 = Release_static_CRT|x64
		{125D8102-08D7-47DD-97A9-D94811073AE1}.Release_static_CRT|x86.ActiveCfg = Release_static_CRT|Win32
		{125D8102-08D7-47DD-97A9-D94811073AE1}.Release_static_CRT|x86.Build.0 = Release_static_CRT|Win32
		{125D8102-08D7-47DD-97A9-D94811073AE1}.Release|Any CPU.ActiveCfg = Release|x64
		{125D8102-08D7-47DD-97A9-D94811073AE1}.Release|Any CPU.Build.0 = Release|x64
		{125D8102-08D7-47DD-97A9-D94811073AE1}.Release|x64.ActiveCfg = Release|x64
		{125D8102-08D7-47DD-97A9-D94811073AE1}.Release|x64.Build.0 = Release|x64
		{125D8102-08D7-47DD-97A9-D94811073AE1}.Release|x86.ActiveCfg = Release|Win32
		{125D8102-08D7-47DD-97A9-D94811073AE1}.Release|x86.Build.0 = Release|Win32
		{A5A2F2C9-0E96-473A-9852-6ACE8722AB49}.Debug_static_CRT|Any CPU.ActiveCfg = Debug_static_CRT|x64
		{A5A2F2C9-0E96-473A-9852-6ACE8722AB49}.Debug_static_CRT|Any CPU.Build.0 = Debug_static_CRT|x64
		{A5A2F2C9-0E96-473A-9852-6ACE8722AB49}.Debug_static_CRT|x64.ActiveCfg = Debug_static_CRT|x64
		{A5A2F2C9-0E96-473A-9852-6ACE8722AB49}.Debug_static_CRT|x64.Build.0 = Debug_static_CRT|x64
		{A5A2F2C9-0E96-473A-9852-6ACE8722AB49}.Debug_static_CRT|x86.ActiveCfg = Debug_static_CRT|Win32
		{A5A2F2C9-0E96-473A-9852-6ACE8722AB49}.Debug_static_CRT|x86.Build.0 = Debug_static_CRT|Win32
		{A5A2F2C9-0E96-473A-9852-6ACE8722AB49}.Debug|Any CPU.ActiveCfg = Debug|x64
		{A5A2F2C9-0E96-473A-9852-6ACE8722AB49}.Debug|Any CPU.Build.0 = Debug|x64
		{A5A2F2C9-0E96-473A-9852-6ACE8722AB49}.Debug|x64.ActiveCfg = Debug|x64
		{A5A2F2C9-0E96-473A-9852-6ACE8722AB49}.Debug|x64.Build.0 = Debug|x64
		{A5A2F2C9-0E96-473A-9852-6ACE8722AB49}.Debug|x86.ActiveCfg = Debug|Win32
		{A5A2F2C9-0E96-473A-9852-6ACE8722AB49}.Debug|x86.Build.0 = Debug|Win32
		{A5A2F2C9-0E96-473A-9852-6ACE8722AB49}.Release_static_CRT|Any CPU.ActiveCfg = Release_static_CRT|x64
		{A5A2F2C9-0E96-473A-9852-6ACE8722AB49}.Release_static_CRT|Any CPU.Build.0 = Release_static_CRT|x64
		{A5A2F2C9-0E96-473A-9852-6ACE8722AB49}.Release_static_CRT|x64.ActiveCfg = Release_static_CRT|x64
		{A5A2F2C9-0E96-473A-9852-6ACE8722AB49}.Release_static_CRT|x64.Build.0 = Release_static_CRT|x64
		{A5A2F2C9-0E96-473A-9852-6ACE8722AB49}.Release_static_CRT|x86.ActiveCfg = Release_static_CRT|Win32
		{A5A2F2C9-0E96-473A-9852-6ACE8722AB49}.Release_static_CRT|x86.Build.0 = Release_static_CRT|Win32
		{A5A2F2C9-0E96-473A-9852-6ACE8722AB49}.Release|Any CPU.ActiveCfg = Release|x64
		{A5A2F2C9-0E96-473A-9852-6ACE8722AB49}.Release|Any CPU.Build.0 = Release|x64
		{A5A2F2C9-0E96-473A-9852-6ACE8722AB49}.Release|x64.ActiveCfg = Release|x64
		{A5A2F2C9-0E96-473A-9852-6ACE8722AB49}.Release|x64.Build.0 = Release|x64
		{A5A2F2C9-0E96-473A-9852-6ACE8722AB49}.Release|x86.ActiveCfg = Release|Win32
		{A5A2F2C9-0E96-473A-9852-6ACE8722AB49}.Release|x86.Build.0 = Release|Win32
		{32943184-174A-44B9-829A-611D388F8755}.Debug_static_CRT|Any CPU.ActiveCfg = Debug_static_CRT|x64
		{32943184-174A-44B9-829A-611D388F8755}.Debug_static_CRT|Any CPU.Build.0 = Debug_static_CRT|x64
		{32943184-174A-44B9-829A-611D388F8755}.Debug_static_CRT|x64.ActiveCfg = Debug_static_CRT|x64
		{32943184-174A-44B9-829A-611D388F8755}.Debug_static_CRT|x64.Build.0 = Debug_static_CRT|x64
		{32943184-174A-44B9-829A-611D388F8755}.Debug_static_CRT|x86.ActiveCfg = Debug_static_CRT|Win32
		{32943184-174A-44B9-829A-611D388F8755}.Debug_static_CRT|x86.Build.0 = Debug_static_CRT|Win32
		{32943184-174A-44B9-829A-611D388F8755}.Debug|Any CPU.ActiveCfg = Debug|x64
		{32943184-174A-44B9-829A-611D388F8755}.Debug|Any CPU.Build.0 = Debug|x64
		{32943184-174A-44B9-829A-611D388F8755}.Debug|x64.ActiveCfg = Debug|x64
		{32943184-174A-44B9-829A-611D388F8755}.Debug|x64.Build.0 = Debug|x64
		{32943184-174A-44B9-829A-611D388F8755}.Debug|x86.ActiveCfg = Debug|Win32
		{32943184-174A-44B9-829A-611D388F8755}.Debug|x86.Build.0 = Debug|Win32
		{32943184-174A-44B9-829A-611D388F8755}.Release_static_CRT|Any CPU.ActiveCfg = Release_static_CRT|x64
		{32943184-174A-44B9-829A-611D388F8755}.Release_static_CRT|Any CPU.Build.0 = Release_static_CRT|x64
		{32943184-174A-44B9-829A-611D388F8755}.Release_static_CRT|x64.ActiveCfg = Release_static_CRT|x64
		{32943184-174A-44B9-829A-611D388F8755}.Release_static_CRT|x64.Build.0 = Release_static_CRT|x64
		{32943184-174A-44B9-829A-611D388F8755}.Release_static_CRT|x86.ActiveCfg = Release_static_CRT|Win32
		{32943184-174A-44B9-829A-611D388F8755}.Release_static_CRT|x86.Build.0 = Release_static_CRT|Win32
		{32943184-174A-44B9-829A-611D388F8755}.Release|Any CPU.ActiveCfg = Release|x64
		{32943184-174A-44B9-829A-611D388F8755}.Release|Any CPU.Build.0 = Release|x64
		{32943184-174A-44B9-829A-611D388F8755}.Release|x64.ActiveCfg = Release|x64
		{32943184-174A-44B9-829A-611D388F8755}.Release|x64.Build.0 = Release|x64
		{32943184-174A-44B9-829A-611D388F8755}.Release|x86.ActiveCfg = Release|Win32
		{32943184-174A-44B9-829A-611D388F8755}.Release|x86.Build.0 = Release|Win32
		{DCA84AC3-EA14-4E36-9E3C-6C68DB66E06F}.Debug_static_CRT|Any CPU.ActiveCfg = Debug_static_CRT|x64
		{DCA84AC3-EA14-4E36-9E3C-6C68DB66E06F}.Debug_static_CRT|Any CPU.Build.0 = Debug_static_CRT|x64
		{DCA84AC3-EA14-4E36-9E3C-6C68DB66E06F}.Debug_static_CRT|x64.ActiveCfg = Debug_static_CRT|x64
		{DCA84AC3-EA14-4E36-9E3C-6C68DB66E06F}.Debug_static_CRT|x64.Build.0 = Debug_static_CRT|x64
		{DCA84AC3-EA14-4E36-9E3C-6C68DB66E06F}.Debug_static_CRT|x86.ActiveCfg = Debug_static_CRT|Win32
		{DCA84AC3-EA14-4E36-9E3C-6C68DB66E06F}.Debug_static_CRT|x86.Build.0 = Debug_static_CRT|Win32
		{DCA84AC3-EA14-4E36-9E3C-6C68DB66E06F}.Debug|Any CPU.ActiveCfg = Debug|x64
		{DCA84AC3-EA14-4E36-9E3C-6C68DB66E06F}.Debug|Any CPU.Build.0 = Debug|x64
		{DCA84AC3-EA14-4E36-9E3C-6C68DB66E06F}.Debug|x64.ActiveCfg = Debug|x64
		{DCA84AC3-EA14-4E36-9E3C-6C68DB66E06F}.Debug|x64.Build.0 = Debug|x64
		{DCA84AC3-EA14-4E36-9E3C-6C68DB66E06F}.Debug|x86.ActiveCfg = Debug|Win32
		{DCA84AC3-EA14-4E36-9E3C-6C68DB66E06F}.Debug|x86.Build.0 = Debug|Win32
		{DCA84AC3-EA14-4E36-9E3C-6C68DB66E06F}.Release_static_CRT|Any CPU.ActiveCfg = Release_static_CRT|x64
		{DCA84AC3-EA14-4E36-9E3C-6C68DB66E06F}.Release_static_CRT|Any CPU.Build.0 = Release_static_CRT|x64
		{DCA84AC3-EA14-4E36-9E3C-6C68DB66E06F}.Release_static_CRT|x64.ActiveCfg = Release_static_CRT|x64
		{DCA84AC3-EA14-4E36-9E3C-6C68DB66E06F}.Release_static_CRT|x64.Build.0 = Release_static_CRT|x64
		{DCA84AC3-EA14-4E36-9E3C-6C68DB66E06F}.Release_static_CRT|x86.ActiveCfg = Release_static_CRT|Win32
		{DCA84AC3-EA14-4E36-9E3C-6C68DB66E06F}.Release_static_CRT|x86.Build.0 = Release_static_CRT|Win32
		{DCA84AC3-EA14-4E36-9E3C-6C68DB66E06F}.Release|Any CPU.ActiveCfg = Release|x64
		{DCA84AC3-EA14-4E36-9E3C-6C68DB66E06F}.Release|Any CPU.Build.0 = Release|x64
		{DCA84AC3-EA14-4E36-9E3C-6C68DB66E06F}.Release|x64.ActiveCfg = Release|x64
		{DCA84AC3-EA14-4E36-9E3C-6C68DB66E06F}.Release|x64.Build.0 = Release|x64
		{DCA84AC3-EA14-4E36-9E3C-6C68DB66E06F}.Release|x86.ActiveCfg = Release|Win32
		{DCA84AC3-EA14-4E36-9E3C-6C68DB66E06F}.Release|x86.Build.0 = Release|Win32
		{3D67A396-9A2F-4CCC-A329-2683717A3BE0}.Debug_static_CRT|Any CPU.ActiveCfg = Debug|Any CPU
		{3D67A396-9A2F-4CCC-A329-2683717A3BE0}.Debug_static_CRT|Any CPU.Build.0 = Debug|Any CPU
		{3D67A396-9A2F-4CCC-A329-2683717A3BE0}.Debug_static_CRT|x64.ActiveCfg = Debug|Any CPU
		{3D67A396-9A2F-4CCC-A329-2683717A3BE0}.Debug_static_CRT|x64.Build.0 = Debug|Any CPU
		{3D67A396-9A2F-4CCC-A329-2683717A3BE0}.Debug_static_CRT|x86.ActiveCfg = Debug|Any CPU
		{3D67A396-9A2F-4CCC-A329-2683717A3BE0}.Debug_static_CRT|x86.Build.0 = Debug|Any CPU
		{3D67A396-9A2F-4CCC-A329-2683717A3BE0}.Debug|Any CPU.ActiveCfg = Debug|Any CPU
		{3D67A396-9A2F-4CCC-A329-2683717A3BE0}.Debug|Any CPU.Build.0 = Debug|Any CPU
		{3D67A396-9A2F-4CCC-A329-2683717A3BE0}.Debug|x64.ActiveCfg = Debug|Any CPU
		{3D67A396-9A2F-4CCC-A329-2683717A3BE0}.Debug|x64.Build.0 = Debug|Any CPU
		{3D67A396-9A2F-4CCC-A329-2683717A3BE0}.Debug|x86.ActiveCfg = Debug|Any CPU
		{3D67A396-9A2F-4CCC-A329-2683717A3BE0}.Debug|x86.Build.0 = Debug|Any CPU
		{3D67A396-9A2F-4CCC-A329-2683717A3BE0}.Release_static_CRT|Any CPU.ActiveCfg = Release|Any CPU
		{3D67A396-9A2F-4CCC-A329-2683717A3BE0}.Release_static_CRT|Any CPU.Build.0 = Release|Any CPU
		{3D67A396-9A2F-4CCC-A329-2683717A3BE0}.Release_static_CRT|x64.ActiveCfg = Release|Any CPU
		{3D67A396-9A2F-4CCC-A329-2683717A3BE0}.Release_static_CRT|x64.Build.0 = Release|Any CPU
		{3D67A396-9A2F-4CCC-A329-2683717A3BE0}.Release_static_CRT|x86.ActiveCfg = Release|Any CPU
		{3D67A396-9A2F-4CCC-A329-2683717A3BE0}.Release_static_CRT|x86.Build.0 = Release|Any CPU
		{3D67A396-9A2F-4CCC-A329-2683717A3BE0}.Release|Any CPU.ActiveCfg = Release|Any CPU
		{3D67A396-9A2F-4CCC-A329-2683717A3BE0}.Release|Any CPU.Build.0 = Release|Any CPU
		{3D67A396-9A2F-4CCC-A329-2683717A3BE0}.Release|x64.ActiveCfg = Release|Any CPU
		{3D67A396-9A2F-4CCC-A329-2683717A3BE0}.Release|x64.Build.0 = Release|Any CPU
		{3D67A396-9A2F-4CCC-A329-2683717A3BE0}.Release|x86.ActiveCfg = Release|Any CPU
		{3D67A396-9A2F-4CCC-A329-2683717A3BE0}.Release|x86.Build.0 = Release|Any CPU
	EndGlobalSection
	GlobalSection(SolutionProperties) = preSolution
		HideSolutionNode = FALSE
	EndGlobalSection
	GlobalSection(ExtensibilityGlobals) = postSolution
		SolutionGuid = {560B053C-0858-430D-BAA8-402EF28C4143}
	EndGlobalSection
EndGlobal
