<?xml version="1.0" encoding="utf-8"?>
<Project ToolsVersion="16.0" xmlns="http://schemas.microsoft.com/developer/msbuild/2003">
  <ItemGroup>
    <ClInclude Include="D:\Projects\local\pn1\Release-0.1.11111-test\ProudNet\include\AddrPort.h">
      <Filter>Header Files</Filter>
    </ClInclude>
    <ClInclude Include="D:\Projects\local\pn1\Release-0.1.11111-test\ProudNet\include\AdoWrap.h">
      <Filter>Header Files</Filter>
    </ClInclude>
    <ClInclude Include="D:\Projects\local\pn1\Release-0.1.11111-test\ProudNet\include\AgentCommon.h">
      <Filter>Header Files</Filter>
    </ClInclude>
    <ClInclude Include="D:\Projects\local\pn1\Release-0.1.11111-test\ProudNet\include\AtlDependent.inl">
      <Filter>Header Files</Filter>
    </ClInclude>
    <ClInclude Include="D:\Projects\local\pn1\Release-0.1.11111-test\ProudNet\include\Base64Encode.h">
      <Filter>Header Files</Filter>
    </ClInclude>
    <ClInclude Include="D:\Projects\local\pn1\Release-0.1.11111-test\ProudNet\include\BasicTypes.h">
      <Filter>Header Files</Filter>
    </ClInclude>
    <ClInclude Include="D:\Projects\local\pn1\Release-0.1.11111-test\ProudNet\include\Behavior.h">
      <Filter>Header Files</Filter>
    </ClInclude>
    <ClInclude Include="D:\Projects\local\pn1\Release-0.1.11111-test\ProudNet\include\BiasManagedPointer.h">
      <Filter>Header Files</Filter>
    </ClInclude>
    <ClInclude Include="D:\Projects\local\pn1\Release-0.1.11111-test\ProudNet\include\BiasManagedPointer.inl">
      <Filter>Header Files</Filter>
    </ClInclude>
    <ClInclude Include="D:\Projects\local\pn1\Release-0.1.11111-test\ProudNet\include\ByteArray.h">
      <Filter>Header Files</Filter>
    </ClInclude>
    <ClInclude Include="D:\Projects\local\pn1\Release-0.1.11111-test\ProudNet\include\ByteArrayPtr.h">
      <Filter>Header Files</Filter>
    </ClInclude>
    <ClInclude Include="D:\Projects\local\pn1\Release-0.1.11111-test\ProudNet\include\CallCtorDtor.h">
      <Filter>Header Files</Filter>
    </ClInclude>
    <ClInclude Include="D:\Projects\local\pn1\Release-0.1.11111-test\ProudNet\include\CallbackContext.h">
      <Filter>Header Files</Filter>
    </ClInclude>
    <ClInclude Include="D:\Projects\local\pn1\Release-0.1.11111-test\ProudNet\include\ClassBehavior.h">
      <Filter>Header Files</Filter>
    </ClInclude>
    <ClInclude Include="D:\Projects\local\pn1\Release-0.1.11111-test\ProudNet\include\CoInit.h">
      <Filter>Header Files</Filter>
    </ClInclude>
    <ClInclude Include="D:\Projects\local\pn1\Release-0.1.11111-test\ProudNet\include\CompactScalarValue.h">
      <Filter>Header Files</Filter>
    </ClInclude>
    <ClInclude Include="D:\Projects\local\pn1\Release-0.1.11111-test\ProudNet\include\CompressEnum.h">
      <Filter>Header Files</Filter>
    </ClInclude>
    <ClInclude Include="D:\Projects\local\pn1\Release-0.1.11111-test\ProudNet\include\ConnectParam.h">
      <Filter>Header Files</Filter>
    </ClInclude>
    <ClInclude Include="D:\Projects\local\pn1\Release-0.1.11111-test\ProudNet\include\CriticalSect.h">
      <Filter>Header Files</Filter>
    </ClInclude>
    <ClInclude Include="D:\Projects\local\pn1\Release-0.1.11111-test\ProudNet\include\CryptoAes.h">
      <Filter>Header Files</Filter>
    </ClInclude>
    <ClInclude Include="D:\Projects\local\pn1\Release-0.1.11111-test\ProudNet\include\CryptoFast.h">
      <Filter>Header Files</Filter>
    </ClInclude>
    <ClInclude Include="D:\Projects\local\pn1\Release-0.1.11111-test\ProudNet\include\CryptoRsa.h">
      <Filter>Header Files</Filter>
    </ClInclude>
    <ClInclude Include="D:\Projects\local\pn1\Release-0.1.11111-test\ProudNet\include\DbCacheClient.h">
      <Filter>Header Files</Filter>
    </ClInclude>
    <ClInclude Include="D:\Projects\local\pn1\Release-0.1.11111-test\ProudNet\include\DbCacheClient2.h">
      <Filter>Header Files</Filter>
    </ClInclude>
    <ClInclude Include="D:\Projects\local\pn1\Release-0.1.11111-test\ProudNet\include\DbCacheServer.h">
      <Filter>Header Files</Filter>
    </ClInclude>
    <ClInclude Include="D:\Projects\local\pn1\Release-0.1.11111-test\ProudNet\include\DbCacheServer2.h">
      <Filter>Header Files</Filter>
    </ClInclude>
    <ClInclude Include="D:\Projects\local\pn1\Release-0.1.11111-test\ProudNet\include\DbLoadedData.h">
      <Filter>Header Files</Filter>
    </ClInclude>
    <ClInclude Include="D:\Projects\local\pn1\Release-0.1.11111-test\ProudNet\include\DbLoadedData2.h">
      <Filter>Header Files</Filter>
    </ClInclude>
    <ClInclude Include="D:\Projects\local\pn1\Release-0.1.11111-test\ProudNet\include\DbLogWriter.h">
      <Filter>Header Files</Filter>
    </ClInclude>
    <ClInclude Include="D:\Projects\local\pn1\Release-0.1.11111-test\ProudNet\include\Deque.h">
      <Filter>Header Files</Filter>
    </ClInclude>
    <ClInclude Include="D:\Projects\local\pn1\Release-0.1.11111-test\ProudNet\include\DumpClient.h">
      <Filter>Header Files</Filter>
    </ClInclude>
    <ClInclude Include="D:\Projects\local\pn1\Release-0.1.11111-test\ProudNet\include\DumpServer.h">
      <Filter>Header Files</Filter>
    </ClInclude>
    <ClInclude Include="D:\Projects\local\pn1\Release-0.1.11111-test\ProudNet\include\EmergencyLogCommon.h">
      <Filter>Header Files</Filter>
    </ClInclude>
    <ClInclude Include="D:\Projects\local\pn1\Release-0.1.11111-test\ProudNet\include\EmergencyLogServer.h">
      <Filter>Header Files</Filter>
    </ClInclude>
    <ClInclude Include="D:\Projects\local\pn1\Release-0.1.11111-test\ProudNet\include\EncryptEnum.h">
      <Filter>Header Files</Filter>
    </ClInclude>
    <ClInclude Include="D:\Projects\local\pn1\Release-0.1.11111-test\ProudNet\include\Enums.h">
      <Filter>Header Files</Filter>
    </ClInclude>
    <ClInclude Include="D:\Projects\local\pn1\Release-0.1.11111-test\ProudNet\include\ErrorInfo.h">
      <Filter>Header Files</Filter>
    </ClInclude>
    <ClInclude Include="D:\Projects\local\pn1\Release-0.1.11111-test\ProudNet\include\Event.h">
      <Filter>Header Files</Filter>
    </ClInclude>
    <ClInclude Include="D:\Projects\local\pn1\Release-0.1.11111-test\ProudNet\include\Exception.h">
      <Filter>Header Files</Filter>
    </ClInclude>
    <ClInclude Include="D:\Projects\local\pn1\Release-0.1.11111-test\ProudNet\include\ExternalBufferArray.h">
      <Filter>Header Files</Filter>
    </ClInclude>
    <ClInclude Include="D:\Projects\local\pn1\Release-0.1.11111-test\ProudNet\include\FakeCLRRandom.h">
      <Filter>Header Files</Filter>
    </ClInclude>
    <ClInclude Include="D:\Projects\local\pn1\Release-0.1.11111-test\ProudNet\include\FakeClr.h">
      <Filter>Header Files</Filter>
    </ClInclude>
    <ClInclude Include="D:\Projects\local\pn1\Release-0.1.11111-test\ProudNet\include\FakeClrBase.h">
      <Filter>Header Files</Filter>
    </ClInclude>
    <ClInclude Include="D:\Projects\local\pn1\Release-0.1.11111-test\ProudNet\include\FastArray.h">
      <Filter>Header Files</Filter>
    </ClInclude>
    <ClInclude Include="D:\Projects\local\pn1\Release-0.1.11111-test\ProudNet\include\FastArrayPtr.h">
      <Filter>Header Files</Filter>
    </ClInclude>
    <ClInclude Include="D:\Projects\local\pn1\Release-0.1.11111-test\ProudNet\include\FastColl.h">
      <Filter>Header Files</Filter>
    </ClInclude>
    <ClInclude Include="D:\Projects\local\pn1\Release-0.1.11111-test\ProudNet\include\FastHeap.h">
      <Filter>Header Files</Filter>
    </ClInclude>
    <ClInclude Include="D:\Projects\local\pn1\Release-0.1.11111-test\ProudNet\include\FastHeapSettings.h">
      <Filter>Header Files</Filter>
    </ClInclude>
    <ClInclude Include="D:\Projects\local\pn1\Release-0.1.11111-test\ProudNet\include\FastList.h">
      <Filter>Header Files</Filter>
    </ClInclude>
    <ClInclude Include="D:\Projects\local\pn1\Release-0.1.11111-test\ProudNet\include\FastMap.h">
      <Filter>Header Files</Filter>
    </ClInclude>
    <ClInclude Include="D:\Projects\local\pn1\Release-0.1.11111-test\ProudNet\include\FastRefCount.h">
      <Filter>Header Files</Filter>
    </ClInclude>
    <ClInclude Include="D:\Projects\local\pn1\Release-0.1.11111-test\ProudNet\include\FastSet.h">
      <Filter>Header Files</Filter>
    </ClInclude>
    <ClInclude Include="D:\Projects\local\pn1\Release-0.1.11111-test\ProudNet\include\FixedLengthArray.h">
      <Filter>Header Files</Filter>
    </ClInclude>
    <ClInclude Include="D:\Projects\local\pn1\Release-0.1.11111-test\ProudNet\include\HashString.h">
      <Filter>Header Files</Filter>
    </ClInclude>
    <ClInclude Include="D:\Projects\local\pn1\Release-0.1.11111-test\ProudNet\include\HlaDef.h">
      <Filter>Header Files</Filter>
    </ClInclude>
    <ClInclude Include="D:\Projects\local\pn1\Release-0.1.11111-test\ProudNet\include\HlaDelagate_Common.h">
      <Filter>Header Files</Filter>
    </ClInclude>
    <ClInclude Include="D:\Projects\local\pn1\Release-0.1.11111-test\ProudNet\include\HlaEntity_C.h">
      <Filter>Header Files</Filter>
    </ClInclude>
    <ClInclude Include="D:\Projects\local\pn1\Release-0.1.11111-test\ProudNet\include\HlaEntity_S.h">
      <Filter>Header Files</Filter>
    </ClInclude>
    <ClInclude Include="D:\Projects\local\pn1\Release-0.1.11111-test\ProudNet\include\HlaField.h">
      <Filter>Header Files</Filter>
    </ClInclude>
    <ClInclude Include="D:\Projects\local\pn1\Release-0.1.11111-test\ProudNet\include\HlaHost_C.h">
      <Filter>Header Files</Filter>
    </ClInclude>
    <ClInclude Include="D:\Projects\local\pn1\Release-0.1.11111-test\ProudNet\include\HlaHost_S.h">
      <Filter>Header Files</Filter>
    </ClInclude>
    <ClInclude Include="D:\Projects\local\pn1\Release-0.1.11111-test\ProudNet\include\HlaRuntime.h">
      <Filter>Header Files</Filter>
    </ClInclude>
    <ClInclude Include="D:\Projects\local\pn1\Release-0.1.11111-test\ProudNet\include\HlaSpace_S.h">
      <Filter>Header Files</Filter>
    </ClInclude>
    <ClInclude Include="D:\Projects\local\pn1\Release-0.1.11111-test\ProudNet\include\Hla_C.h">
      <Filter>Header Files</Filter>
    </ClInclude>
    <ClInclude Include="D:\Projects\local\pn1\Release-0.1.11111-test\ProudNet\include\Hla_S.h">
      <Filter>Header Files</Filter>
    </ClInclude>
    <ClInclude Include="D:\Projects\local\pn1\Release-0.1.11111-test\ProudNet\include\HostIDArray.h">
      <Filter>Header Files</Filter>
    </ClInclude>
    <ClInclude Include="D:\Projects\local\pn1\Release-0.1.11111-test\ProudNet\include\INetClientEvent.h">
      <Filter>Header Files</Filter>
    </ClInclude>
    <ClInclude Include="D:\Projects\local\pn1\Release-0.1.11111-test\ProudNet\include\INetCoreEvent.h">
      <Filter>Header Files</Filter>
    </ClInclude>
    <ClInclude Include="D:\Projects\local\pn1\Release-0.1.11111-test\ProudNet\include\INetServerEvent.h">
      <Filter>Header Files</Filter>
    </ClInclude>
    <ClInclude Include="D:\Projects\local\pn1\Release-0.1.11111-test\ProudNet\include\IRMIProxy.h">
      <Filter>Header Files</Filter>
    </ClInclude>
    <ClInclude Include="D:\Projects\local\pn1\Release-0.1.11111-test\ProudNet\include\IRMIStub.h">
      <Filter>Header Files</Filter>
    </ClInclude>
    <ClInclude Include="D:\Projects\local\pn1\Release-0.1.11111-test\ProudNet\include\IRmiHost.h">
      <Filter>Header Files</Filter>
    </ClInclude>
    <ClInclude Include="D:\Projects\local\pn1\Release-0.1.11111-test\ProudNet\include\LambdaEventHandler.h">
      <Filter>Header Files</Filter>
    </ClInclude>
    <ClInclude Include="D:\Projects\local\pn1\Release-0.1.11111-test\ProudNet\include\LambdaWrap.h">
      <Filter>Header Files</Filter>
    </ClInclude>
    <ClInclude Include="D:\Projects\local\pn1\Release-0.1.11111-test\ProudNet\include\ListNode.h">
      <Filter>Header Files</Filter>
    </ClInclude>
    <ClInclude Include="D:\Projects\local\pn1\Release-0.1.11111-test\ProudNet\include\LookasideAllocator.h">
      <Filter>Header Files</Filter>
    </ClInclude>
    <ClInclude Include="D:\Projects\local\pn1\Release-0.1.11111-test\ProudNet\include\Marshaler.h">
      <Filter>Header Files</Filter>
    </ClInclude>
    <ClInclude Include="D:\Projects\local\pn1\Release-0.1.11111-test\ProudNet\include\Message.h">
      <Filter>Header Files</Filter>
    </ClInclude>
    <ClInclude Include="D:\Projects\local\pn1\Release-0.1.11111-test\ProudNet\include\Message.inl">
      <Filter>Header Files</Filter>
    </ClInclude>
    <ClInclude Include="D:\Projects\local\pn1\Release-0.1.11111-test\ProudNet\include\MessageSummary.h">
      <Filter>Header Files</Filter>
    </ClInclude>
    <ClInclude Include="D:\Projects\local\pn1\Release-0.1.11111-test\ProudNet\include\MfcDependent.inl">
      <Filter>Header Files</Filter>
    </ClInclude>
    <ClInclude Include="D:\Projects\local\pn1\Release-0.1.11111-test\ProudNet\include\MilisecTimer.h">
      <Filter>Header Files</Filter>
    </ClInclude>
    <ClInclude Include="D:\Projects\local\pn1\Release-0.1.11111-test\ProudNet\include\MiniDumpAction.h">
      <Filter>Header Files</Filter>
    </ClInclude>
    <ClInclude Include="D:\Projects\local\pn1\Release-0.1.11111-test\ProudNet\include\MiniDumper.h">
      <Filter>Header Files</Filter>
    </ClInclude>
    <ClInclude Include="D:\Projects\local\pn1\Release-0.1.11111-test\ProudNet\include\NTService.h">
      <Filter>Header Files</Filter>
    </ClInclude>
    <ClInclude Include="D:\Projects\local\pn1\Release-0.1.11111-test\ProudNet\include\NTServiceStartParameter.h">
      <Filter>Header Files</Filter>
    </ClInclude>
    <ClInclude Include="D:\Projects\local\pn1\Release-0.1.11111-test\ProudNet\include\NdkLog.h">
      <Filter>Header Files</Filter>
    </ClInclude>
    <ClInclude Include="D:\Projects\local\pn1\Release-0.1.11111-test\ProudNet\include\NetClientInfo.h">
      <Filter>Header Files</Filter>
    </ClInclude>
    <ClInclude Include="D:\Projects\local\pn1\Release-0.1.11111-test\ProudNet\include\NetClientInterface.h">
      <Filter>Header Files</Filter>
    </ClInclude>
    <ClInclude Include="D:\Projects\local\pn1\Release-0.1.11111-test\ProudNet\include\NetClientStats.h">
      <Filter>Header Files</Filter>
    </ClInclude>
    <ClInclude Include="D:\Projects\local\pn1\Release-0.1.11111-test\ProudNet\include\NetConfig.h">
      <Filter>Header Files</Filter>
    </ClInclude>
    <ClInclude Include="D:\Projects\local\pn1\Release-0.1.11111-test\ProudNet\include\NetCoreStats.h">
      <Filter>Header Files</Filter>
    </ClInclude>
    <ClInclude Include="D:\Projects\local\pn1\Release-0.1.11111-test\ProudNet\include\NetPeerInfo.h">
      <Filter>Header Files</Filter>
    </ClInclude>
    <ClInclude Include="D:\Projects\local\pn1\Release-0.1.11111-test\ProudNet\include\NetPtr.h">
      <Filter>Header Files</Filter>
    </ClInclude>
    <ClInclude Include="D:\Projects\local\pn1\Release-0.1.11111-test\ProudNet\include\NetServerInterface.h">
      <Filter>Header Files</Filter>
    </ClInclude>
    <ClInclude Include="D:\Projects\local\pn1\Release-0.1.11111-test\ProudNet\include\NetServerStats.h">
      <Filter>Header Files</Filter>
    </ClInclude>
    <ClInclude Include="D:\Projects\local\pn1\Release-0.1.11111-test\ProudNet\include\NetStartServerParameter.h">
      <Filter>Header Files</Filter>
    </ClInclude>
    <ClInclude Include="D:\Projects\local\pn1\Release-0.1.11111-test\ProudNet\include\NetVariant.h">
      <Filter>Header Files</Filter>
    </ClInclude>
    <ClInclude Include="D:\Projects\local\pn1\Release-0.1.11111-test\ProudNet\include\NetVariant.inl">
      <Filter>Header Files</Filter>
    </ClInclude>
    <ClInclude Include="D:\Projects\local\pn1\Release-0.1.11111-test\ProudNet\include\OdbcByteData.h">
      <Filter>Header Files</Filter>
    </ClInclude>
    <ClInclude Include="D:\Projects\local\pn1\Release-0.1.11111-test\ProudNet\include\OdbcCommand.h">
      <Filter>Header Files</Filter>
    </ClInclude>
    <ClInclude Include="D:\Projects\local\pn1\Release-0.1.11111-test\ProudNet\include\OdbcConnection.h">
      <Filter>Header Files</Filter>
    </ClInclude>
    <ClInclude Include="D:\Projects\local\pn1\Release-0.1.11111-test\ProudNet\include\OdbcEnum.h">
      <Filter>Header Files</Filter>
    </ClInclude>
    <ClInclude Include="D:\Projects\local\pn1\Release-0.1.11111-test\ProudNet\include\OdbcException.h">
      <Filter>Header Files</Filter>
    </ClInclude>
    <ClInclude Include="D:\Projects\local\pn1\Release-0.1.11111-test\ProudNet\include\OdbcRecordset.h">
      <Filter>Header Files</Filter>
    </ClInclude>
    <ClInclude Include="D:\Projects\local\pn1\Release-0.1.11111-test\ProudNet\include\OdbcVariant.h">
      <Filter>Header Files</Filter>
    </ClInclude>
    <ClInclude Include="D:\Projects\local\pn1\Release-0.1.11111-test\ProudNet\include\OdbcWrap.h">
      <Filter>Header Files</Filter>
    </ClInclude>
    <ClInclude Include="D:\Projects\local\pn1\Release-0.1.11111-test\ProudNet\include\OrbisIPv6.h">
      <Filter>Header Files</Filter>
    </ClInclude>
    <ClInclude Include="D:\Projects\local\pn1\Release-0.1.11111-test\ProudNet\include\P2PGroup.h">
      <Filter>Header Files</Filter>
    </ClInclude>
    <ClInclude Include="D:\Projects\local\pn1\Release-0.1.11111-test\ProudNet\include\PNCrc.h">
      <Filter>Header Files</Filter>
    </ClInclude>
    <ClInclude Include="D:\Projects\local\pn1\Release-0.1.11111-test\ProudNet\include\PNElementTraits.h">
      <Filter>Header Files</Filter>
    </ClInclude>
    <ClInclude Include="D:\Projects\local\pn1\Release-0.1.11111-test\ProudNet\include\PNPath.h">
      <Filter>Header Files</Filter>
    </ClInclude>
    <ClInclude Include="D:\Projects\local\pn1\Release-0.1.11111-test\ProudNet\include\PNSemaphore.h">
      <Filter>Header Files</Filter>
    </ClInclude>
    <ClInclude Include="D:\Projects\local\pn1\Release-0.1.11111-test\ProudNet\include\PNString.h">
      <Filter>Header Files</Filter>
    </ClInclude>
    <ClInclude Include="D:\Projects\local\pn1\Release-0.1.11111-test\ProudNet\include\PNStringTraits.h">
      <Filter>Header Files</Filter>
    </ClInclude>
    <ClInclude Include="D:\Projects\local\pn1\Release-0.1.11111-test\ProudNet\include\PNStringTraitsImpl.inl">
      <Filter>Header Files</Filter>
    </ClInclude>
    <ClInclude Include="D:\Projects\local\pn1\Release-0.1.11111-test\ProudNet\include\PnThread.h">
      <Filter>Header Files</Filter>
    </ClInclude>
    <ClInclude Include="D:\Projects\local\pn1\Release-0.1.11111-test\ProudNet\include\PnTime.h">
      <Filter>Header Files</Filter>
    </ClInclude>
    <ClInclude Include="D:\Projects\local\pn1\Release-0.1.11111-test\ProudNet\include\ProcHeap.h">
      <Filter>Header Files</Filter>
    </ClInclude>
    <ClInclude Include="D:\Projects\local\pn1\Release-0.1.11111-test\ProudNet\include\PropNode.h">
      <Filter>Header Files</Filter>
    </ClInclude>
    <ClInclude Include="D:\Projects\local\pn1\Release-0.1.11111-test\ProudNet\include\ProudDB.h">
      <Filter>Header Files</Filter>
    </ClInclude>
    <ClInclude Include="D:\Projects\local\pn1\Release-0.1.11111-test\ProudNet\include\ProudNetClient.h">
      <Filter>Header Files</Filter>
    </ClInclude>
    <ClInclude Include="D:\Projects\local\pn1\Release-0.1.11111-test\ProudNet\include\ProudNetCommon.h">
      <Filter>Header Files</Filter>
    </ClInclude>
    <ClInclude Include="D:\Projects\local\pn1\Release-0.1.11111-test\ProudNet\include\ProudNetServer.h">
      <Filter>Header Files</Filter>
    </ClInclude>
    <ClInclude Include="D:\Projects\local\pn1\Release-0.1.11111-test\ProudNet\include\Ptr.h">
      <Filter>Header Files</Filter>
    </ClInclude>
    <ClInclude Include="D:\Projects\local\pn1\Release-0.1.11111-test\ProudNet\include\Quantizer.h">
      <Filter>Header Files</Filter>
    </ClInclude>
    <ClInclude Include="D:\Projects\local\pn1\Release-0.1.11111-test\ProudNet\include\RMIContext.h">
      <Filter>Header Files</Filter>
    </ClInclude>
    <ClInclude Include="D:\Projects\local\pn1\Release-0.1.11111-test\ProudNet\include\Random.h">
      <Filter>Header Files</Filter>
    </ClInclude>
    <ClInclude Include="D:\Projects\local\pn1\Release-0.1.11111-test\ProudNet\include\ReaderWriterMonitor.h">
      <Filter>Header Files</Filter>
    </ClInclude>
    <ClInclude Include="D:\Projects\local\pn1\Release-0.1.11111-test\ProudNet\include\ReceivedMessage.h">
      <Filter>Header Files</Filter>
    </ClInclude>
    <ClInclude Include="D:\Projects\local\pn1\Release-0.1.11111-test\ProudNet\include\RecycleNumerFactoryT.h">
      <Filter>Header Files</Filter>
    </ClInclude>
    <ClInclude Include="D:\Projects\local\pn1\Release-0.1.11111-test\ProudNet\include\Relayer.h">
      <Filter>Header Files</Filter>
    </ClInclude>
    <ClInclude Include="D:\Projects\local\pn1\Release-0.1.11111-test\ProudNet\include\RmiContext.inl">
      <Filter>Header Files</Filter>
    </ClInclude>
    <ClInclude Include="D:\Projects\local\pn1\Release-0.1.11111-test\ProudNet\include\RoundTripLatencyTest.h">
      <Filter>Header Files</Filter>
    </ClInclude>
    <ClInclude Include="D:\Projects\local\pn1\Release-0.1.11111-test\ProudNet\include\STLMarshal.inl">
      <Filter>Header Files</Filter>
    </ClInclude>
    <ClInclude Include="D:\Projects\local\pn1\Release-0.1.11111-test\ProudNet\include\SafeMemory.h">
      <Filter>Header Files</Filter>
    </ClInclude>
    <ClInclude Include="D:\Projects\local\pn1\Release-0.1.11111-test\ProudNet\include\SafeMemoryCRT.h">
      <Filter>Header Files</Filter>
    </ClInclude>
    <ClInclude Include="D:\Projects\local\pn1\Release-0.1.11111-test\ProudNet\include\SendData.h">
      <Filter>Header Files</Filter>
    </ClInclude>
    <ClInclude Include="D:\Projects\local\pn1\Release-0.1.11111-test\ProudNet\include\ServerParam.h">
      <Filter>Header Files</Filter>
    </ClInclude>
    <ClInclude Include="D:\Projects\local\pn1\Release-0.1.11111-test\ProudNet\include\ServerUdpAssignMode.h">
      <Filter>Header Files</Filter>
    </ClInclude>
    <ClInclude Include="D:\Projects\local\pn1\Release-0.1.11111-test\ProudNet\include\Singleton.h">
      <Filter>Header Files</Filter>
    </ClInclude>
    <ClInclude Include="D:\Projects\local\pn1\Release-0.1.11111-test\ProudNet\include\SocketEnum.h">
      <Filter>Header Files</Filter>
    </ClInclude>
    <ClInclude Include="D:\Projects\local\pn1\Release-0.1.11111-test\ProudNet\include\SocketInterface.h">
      <Filter>Header Files</Filter>
    </ClInclude>
    <ClInclude Include="D:\Projects\local\pn1\Release-0.1.11111-test\ProudNet\include\StackNew.h">
      <Filter>Header Files</Filter>
    </ClInclude>
    <ClInclude Include="D:\Projects\local\pn1\Release-0.1.11111-test\ProudNet\include\StartServerParameterBase.h">
      <Filter>Header Files</Filter>
    </ClInclude>
    <ClInclude Include="D:\Projects\local\pn1\Release-0.1.11111-test\ProudNet\include\StringEncoder.h">
      <Filter>Header Files</Filter>
    </ClInclude>
    <ClInclude Include="D:\Projects\local\pn1\Release-0.1.11111-test\ProudNet\include\SysTime.h">
      <Filter>Header Files</Filter>
    </ClInclude>
    <ClInclude Include="D:\Projects\local\pn1\Release-0.1.11111-test\ProudNet\include\ThreadPool.h">
      <Filter>Header Files</Filter>
    </ClInclude>
    <ClInclude Include="D:\Projects\local\pn1\Release-0.1.11111-test\ProudNet\include\ThreadUtil.h">
      <Filter>Header Files</Filter>
    </ClInclude>
    <ClInclude Include="D:\Projects\local\pn1\Release-0.1.11111-test\ProudNet\include\TimeUtil.h">
      <Filter>Header Files</Filter>
    </ClInclude>
    <ClInclude Include="D:\Projects\local\pn1\Release-0.1.11111-test\ProudNet\include\TimerThread.h">
      <Filter>Header Files</Filter>
    </ClInclude>
    <ClInclude Include="D:\Projects\local\pn1\Release-0.1.11111-test\ProudNet\include\Tracer.h">
      <Filter>Header Files</Filter>
    </ClInclude>
    <ClInclude Include="D:\Projects\local\pn1\Release-0.1.11111-test\ProudNet\include\UnsafeMem.h">
      <Filter>Header Files</Filter>
    </ClInclude>
    <ClInclude Include="D:\Projects\local\pn1\Release-0.1.11111-test\ProudNet\include\Variant.h">
      <Filter>Header Files</Filter>
    </ClInclude>
    <ClInclude Include="D:\Projects\local\pn1\Release-0.1.11111-test\ProudNet\include\acr.h">
      <Filter>Header Files</Filter>
    </ClInclude>
    <ClInclude Include="D:\Projects\local\pn1\Release-0.1.11111-test\ProudNet\include\atomic.h">
      <Filter>Header Files</Filter>
    </ClInclude>
    <ClInclude Include="D:\Projects\local\pn1\Release-0.1.11111-test\ProudNet\include\d3dxmarshal.inl">
      <Filter>Header Files</Filter>
    </ClInclude>
    <ClInclude Include="D:\Projects\local\pn1\Release-0.1.11111-test\ProudNet\include\dbenums.h">
      <Filter>Header Files</Filter>
    </ClInclude>
    <ClInclude Include="D:\Projects\local\pn1\Release-0.1.11111-test\ProudNet\include\dumpcommon.h">
      <Filter>Header Files</Filter>
    </ClInclude>
    <ClInclude Include="D:\Projects\local\pn1\Release-0.1.11111-test\ProudNet\include\favorite.h">
      <Filter>Header Files</Filter>
    </ClInclude>
    <ClInclude Include="D:\Projects\local\pn1\Release-0.1.11111-test\ProudNet\include\numutil.h">
      <Filter>Header Files</Filter>
    </ClInclude>
    <ClInclude Include="D:\Projects\local\pn1\Release-0.1.11111-test\ProudNet\include\pndefine.h">
      <Filter>Header Files</Filter>
    </ClInclude>
    <ClInclude Include="D:\Projects\local\pn1\Release-0.1.11111-test\ProudNet\include\pnguid-win32.h">
      <Filter>Header Files</Filter>
    </ClInclude>
    <ClInclude Include="D:\Projects\local\pn1\Release-0.1.11111-test\ProudNet\include\pnguid.h">
      <Filter>Header Files</Filter>
    </ClInclude>
    <ClInclude Include="D:\Projects\local\pn1\Release-0.1.11111-test\ProudNet\include\pnmutex.h">
      <Filter>Header Files</Filter>
    </ClInclude>
    <ClInclude Include="D:\Projects\local\pn1\Release-0.1.11111-test\ProudNet\include\pnstdint.h">
      <Filter>Header Files</Filter>
    </ClInclude>
    <ClInclude Include="D:\Projects\local\pn1\Release-0.1.11111-test\ProudNet\include\pntchar.h">
      <Filter>Header Files</Filter>
    </ClInclude>
    <ClInclude Include="D:\Projects\local\pn1\Release-0.1.11111-test\ProudNet\include\quicksort.h">
      <Filter>Header Files</Filter>
    </ClInclude>
    <ClInclude Include="D:\Projects\local\pn1\Release-0.1.11111-test\ProudNet\include\stacktrace.h">
      <Filter>Header Files</Filter>
    </ClInclude>
    <ClInclude Include="D:\Projects\local\pn1\Release-0.1.11111-test\ProudNet\include\strpool.h">
      <Filter>Header Files</Filter>
    </ClInclude>
    <ClInclude Include="D:\Projects\local\pn1\Release-0.1.11111-test\ProudNet\include\sysutil.h">
      <Filter>Header Files</Filter>
    </ClInclude>
    <ClInclude Include="D:\Projects\local\pn1\Release-0.1.11111-test\ProudNet\include\throw.h">
      <Filter>Header Files</Filter>
    </ClInclude>
    <ClInclude Include="D:\Projects\local\pn1\Release-0.1.11111-test\ProudNet\include\variant-marshaler.h">
      <Filter>Header Files</Filter>
    </ClInclude>
  </ItemGroup>
  <ItemGroup>
    <Filter Include="Header Files">
      <UniqueIdentifier>{0A3BB633-0F50-38D9-9892-83D651712DBD}</UniqueIdentifier>
    </Filter>
  </ItemGroup>
</Project>
