
Microsoft Visual Studio Solution File, Format Version 12.00
# Visual Studio Version 17
VisualStudioVersion = 17.4.33110.190
MinimumVisualStudioVersion = 10.0.40219.1
Project("{8BC9CEB8-8B4A-11D0-8D11-00A0C91BC942}") = "ProudNetPidl", "ProudNetPidl\ProudNetPidl.vcxproj", "{90A8B9FE-5E62-4AF4-BBD0-65DC5CC6DCDA}"
EndProject
Project("{8BC9CEB8-8B4A-11D0-8D11-00A0C91BC942}") = "ProudNetClientLib", "ProudNetClientLib\ProudNetClientLib.vcxproj", "{11F32ACB-E192-31B7-BE6B-3F130264AAA0}"
EndProject
Project("{8BC9CEB8-8B4A-11D0-8D11-00A0C91BC942}") = "ProudNetServerLib", "ProudNetServerLib\ProudNetServerLib.vcxproj", "{BB904D7E-618E-4757-BE6F-D726F21B9481}"
EndProject
Project("{8BC9CEB8-8B4A-11D0-8D11-00A0C91BC942}") = "ProudNetClientDll", "ProudNetClientDll\ProudNetClientDll.vcxproj", "{27F56D43-CA4C-49FD-BBF9-34E5AA644CAC}"
EndProject
Global
	GlobalSection(SolutionConfigurationPlatforms) = preSolution
		Debug_static_CRT|x64 = Debug_static_CRT|x64
		Debug_static_CRT|x86 = Debug_static_CRT|x86
		Debug|x64 = Debug|x64
		Debug|x86 = Debug|x86
		Release_static_CRT|x64 = Release_static_CRT|x64
		Release_static_CRT|x86 = Release_static_CRT|x86
		Release|x64 = Release|x64
		Release|x86 = Release|x86
	EndGlobalSection
	GlobalSection(ProjectConfigurationPlatforms) = postSolution
		{90A8B9FE-5E62-4AF4-BBD0-65DC5CC6DCDA}.Debug_static_CRT|x64.ActiveCfg = Debug_static_CRT|x64
		{90A8B9FE-5E62-4AF4-BBD0-65DC5CC6DCDA}.Debug_static_CRT|x64.Build.0 = Debug_static_CRT|x64
		{90A8B9FE-5E62-4AF4-BBD0-65DC5CC6DCDA}.Debug_static_CRT|x86.ActiveCfg = Debug_static_CRT|Win32
		{90A8B9FE-5E62-4AF4-BBD0-65DC5CC6DCDA}.Debug_static_CRT|x86.Build.0 = Debug_static_CRT|Win32
		{90A8B9FE-5E62-4AF4-BBD0-65DC5CC6DCDA}.Debug|x64.ActiveCfg = Debug|x64
		{90A8B9FE-5E62-4AF4-BBD0-65DC5CC6DCDA}.Debug|x64.Build.0 = Debug|x64
		{90A8B9FE-5E62-4AF4-BBD0-65DC5CC6DCDA}.Debug|x86.ActiveCfg = Debug|Win32
		{90A8B9FE-5E62-4AF4-BBD0-65DC5CC6DCDA}.Debug|x86.Build.0 = Debug|Win32
		{90A8B9FE-5E62-4AF4-BBD0-65DC5CC6DCDA}.Release_static_CRT|x64.ActiveCfg = Release_static_CRT|x64
		{90A8B9FE-5E62-4AF4-BBD0-65DC5CC6DCDA}.Release_static_CRT|x64.Build.0 = Release_static_CRT|x64
		{90A8B9FE-5E62-4AF4-BBD0-65DC5CC6DCDA}.Release_static_CRT|x86.ActiveCfg = Release_static_CRT|Win32
		{90A8B9FE-5E62-4AF4-BBD0-65DC5CC6DCDA}.Release_static_CRT|x86.Build.0 = Release_static_CRT|Win32
		{90A8B9FE-5E62-4AF4-BBD0-65DC5CC6DCDA}.Release|x64.ActiveCfg = Release|x64
		{90A8B9FE-5E62-4AF4-BBD0-65DC5CC6DCDA}.Release|x64.Build.0 = Release|x64
		{90A8B9FE-5E62-4AF4-BBD0-65DC5CC6DCDA}.Release|x86.ActiveCfg = Release|Win32
		{90A8B9FE-5E62-4AF4-BBD0-65DC5CC6DCDA}.Release|x86.Build.0 = Release|Win32
		{11F32ACB-E192-31B7-BE6B-3F130264AAA0}.Debug_static_CRT|x64.ActiveCfg = Debug_static_CRT|x64
		{11F32ACB-E192-31B7-BE6B-3F130264AAA0}.Debug_static_CRT|x64.Build.0 = Debug_static_CRT|x64
		{11F32ACB-E192-31B7-BE6B-3F130264AAA0}.Debug_static_CRT|x86.ActiveCfg = Debug_static_CRT|Win32
		{11F32ACB-E192-31B7-BE6B-3F130264AAA0}.Debug_static_CRT|x86.Build.0 = Debug_static_CRT|Win32
		{11F32ACB-E192-31B7-BE6B-3F130264AAA0}.Debug|x64.ActiveCfg = Debug|x64
		{11F32ACB-E192-31B7-BE6B-3F130264AAA0}.Debug|x64.Build.0 = Debug|x64
		{11F32ACB-E192-31B7-BE6B-3F130264AAA0}.Debug|x86.ActiveCfg = Debug|Win32
		{11F32ACB-E192-31B7-BE6B-3F130264AAA0}.Debug|x86.Build.0 = Debug|Win32
		{11F32ACB-E192-31B7-BE6B-3F130264AAA0}.Release_static_CRT|x64.ActiveCfg = Release_static_CRT|x64
		{11F32ACB-E192-31B7-BE6B-3F130264AAA0}.Release_static_CRT|x64.Build.0 = Release_static_CRT|x64
		{11F32ACB-E192-31B7-BE6B-3F130264AAA0}.Release_static_CRT|x86.ActiveCfg = Release_static_CRT|Win32
		{11F32ACB-E192-31B7-BE6B-3F130264AAA0}.Release_static_CRT|x86.Build.0 = Release_static_CRT|Win32
		{11F32ACB-E192-31B7-BE6B-3F130264AAA0}.Release|x64.ActiveCfg = Release|x64
		{11F32ACB-E192-31B7-BE6B-3F130264AAA0}.Release|x64.Build.0 = Release|x64
		{11F32ACB-E192-31B7-BE6B-3F130264AAA0}.Release|x86.ActiveCfg = Release|Win32
		{11F32ACB-E192-31B7-BE6B-3F130264AAA0}.Release|x86.Build.0 = Release|Win32
		{BB904D7E-618E-4757-BE6F-D726F21B9481}.Debug_static_CRT|x64.ActiveCfg = Debug_static_CRT|x64
		{BB904D7E-618E-4757-BE6F-D726F21B9481}.Debug_static_CRT|x64.Build.0 = Debug_static_CRT|x64
		{BB904D7E-618E-4757-BE6F-D726F21B9481}.Debug_static_CRT|x86.ActiveCfg = Debug_static_CRT|Win32
		{BB904D7E-618E-4757-BE6F-D726F21B9481}.Debug_static_CRT|x86.Build.0 = Debug_static_CRT|Win32
		{BB904D7E-618E-4757-BE6F-D726F21B9481}.Debug|x64.ActiveCfg = Debug|x64
		{BB904D7E-618E-4757-BE6F-D726F21B9481}.Debug|x64.Build.0 = Debug|x64
		{BB904D7E-618E-4757-BE6F-D726F21B9481}.Debug|x86.ActiveCfg = Debug|Win32
		{BB904D7E-618E-4757-BE6F-D726F21B9481}.Debug|x86.Build.0 = Debug|Win32
		{BB904D7E-618E-4757-BE6F-D726F21B9481}.Release_static_CRT|x64.ActiveCfg = Release_static_CRT|x64
		{BB904D7E-618E-4757-BE6F-D726F21B9481}.Release_static_CRT|x64.Build.0 = Release_static_CRT|x64
		{BB904D7E-618E-4757-BE6F-D726F21B9481}.Release_static_CRT|x86.ActiveCfg = Release_static_CRT|Win32
		{BB904D7E-618E-4757-BE6F-D726F21B9481}.Release_static_CRT|x86.Build.0 = Release_static_CRT|Win32
		{BB904D7E-618E-4757-BE6F-D726F21B9481}.Release|x64.ActiveCfg = Release|x64
		{BB904D7E-618E-4757-BE6F-D726F21B9481}.Release|x64.Build.0 = Release|x64
		{BB904D7E-618E-4757-BE6F-D726F21B9481}.Release|x86.ActiveCfg = Release|Win32
		{BB904D7E-618E-4757-BE6F-D726F21B9481}.Release|x86.Build.0 = Release|Win32
		{27F56D43-CA4C-49FD-BBF9-34E5AA644CAC}.Debug_static_CRT|x64.ActiveCfg = Debug_static_CRT|x64
		{27F56D43-CA4C-49FD-BBF9-34E5AA644CAC}.Debug_static_CRT|x64.Build.0 = Debug_static_CRT|x64
		{27F56D43-CA4C-49FD-BBF9-34E5AA644CAC}.Debug_static_CRT|x86.ActiveCfg = Debug_static_CRT|Win32
		{27F56D43-CA4C-49FD-BBF9-34E5AA644CAC}.Debug_static_CRT|x86.Build.0 = Debug_static_CRT|Win32
		{27F56D43-CA4C-49FD-BBF9-34E5AA644CAC}.Debug|x64.ActiveCfg = Debug|x64
		{27F56D43-CA4C-49FD-BBF9-34E5AA644CAC}.Debug|x64.Build.0 = Debug|x64
		{27F56D43-CA4C-49FD-BBF9-34E5AA644CAC}.Debug|x86.ActiveCfg = Debug|Win32
		{27F56D43-CA4C-49FD-BBF9-34E5AA644CAC}.Debug|x86.Build.0 = Debug|Win32
		{27F56D43-CA4C-49FD-BBF9-34E5AA644CAC}.Release_static_CRT|x64.ActiveCfg = Release_static_CRT|x64
		{27F56D43-CA4C-49FD-BBF9-34E5AA644CAC}.Release_static_CRT|x64.Build.0 = Release_static_CRT|x64
		{27F56D43-CA4C-49FD-BBF9-34E5AA644CAC}.Release_static_CRT|x86.ActiveCfg = Release_static_CRT|Win32
		{27F56D43-CA4C-49FD-BBF9-34E5AA644CAC}.Release_static_CRT|x86.Build.0 = Release_static_CRT|Win32
		{27F56D43-CA4C-49FD-BBF9-34E5AA644CAC}.Release|x64.ActiveCfg = Release|x64
		{27F56D43-CA4C-49FD-BBF9-34E5AA644CAC}.Release|x64.Build.0 = Release|x64
		{27F56D43-CA4C-49FD-BBF9-34E5AA644CAC}.Release|x86.ActiveCfg = Release|Win32
		{27F56D43-CA4C-49FD-BBF9-34E5AA644CAC}.Release|x86.Build.0 = Release|Win32
	EndGlobalSection
	GlobalSection(SolutionProperties) = preSolution
		HideSolutionNode = FALSE
	EndGlobalSection
	GlobalSection(ExtensibilityGlobals) = postSolution
		SolutionGuid = {560B053C-0858-430D-BAA8-402EF28C4143}
	EndGlobalSection
EndGlobal
