<?xml version="1.0" encoding="utf-8"?>
<Project ToolsVersion="4.0" xmlns="http://schemas.microsoft.com/developer/msbuild/2003">
  <ItemGroup>
    <Filter Include="Source Files">
      <UniqueIdentifier>{3f4a2492-99a0-4d25-892f-4ed38399a9d7}</UniqueIdentifier>
      <Extensions>cpp;c;cxx;def;odl;idl;hpj;bat;asm;asmx</Extensions>
    </Filter>
    <Filter Include="Header Files">
      <UniqueIdentifier>{52483d54-4b4b-4d03-8e35-a22a4b96f6a0}</UniqueIdentifier>
      <Extensions>h;hpp;hxx;hm;inl;inc;xsd</Extensions>
    </Filter>
  </ItemGroup>
  <ItemGroup>
    <ClInclude Include="AgentConnector.h">
      <Filter>Header Files</Filter>
    </ClInclude>
    <ClInclude Include="DbCacheClient2Impl.h">
      <Filter>Header Files</Filter>
    </ClInclude>
    <ClInclude Include="DbCacheObject.h">
      <Filter>Header Files</Filter>
    </ClInclude>
    <ClInclude Include="DbCacheServer2Impl.h">
      <Filter>Header Files</Filter>
    </ClInclude>
    <ClInclude Include="DbConfig.h">
      <Filter>Header Files</Filter>
    </ClInclude>
    <ClInclude Include="FallbackableUdpLayer_S.h">
      <Filter>Header Files</Filter>
    </ClInclude>
    <ClInclude Include="HostIDFactory.h">
      <Filter>Header Files</Filter>
    </ClInclude>
    <ClInclude Include="IVizAgentDg.h">
      <Filter>Header Files</Filter>
    </ClInclude>
    <ClInclude Include="NetServer.h">
      <Filter>Header Files</Filter>
    </ClInclude>
    <ClInclude Include="P2PGroup_S.h">
      <Filter>Header Files</Filter>
    </ClInclude>
    <ClInclude Include="P2PPair.h">
      <Filter>Header Files</Filter>
    </ClInclude>
    <ClInclude Include="RCPair.h">
      <Filter>Header Files</Filter>
    </ClInclude>
    <ClInclude Include="ReaderWriterMonitorTester.h">
      <Filter>Header Files</Filter>
    </ClInclude>
    <ClInclude Include="RemoteClient.h">
      <Filter>Header Files</Filter>
    </ClInclude>
    <ClInclude Include="TcpLayer_S.h">
      <Filter>Header Files</Filter>
    </ClInclude>
    <ClInclude Include="Tests.h">
      <Filter>Header Files</Filter>
    </ClInclude>
    <ClInclude Include="TestUdpConnReset.h">
      <Filter>Header Files</Filter>
    </ClInclude>
    <ClInclude Include="UdpSocket_S.h">
      <Filter>Header Files</Filter>
    </ClInclude>
    <ClInclude Include="UserTask.h">
      <Filter>Header Files</Filter>
    </ClInclude>
    <ClInclude Include="stdafx.h">
      <Filter>Header Files</Filter>
    </ClInclude>
    <ClInclude Include="EmergencyLogServer.h">
      <Filter>Header Files</Filter>
    </ClInclude>
    <ClInclude Include="HlaEntityImpl_S.h">
      <Filter>Header Files</Filter>
    </ClInclude>
    <ClInclude Include="HlaSpaceImpl_S.h">
      <Filter>Header Files</Filter>
    </ClInclude>
    <ClInclude Include="HlaSessionHostImpl_S.h">
      <Filter>Header Files</Filter>
    </ClInclude>
    <ClInclude Include="DbLogWriterImpl.h">
      <Filter>Header Files</Filter>
    </ClInclude>
    <ClInclude Include="DumpServer.h">
      <Filter>Header Files</Filter>
    </ClInclude>
    <ClInclude Include="DBCacheJob.h">
      <Filter>Header Files</Filter>
    </ClInclude>
    <ClInclude Include="OdbcCommandImpl.h">
      <Filter>Header Files</Filter>
    </ClInclude>
    <ClInclude Include="OdbcConnectionImpl.h">
      <Filter>Header Files</Filter>
    </ClInclude>
    <ClInclude Include="OdbcErrorCheck.h">
      <Filter>Header Files</Filter>
    </ClInclude>
    <ClInclude Include="OdbcHandle.h">
      <Filter>Header Files</Filter>
    </ClInclude>
    <ClInclude Include="OdbcRecordsetImpl.h">
      <Filter>Header Files</Filter>
    </ClInclude>
    <ClInclude Include="dbcacheclient2blocked.h">
      <Filter>Header Files</Filter>
    </ClInclude>
    <ClInclude Include="dbloadeddata2_s.h">
      <Filter>Header Files</Filter>
    </ClInclude>
    <ClInclude Include="ThreadPoolImpl.h">
      <Filter>Header Files</Filter>
    </ClInclude>
    <ClInclude Include="TimeEventThreadPool.h">
      <Filter>Header Files</Filter>
    </ClInclude>
    <ClInclude Include="P2PPair_S.h">
      <Filter>Header Files</Filter>
    </ClInclude>
    <ClInclude Include="Base64.h">
      <Filter>Header Files</Filter>
    </ClInclude>
  </ItemGroup>
  <ItemGroup>
    <ClCompile Include="AdoWrap.cpp">
      <Filter>Source Files</Filter>
    </ClCompile>
    <ClCompile Include="AgentConnector.cpp">
      <Filter>Source Files</Filter>
    </ClCompile>
    <ClCompile Include="DbCacheClient2Impl.cpp">
      <Filter>Source Files</Filter>
    </ClCompile>
    <ClCompile Include="DbCacheObject.cpp">
      <Filter>Source Files</Filter>
    </ClCompile>
    <ClCompile Include="DbCacheServer2Impl.cpp">
      <Filter>Source Files</Filter>
    </ClCompile>
    <ClCompile Include="DbConfig.cpp">
      <Filter>Source Files</Filter>
    </ClCompile>
    <ClCompile Include="DbLoadedData.cpp">
      <Filter>Source Files</Filter>
    </ClCompile>
    <ClCompile Include="DbLoadedData2.cpp">
      <Filter>Source Files</Filter>
    </ClCompile>
    <ClCompile Include="DbLogWriter.cpp">
      <Filter>Source Files</Filter>
    </ClCompile>
    <ClCompile Include="FallbackableUdpLayer_S.cpp">
      <Filter>Source Files</Filter>
    </ClCompile>
    <ClCompile Include="HostIDFactory.cpp">
      <Filter>Source Files</Filter>
    </ClCompile>
    <ClCompile Include="NetClientInfo.cpp">
      <Filter>Source Files</Filter>
    </ClCompile>
    <ClCompile Include="NetServer.cpp">
      <Filter>Source Files</Filter>
    </ClCompile>
    <ClCompile Include="NetworkerThread_S.cpp">
      <Filter>Source Files</Filter>
    </ClCompile>
    <ClCompile Include="NTService.cpp">
      <Filter>Source Files</Filter>
    </ClCompile>
    <ClCompile Include="P2PGroup_S.cpp">
      <Filter>Source Files</Filter>
    </ClCompile>
    <ClCompile Include="PropNode.cpp">
      <Filter>Source Files</Filter>
    </ClCompile>
    <ClCompile Include="ReaderWriterMonitorTester.cpp">
      <Filter>Source Files</Filter>
    </ClCompile>
    <ClCompile Include="RemoteClient.cpp">
      <Filter>Source Files</Filter>
    </ClCompile>
    <ClCompile Include="TcpLayer_S.cpp">
      <Filter>Source Files</Filter>
    </ClCompile>
    <ClCompile Include="Tests.cpp">
      <Filter>Source Files</Filter>
    </ClCompile>
    <ClCompile Include="TestUdpConnReset.cpp">
      <Filter>Source Files</Filter>
    </ClCompile>
    <ClCompile Include="UdpSocket_S.cpp">
      <Filter>Source Files</Filter>
    </ClCompile>
    <ClCompile Include="UserTask.cpp">
      <Filter>Source Files</Filter>
    </ClCompile>
    <ClCompile Include="Variant.cpp">
      <Filter>Source Files</Filter>
    </ClCompile>
    <ClCompile Include="ServerParam.cpp">
      <Filter>Source Files</Filter>
    </ClCompile>
    <ClCompile Include="DumpServer.cpp">
      <Filter>Source Files</Filter>
    </ClCompile>
    <ClCompile Include="stdafxserver.cpp">
      <Filter>Source Files</Filter>
    </ClCompile>
    <ClCompile Include="EmergencyLogServer.cpp">
      <Filter>Source Files</Filter>
    </ClCompile>
    <ClCompile Include="ReaderWriterMonitor.cpp">
      <Filter>Source Files</Filter>
    </ClCompile>
    <ClCompile Include="HlaEntityImpl_S.cpp">
      <Filter>Source Files</Filter>
    </ClCompile>
    <ClCompile Include="HlaSpaceImpl_S.cpp">
      <Filter>Source Files</Filter>
    </ClCompile>
    <ClCompile Include="HlaSessionHostImpl_S.cpp">
      <Filter>Source Files</Filter>
    </ClCompile>
    <ClCompile Include="TimeEventThreadPool.cpp">
      <Filter>Source Files</Filter>
    </ClCompile>
    <ClCompile Include="DbLogWriterImpl.cpp">
      <Filter>Source Files</Filter>
    </ClCompile>
    <ClCompile Include="NetServerStartup.cpp">
      <Filter>Source Files</Filter>
    </ClCompile>
    <ClCompile Include="DbCache2Isolate.cpp">
      <Filter>Source Files</Filter>
    </ClCompile>
    <ClCompile Include="DBCacheJob.cpp">
      <Filter>Source Files</Filter>
    </ClCompile>
    <ClCompile Include="OdbcCommand.cpp">
      <Filter>Source Files</Filter>
    </ClCompile>
    <ClCompile Include="OdbcCommandImpl.cpp">
      <Filter>Source Files</Filter>
    </ClCompile>
    <ClCompile Include="OdbcConnection.cpp">
      <Filter>Source Files</Filter>
    </ClCompile>
    <ClCompile Include="OdbcConnectionImpl.cpp">
      <Filter>Source Files</Filter>
    </ClCompile>
    <ClCompile Include="OdbcErrorCheck.cpp">
      <Filter>Source Files</Filter>
    </ClCompile>
    <ClCompile Include="OdbcException.cpp">
      <Filter>Source Files</Filter>
    </ClCompile>
    <ClCompile Include="OdbcHandle.cpp">
      <Filter>Source Files</Filter>
    </ClCompile>
    <ClCompile Include="OdbcRecordset.cpp">
      <Filter>Source Files</Filter>
    </ClCompile>
    <ClCompile Include="OdbcRecordsetImpl.cpp">
      <Filter>Source Files</Filter>
    </ClCompile>
    <ClCompile Include="OdbcVariant.cpp">
      <Filter>Source Files</Filter>
    </ClCompile>
    <ClCompile Include="OdbcByteData.cpp">
      <Filter>Source Files</Filter>
    </ClCompile>
    <ClCompile Include="dbcacheclient2blocked.cpp">
      <Filter>Source Files</Filter>
    </ClCompile>
    <ClCompile Include="dbcacheclient2load.cpp">
      <Filter>Source Files</Filter>
    </ClCompile>
    <ClCompile Include="dbcacheserver2load.cpp">
      <Filter>Source Files</Filter>
    </ClCompile>
    <ClCompile Include="dbloadeddata2_s.cpp">
      <Filter>Source Files</Filter>
    </ClCompile>
    <ClCompile Include="NetServerAccept.cpp">
      <Filter>Source Files</Filter>
    </ClCompile>
    <ClCompile Include="acrimpl_s.cpp">
      <Filter>Source Files</Filter>
    </ClCompile>
    <ClCompile Include="p2ppair.cpp">
      <Filter>Source Files</Filter>
    </ClCompile>
    <ClCompile Include="SuperPeer_S.cpp">
      <Filter>Source Files</Filter>
    </ClCompile>
    <ClCompile Include="NetServerEvent.cpp">
      <Filter>Source Files</Filter>
    </ClCompile>
    <ClCompile Include="P2P_S.cpp">
      <Filter>Source Files</Filter>
    </ClCompile>
    <ClCompile Include="P2PPair_S.cpp">
      <Filter>Source Files</Filter>
    </ClCompile>
    <ClCompile Include="pnguid-win32.cpp">
      <Filter>Source Files</Filter>
    </ClCompile>
    <ClCompile Include="NetServerStats.cpp">
      <Filter>Source Files</Filter>
    </ClCompile>
    <ClCompile Include="Base64.cpp">
      <Filter>Source Files</Filter>
    </ClCompile>
  </ItemGroup>
</Project>