<?xml version="1.0" encoding="utf-8"?>
<Project ToolsVersion="4.0" xmlns="http://schemas.microsoft.com/developer/msbuild/2003">
  <ItemGroup>
    <ClInclude Include="acr.h">
      <Filter>Header Files</Filter>
    </ClInclude>
    <ClInclude Include="AddrPort.h">
      <Filter>Header Files</Filter>
    </ClInclude>
    <ClInclude Include="AdoWrap.h">
      <Filter>Header Files</Filter>
    </ClInclude>
    <ClInclude Include="AgentCommon.h">
      <Filter>Header Files</Filter>
    </ClInclude>
    <ClInclude Include="AngleFollower.h">
      <Filter>Header Files</Filter>
    </ClInclude>
    <ClInclude Include="atomic.h">
      <Filter>Header Files</Filter>
    </ClInclude>
    <ClInclude Include="BasicTypes.h">
      <Filter>Header Files</Filter>
    </ClInclude>
    <ClInclude Include="Behavior.h">
      <Filter>Header Files</Filter>
    </ClInclude>
    <ClInclude Include="BiasManagedPointer.h">
      <Filter>Header Files</Filter>
    </ClInclude>
    <ClInclude Include="ByteArray.h">
      <Filter>Header Files</Filter>
    </ClInclude>
    <ClInclude Include="ByteArrayPtr.h">
      <Filter>Header Files</Filter>
    </ClInclude>
    <ClInclude Include="CallbackContext.h">
      <Filter>Header Files</Filter>
    </ClInclude>
    <ClInclude Include="CallCtorDtor.h">
      <Filter>Header Files</Filter>
    </ClInclude>
    <ClInclude Include="ClassBehavior.h">
      <Filter>Header Files</Filter>
    </ClInclude>
    <ClInclude Include="CoInit.h">
      <Filter>Header Files</Filter>
    </ClInclude>
    <ClInclude Include="CompactScalarValue.h">
      <Filter>Header Files</Filter>
    </ClInclude>
    <ClInclude Include="CompressEnum.h">
      <Filter>Header Files</Filter>
    </ClInclude>
    <ClInclude Include="ConnectParam.h">
      <Filter>Header Files</Filter>
    </ClInclude>
    <ClInclude Include="CriticalSect.h">
      <Filter>Header Files</Filter>
    </ClInclude>
    <ClInclude Include="CryptoAes.h">
      <Filter>Header Files</Filter>
    </ClInclude>
    <ClInclude Include="CryptoFast.h">
      <Filter>Header Files</Filter>
    </ClInclude>
    <ClInclude Include="CryptoRC4.h">
      <Filter>Header Files</Filter>
    </ClInclude>
    <ClInclude Include="CryptoRsa.h">
      <Filter>Header Files</Filter>
    </ClInclude>
    <ClInclude Include="DbCacheClient.h">
      <Filter>Header Files</Filter>
    </ClInclude>
    <ClInclude Include="DbCacheClient2.h">
      <Filter>Header Files</Filter>
    </ClInclude>
    <ClInclude Include="DbCacheServer.h">
      <Filter>Header Files</Filter>
    </ClInclude>
    <ClInclude Include="DbCacheServer2.h">
      <Filter>Header Files</Filter>
    </ClInclude>
    <ClInclude Include="dbenums.h">
      <Filter>Header Files</Filter>
    </ClInclude>
    <ClInclude Include="DbLoadedData.h">
      <Filter>Header Files</Filter>
    </ClInclude>
    <ClInclude Include="DbLoadedData2.h">
      <Filter>Header Files</Filter>
    </ClInclude>
    <ClInclude Include="DbLogWriter.h">
      <Filter>Header Files</Filter>
    </ClInclude>
    <ClInclude Include="Deque.h">
      <Filter>Header Files</Filter>
    </ClInclude>
    <ClInclude Include="DumpClient.h">
      <Filter>Header Files</Filter>
    </ClInclude>
    <ClInclude Include="dumpcommon.h">
      <Filter>Header Files</Filter>
    </ClInclude>
    <ClInclude Include="DumpServer.h">
      <Filter>Header Files</Filter>
    </ClInclude>
    <ClInclude Include="EmergencyLogCommon.h">
      <Filter>Header Files</Filter>
    </ClInclude>
    <ClInclude Include="EmergencyLogServer.h">
      <Filter>Header Files</Filter>
    </ClInclude>
    <ClInclude Include="EncryptEnum.h">
      <Filter>Header Files</Filter>
    </ClInclude>
    <ClInclude Include="Enums.h">
      <Filter>Header Files</Filter>
    </ClInclude>
    <ClInclude Include="ErrorInfo.h">
      <Filter>Header Files</Filter>
    </ClInclude>
    <ClInclude Include="Event.h">
      <Filter>Header Files</Filter>
    </ClInclude>
    <ClInclude Include="Exception.h">
      <Filter>Header Files</Filter>
    </ClInclude>
    <ClInclude Include="ExternalBufferArray.h">
      <Filter>Header Files</Filter>
    </ClInclude>
    <ClInclude Include="FakeClr.h">
      <Filter>Header Files</Filter>
    </ClInclude>
    <ClInclude Include="FakeCLRArray.h">
      <Filter>Header Files</Filter>
    </ClInclude>
    <ClInclude Include="FakeClrBase.h">
      <Filter>Header Files</Filter>
    </ClInclude>
    <ClInclude Include="FakeCLRRandom.h">
      <Filter>Header Files</Filter>
    </ClInclude>
    <ClInclude Include="FastArray.h">
      <Filter>Header Files</Filter>
    </ClInclude>
    <ClInclude Include="FastArrayPtr.h">
      <Filter>Header Files</Filter>
    </ClInclude>
    <ClInclude Include="FastColl.h">
      <Filter>Header Files</Filter>
    </ClInclude>
    <ClInclude Include="FastHeap.h">
      <Filter>Header Files</Filter>
    </ClInclude>
    <ClInclude Include="FastHeapSettings.h">
      <Filter>Header Files</Filter>
    </ClInclude>
    <ClInclude Include="FastList.h">
      <Filter>Header Files</Filter>
    </ClInclude>
    <ClInclude Include="FastMap.h">
      <Filter>Header Files</Filter>
    </ClInclude>
    <ClInclude Include="FastRefCount.h">
      <Filter>Header Files</Filter>
    </ClInclude>
    <ClInclude Include="FastSet.h">
      <Filter>Header Files</Filter>
    </ClInclude>
    <ClInclude Include="favorite.h">
      <Filter>Header Files</Filter>
    </ClInclude>
    <ClInclude Include="FixedLengthArray.h">
      <Filter>Header Files</Filter>
    </ClInclude>
    <ClInclude Include="Hla_C.h">
      <Filter>Header Files</Filter>
    </ClInclude>
    <ClInclude Include="Hla_S.h">
      <Filter>Header Files</Filter>
    </ClInclude>
    <ClInclude Include="HlaDef.h">
      <Filter>Header Files</Filter>
    </ClInclude>
    <ClInclude Include="HlaDelagate_Common.h">
      <Filter>Header Files</Filter>
    </ClInclude>
    <ClInclude Include="HlaEntity_C.h">
      <Filter>Header Files</Filter>
    </ClInclude>
    <ClInclude Include="HlaEntity_S.h">
      <Filter>Header Files</Filter>
    </ClInclude>
    <ClInclude Include="HlaField.h">
      <Filter>Header Files</Filter>
    </ClInclude>
    <ClInclude Include="HlaHost_C.h">
      <Filter>Header Files</Filter>
    </ClInclude>
    <ClInclude Include="HlaHost_S.h">
      <Filter>Header Files</Filter>
    </ClInclude>
    <ClInclude Include="HlaRuntime.h">
      <Filter>Header Files</Filter>
    </ClInclude>
    <ClInclude Include="HlaSpace_S.h">
      <Filter>Header Files</Filter>
    </ClInclude>
    <ClInclude Include="HostIDArray.h">
      <Filter>Header Files</Filter>
    </ClInclude>
    <ClInclude Include="..\iconv-embed\include\iconv.h">
      <Filter>Header Files</Filter>
    </ClInclude>
    <ClInclude Include="INetClientEvent.h">
      <Filter>Header Files</Filter>
    </ClInclude>
    <ClInclude Include="INetCoreEvent.h">
      <Filter>Header Files</Filter>
    </ClInclude>
    <ClInclude Include="INetServerEvent.h">
      <Filter>Header Files</Filter>
    </ClInclude>
    <ClInclude Include="IRmiHost.h">
      <Filter>Header Files</Filter>
    </ClInclude>
    <ClInclude Include="IRMIProxy.h">
      <Filter>Header Files</Filter>
    </ClInclude>
    <ClInclude Include="IRMIStub.h">
      <Filter>Header Files</Filter>
    </ClInclude>
    <ClInclude Include="LambdaEventHandler.h">
      <Filter>Header Files</Filter>
    </ClInclude>
    <ClInclude Include="LambdaWrap.h">
      <Filter>Header Files</Filter>
    </ClInclude>
    <ClInclude Include="ListNode.h">
      <Filter>Header Files</Filter>
    </ClInclude>
    <ClInclude Include="LookasideAllocator.h">
      <Filter>Header Files</Filter>
    </ClInclude>
    <ClInclude Include="Marshaler.h">
      <Filter>Header Files</Filter>
    </ClInclude>
    <ClInclude Include="Message.h">
      <Filter>Header Files</Filter>
    </ClInclude>
    <ClInclude Include="MessageSummary.h">
      <Filter>Header Files</Filter>
    </ClInclude>
    <ClInclude Include="MilisecTimer.h">
      <Filter>Header Files</Filter>
    </ClInclude>
    <ClInclude Include="MiniDumpAction.h">
      <Filter>Header Files</Filter>
    </ClInclude>
    <ClInclude Include="MiniDumper.h">
      <Filter>Header Files</Filter>
    </ClInclude>
    <ClInclude Include="NetClientInfo.h">
      <Filter>Header Files</Filter>
    </ClInclude>
    <ClInclude Include="NetClientInterface.h">
      <Filter>Header Files</Filter>
    </ClInclude>
    <ClInclude Include="NetClientStats.h">
      <Filter>Header Files</Filter>
    </ClInclude>
    <ClInclude Include="NetConfig.h">
      <Filter>Header Files</Filter>
    </ClInclude>
    <ClInclude Include="NetCoreStats.h">
      <Filter>Header Files</Filter>
    </ClInclude>
    <ClInclude Include="NetPeerInfo.h">
      <Filter>Header Files</Filter>
    </ClInclude>
    <ClInclude Include="NetPtr.h">
      <Filter>Header Files</Filter>
    </ClInclude>
    <ClInclude Include="NetServerInterface.h">
      <Filter>Header Files</Filter>
    </ClInclude>
    <ClInclude Include="NetServerStats.h">
      <Filter>Header Files</Filter>
    </ClInclude>
    <ClInclude Include="NetStartServerParameter.h">
      <Filter>Header Files</Filter>
    </ClInclude>
    <ClInclude Include="NetVariant.h">
      <Filter>Header Files</Filter>
    </ClInclude>
    <ClInclude Include="NTService.h">
      <Filter>Header Files</Filter>
    </ClInclude>
    <ClInclude Include="NTServiceStartParameter.h">
      <Filter>Header Files</Filter>
    </ClInclude>
    <ClInclude Include="numutil.h">
      <Filter>Header Files</Filter>
    </ClInclude>
    <ClInclude Include="OdbcByteData.h">
      <Filter>Header Files</Filter>
    </ClInclude>
    <ClInclude Include="OdbcCommand.h">
      <Filter>Header Files</Filter>
    </ClInclude>
    <ClInclude Include="OdbcConnection.h">
      <Filter>Header Files</Filter>
    </ClInclude>
    <ClInclude Include="OdbcEnum.h">
      <Filter>Header Files</Filter>
    </ClInclude>
    <ClInclude Include="OdbcException.h">
      <Filter>Header Files</Filter>
    </ClInclude>
    <ClInclude Include="OdbcRecordset.h">
      <Filter>Header Files</Filter>
    </ClInclude>
    <ClInclude Include="OdbcVariant.h">
      <Filter>Header Files</Filter>
    </ClInclude>
    <ClInclude Include="OdbcWrap.h">
      <Filter>Header Files</Filter>
    </ClInclude>
    <ClInclude Include="P2PGroup.h">
      <Filter>Header Files</Filter>
    </ClInclude>
    <ClInclude Include="PNCrc.h">
      <Filter>Header Files</Filter>
    </ClInclude>
    <ClInclude Include="pndefine.h">
      <Filter>Header Files</Filter>
    </ClInclude>
    <ClInclude Include="pnguid.h">
      <Filter>Header Files</Filter>
    </ClInclude>
    <ClInclude Include="pnguid-win32.h">
      <Filter>Header Files</Filter>
    </ClInclude>
    <ClInclude Include="pnmutex.h">
      <Filter>Header Files</Filter>
    </ClInclude>
    <ClInclude Include="PNPath.h">
      <Filter>Header Files</Filter>
    </ClInclude>
    <ClInclude Include="pnstdint.h">
      <Filter>Header Files</Filter>
    </ClInclude>
    <ClInclude Include="PNString.h">
      <Filter>Header Files</Filter>
    </ClInclude>
    <ClInclude Include="PNStringTraits.h">
      <Filter>Header Files</Filter>
    </ClInclude>
    <ClInclude Include="pntchar.h">
      <Filter>Header Files</Filter>
    </ClInclude>
    <ClInclude Include="PnThread.h">
      <Filter>Header Files</Filter>
    </ClInclude>
    <ClInclude Include="PnTime.h">
      <Filter>Header Files</Filter>
    </ClInclude>
    <ClInclude Include="PositionFollower.h">
      <Filter>Header Files</Filter>
    </ClInclude>
    <ClInclude Include="ProcHeap.h">
      <Filter>Header Files</Filter>
    </ClInclude>
    <ClInclude Include="PropNode.h">
      <Filter>Header Files</Filter>
    </ClInclude>
    <ClInclude Include="ProudDB.h">
      <Filter>Header Files</Filter>
    </ClInclude>
    <ClInclude Include="ProudNetClient.h">
      <Filter>Header Files</Filter>
    </ClInclude>
    <ClInclude Include="ProudNetCommon.h">
      <Filter>Header Files</Filter>
    </ClInclude>
    <ClInclude Include="ProudNetServer.h">
      <Filter>Header Files</Filter>
    </ClInclude>
    <ClInclude Include="Ptr.h">
      <Filter>Header Files</Filter>
    </ClInclude>
    <ClInclude Include="Quantizer.h">
      <Filter>Header Files</Filter>
    </ClInclude>
    <ClInclude Include="quicksort.h">
      <Filter>Header Files</Filter>
    </ClInclude>
    <ClInclude Include="Random.h">
      <Filter>Header Files</Filter>
    </ClInclude>
    <ClInclude Include="ReaderWriterMonitor.h">
      <Filter>Header Files</Filter>
    </ClInclude>
    <ClInclude Include="ReceivedMessage.h">
      <Filter>Header Files</Filter>
    </ClInclude>
    <ClInclude Include="RecycleNumerFactoryT.h">
      <Filter>Header Files</Filter>
    </ClInclude>
    <ClInclude Include="Relayer.h">
      <Filter>Header Files</Filter>
    </ClInclude>
    <ClInclude Include="RMIContext.h">
      <Filter>Header Files</Filter>
    </ClInclude>
    <ClInclude Include="SafeMemory.h">
      <Filter>Header Files</Filter>
    </ClInclude>
    <ClInclude Include="SafeMemoryCRT.h">
      <Filter>Header Files</Filter>
    </ClInclude>
    <ClInclude Include="Semaphore.h">
      <Filter>Header Files</Filter>
    </ClInclude>
    <ClInclude Include="SendData.h">
      <Filter>Header Files</Filter>
    </ClInclude>
    <ClInclude Include="ServerParam.h">
      <Filter>Header Files</Filter>
    </ClInclude>
    <ClInclude Include="ServerUdpAssignMode.h">
      <Filter>Header Files</Filter>
    </ClInclude>
    <ClInclude Include="Singleton.h">
      <Filter>Header Files</Filter>
    </ClInclude>
    <ClInclude Include="SocketEnum.h">
      <Filter>Header Files</Filter>
    </ClInclude>
    <ClInclude Include="SocketInterface.h">
      <Filter>Header Files</Filter>
    </ClInclude>
    <ClInclude Include="StackNew.h">
      <Filter>Header Files</Filter>
    </ClInclude>
    <ClInclude Include="stacktrace.h">
      <Filter>Header Files</Filter>
    </ClInclude>
    <ClInclude Include="StartServerParameterBase.h">
      <Filter>Header Files</Filter>
    </ClInclude>
    <ClInclude Include="StringEncoder.h">
      <Filter>Header Files</Filter>
    </ClInclude>
    <ClInclude Include="strpool.h">
      <Filter>Header Files</Filter>
    </ClInclude>
    <ClInclude Include="SysTime.h">
      <Filter>Header Files</Filter>
    </ClInclude>
    <ClInclude Include="sysutil.h">
      <Filter>Header Files</Filter>
    </ClInclude>
    <ClInclude Include="ThreadPool.h">
      <Filter>Header Files</Filter>
    </ClInclude>
    <ClInclude Include="ThreadUtil.h">
      <Filter>Header Files</Filter>
    </ClInclude>
    <ClInclude Include="throw.h">
      <Filter>Header Files</Filter>
    </ClInclude>
    <ClInclude Include="TimerThread.h">
      <Filter>Header Files</Filter>
    </ClInclude>
    <ClInclude Include="TimeUtil.h">
      <Filter>Header Files</Filter>
    </ClInclude>
    <ClInclude Include="Tracer.h">
      <Filter>Header Files</Filter>
    </ClInclude>
    <ClInclude Include="UnsafeMem.h">
      <Filter>Header Files</Filter>
    </ClInclude>
    <ClInclude Include="Variant.h">
      <Filter>Header Files</Filter>
    </ClInclude>
    <ClInclude Include="variant-marshaler.h">
      <Filter>Header Files</Filter>
    </ClInclude>
    <ClInclude Include="Vector3D.h">
      <Filter>Header Files</Filter>
    </ClInclude>
  </ItemGroup>
  <ItemGroup>
    <None Include="AtlDependent.inl">
      <Filter>Header Files</Filter>
    </None>
    <None Include="BiasManagedPointer.inl">
      <Filter>Header Files</Filter>
    </None>
    <None Include="d3dxmarshal.inl">
      <Filter>Header Files</Filter>
    </None>
    <None Include="Message.inl">
      <Filter>Header Files</Filter>
    </None>
    <None Include="MfcDependent.inl">
      <Filter>Header Files</Filter>
    </None>
    <None Include="msado15.tlh">
      <Filter>Header Files</Filter>
    </None>
    <None Include="_x64\msado15.tlh">
      <Filter>Header Files</Filter>
    </None>
    <None Include="msado15.tli">
      <Filter>Header Files</Filter>
    </None>
    <None Include="_x64\msado15.tli">
      <Filter>Header Files</Filter>
    </None>
    <None Include="NetVariant.inl">
      <Filter>Header Files</Filter>
    </None>
    <None Include="PNStringTraitsImpl.inl">
      <Filter>Header Files</Filter>
    </None>
    <None Include="RmiContext.inl">
      <Filter>Header Files</Filter>
    </None>
    <None Include="STLMarshal.inl">
      <Filter>Header Files</Filter>
    </None>
  </ItemGroup>
  <ItemGroup>
    <Filter Include="Header Files">
      <UniqueIdentifier>{6257bc62-9aaa-4722-ad71-9239a8c618db}</UniqueIdentifier>
    </Filter>
  </ItemGroup>
</Project>