<?xml version="1.0" encoding="utf-8"?>
<Project ToolsVersion="4.0" xmlns="http://schemas.microsoft.com/developer/msbuild/2003">
  <ItemGroup>
    <Filter Include="Source files">
      <UniqueIdentifier>{2283d488-de00-4541-a514-56be80edf199}</UniqueIdentifier>
      <Extensions>cpp;c;cc;cxx;def;odl;idl;hpj;bat;asm;asmx</Extensions>
    </Filter>
    <Filter Include="Header files">
      <UniqueIdentifier>{bb1679ee-72a6-409b-a154-2c62205ab7e4}</UniqueIdentifier>
      <Extensions>h;hpp;hxx;hm;inl;inc;xsd</Extensions>
    </Filter>
    <Filter Include="Resource files">
      <UniqueIdentifier>{dec66716-d51e-439f-919d-9599f45f4785}</UniqueIdentifier>
      <Extensions>rc;ico;cur;bmp;dlg;rc2;rct;bin;rgs;gif;jpg;jpeg;jpe;resx;tiff;tif;png;wav</Extensions>
    </Filter>
    <Filter Include="Make files">
      <UniqueIdentifier>{d1dcba08-7b52-487f-80af-d221c46088ab}</UniqueIdentifier>
      <Extensions>*.mak</Extensions>
    </Filter>
    <Filter Include="VisualGDB settings">
      <UniqueIdentifier>{3a1bd327-7a30-491e-ae49-37e6f0c686ea}</UniqueIdentifier>
      <Extensions>*.vgdbsettings</Extensions>
    </Filter>
    <Filter Include="libtom">
      <UniqueIdentifier>{9be29b3b-3124-4c01-a9cb-bb25eaafa79f}</UniqueIdentifier>
    </Filter>
    <Filter Include="libtom\crypto">
      <UniqueIdentifier>{630b152a-f7a1-4192-9221-f70a421f90f6}</UniqueIdentifier>
    </Filter>
    <Filter Include="libtom\math">
      <UniqueIdentifier>{09a930c6-cbde-4e81-93fc-91ec922e4f66}</UniqueIdentifier>
    </Filter>
    <Filter Include="zlib">
      <UniqueIdentifier>{15433db4-f0ce-4a43-a09f-36397d4d90de}</UniqueIdentifier>
    </Filter>
  </ItemGroup>
  <ItemGroup>
    <None Include="Makefile" />
    <None Include="debug.mak">
      <Filter>Make files</Filter>
    </None>
    <None Include="ProudNet_IoT_ARM_linaro_4.9_gnueabihf-Debug.vgdbsettings">
      <Filter>VisualGDB settings</Filter>
    </None>
    <None Include="release.mak">
      <Filter>Make files</Filter>
    </None>
    <None Include="ProudNet_IoT_ARM_linaro_4.9_gnueabihf-Release.vgdbsettings">
      <Filter>VisualGDB settings</Filter>
    </None>
    <None Include="..\..\libtom\crypto\math\fp\ltc_ecc_fp_mulmod.c">
      <Filter>libtom\crypto</Filter>
    </None>
    <None Include="..\..\libtom\crypto\pk\ecc\ecc.c">
      <Filter>libtom\crypto</Filter>
    </None>
    <None Include="..\..\libtom\crypto\pk\ecc\ecc_ansi_x963_export.c">
      <Filter>libtom\crypto</Filter>
    </None>
    <None Include="..\..\libtom\crypto\pk\ecc\ecc_ansi_x963_import.c">
      <Filter>libtom\crypto</Filter>
    </None>
    <None Include="..\..\libtom\crypto\pk\ecc\ecc_decrypt_key.c">
      <Filter>libtom\crypto</Filter>
    </None>
    <None Include="..\..\libtom\crypto\pk\ecc\ecc_encrypt_key.c">
      <Filter>libtom\crypto</Filter>
    </None>
    <None Include="..\..\libtom\crypto\pk\ecc\ecc_export.c">
      <Filter>libtom\crypto</Filter>
    </None>
    <None Include="..\..\libtom\crypto\pk\ecc\ecc_free.c">
      <Filter>libtom\crypto</Filter>
    </None>
    <None Include="..\..\libtom\crypto\pk\ecc\ecc_get_size.c">
      <Filter>libtom\crypto</Filter>
    </None>
    <None Include="..\..\libtom\crypto\pk\ecc\ecc_import.c">
      <Filter>libtom\crypto</Filter>
    </None>
    <None Include="..\..\libtom\crypto\pk\ecc\ecc_make_key.c">
      <Filter>libtom\crypto</Filter>
    </None>
    <None Include="..\..\libtom\crypto\pk\ecc\ecc_shared_secret.c">
      <Filter>libtom\crypto</Filter>
    </None>
    <None Include="..\..\libtom\crypto\pk\ecc\ecc_sign_hash.c">
      <Filter>libtom\crypto</Filter>
    </None>
    <None Include="..\..\libtom\crypto\pk\ecc\ecc_sizes.c">
      <Filter>libtom\crypto</Filter>
    </None>
    <None Include="..\..\libtom\crypto\pk\ecc\ecc_test.c">
      <Filter>libtom\crypto</Filter>
    </None>
    <None Include="..\..\libtom\crypto\pk\ecc\ecc_verify_hash.c">
      <Filter>libtom\crypto</Filter>
    </None>
    <None Include="..\..\libtom\crypto\pk\ecc\ltc_ecc_is_valid_idx.c">
      <Filter>libtom\crypto</Filter>
    </None>
    <None Include="..\..\libtom\crypto\pk\ecc\ltc_ecc_map.c">
      <Filter>libtom\crypto</Filter>
    </None>
    <None Include="..\..\libtom\crypto\pk\ecc\ltc_ecc_mul2add.c">
      <Filter>libtom\crypto</Filter>
    </None>
    <None Include="..\..\libtom\crypto\pk\ecc\ltc_ecc_mulmod.c">
      <Filter>libtom\crypto</Filter>
    </None>
    <None Include="..\..\libtom\crypto\pk\ecc\ltc_ecc_mulmod_timing.c">
      <Filter>libtom\crypto</Filter>
    </None>
    <None Include="..\..\libtom\crypto\pk\ecc\ltc_ecc_points.c">
      <Filter>libtom\crypto</Filter>
    </None>
    <None Include="..\..\libtom\crypto\pk\ecc\ltc_ecc_projective_add_point.c">
      <Filter>libtom\crypto</Filter>
    </None>
    <None Include="..\..\libtom\crypto\pk\ecc\ltc_ecc_projective_dbl_point.c">
      <Filter>libtom\crypto</Filter>
    </None>
    <None Include="..\..\libtom\crypto\headers\tomcrypt_prng.h">
      <Filter>libtom\crypto</Filter>
    </None>
    <None Include="..\..\libtom\crypto\headers\tomcrypt_pkcs.h">
      <Filter>libtom\crypto</Filter>
    </None>
    <None Include="..\..\libtom\crypto\headers\tomcrypt_pk.h">
      <Filter>libtom\crypto</Filter>
    </None>
    <None Include="..\..\libtom\crypto\headers\tomcrypt_misc.h">
      <Filter>libtom\crypto</Filter>
    </None>
    <None Include="..\..\libtom\crypto\headers\tomcrypt_math.h">
      <Filter>libtom\crypto</Filter>
    </None>
    <None Include="..\..\libtom\crypto\headers\tomcrypt_macros.h">
      <Filter>libtom\crypto</Filter>
    </None>
    <None Include="..\..\libtom\crypto\headers\tomcrypt_mac.h">
      <Filter>libtom\crypto</Filter>
    </None>
    <None Include="..\..\libtom\crypto\headers\tomcrypt_hash.h">
      <Filter>libtom\crypto</Filter>
    </None>
    <None Include="..\..\libtom\crypto\headers\tomcrypt_custom.h">
      <Filter>libtom\crypto</Filter>
    </None>
    <None Include="..\..\libtom\crypto\headers\tomcrypt_cipher.h">
      <Filter>libtom\crypto</Filter>
    </None>
    <None Include="..\..\libtom\crypto\headers\tomcrypt_cfg.h">
      <Filter>libtom\crypto</Filter>
    </None>
    <None Include="..\..\libtom\crypto\headers\tomcrypt_argchk.h">
      <Filter>libtom\crypto</Filter>
    </None>
    <None Include="..\..\libtom\crypto\headers\tomcrypt.h">
      <Filter>libtom\crypto</Filter>
    </None>
  </ItemGroup>
  <ItemGroup>
    <ClCompile Include="..\..\UnityBuild\ClientUnityBuild001.cpp">
      <Filter>Source files</Filter>
    </ClCompile>
    <ClCompile Include="..\..\UnityBuild\ClientUnityBuild002.cpp">
      <Filter>Source files</Filter>
    </ClCompile>
    <ClCompile Include="..\..\UnityBuild\ClientUnityBuild003.cpp">
      <Filter>Source files</Filter>
    </ClCompile>
    <ClCompile Include="..\..\UnityBuild\ClientUnityBuild004.cpp">
      <Filter>Source files</Filter>
    </ClCompile>
    <ClCompile Include="..\..\UnityBuild\ClientUnityBuild005.cpp">
      <Filter>Source files</Filter>
    </ClCompile>
    <ClCompile Include="..\..\UnityBuild\ClientUnityBuild006.cpp">
      <Filter>Source files</Filter>
    </ClCompile>
    <ClCompile Include="..\..\UnityBuild\ClientUnityBuild007.cpp">
      <Filter>Source files</Filter>
    </ClCompile>
    <ClCompile Include="..\..\UnityBuild\ClientUnityBuild008.cpp">
      <Filter>Source files</Filter>
    </ClCompile>
    <ClCompile Include="..\..\UnityBuild\ClientUnityBuild009.cpp">
      <Filter>Source files</Filter>
    </ClCompile>
    <ClCompile Include="..\..\UnityBuild\ClientUnityBuild010.cpp">
      <Filter>Source files</Filter>
    </ClCompile>
    <ClCompile Include="..\..\UnityBuild\ClientUnityBuild011.cpp">
      <Filter>Source files</Filter>
    </ClCompile>
    <ClCompile Include="..\..\UnityBuild\ClientUnityBuild012.cpp">
      <Filter>Source files</Filter>
    </ClCompile>
    <ClCompile Include="..\..\UnityBuild\ClientUnityBuild013.cpp">
      <Filter>Source files</Filter>
    </ClCompile>
    <ClCompile Include="..\..\UnityBuild\ClientUnityBuild014.cpp">
      <Filter>Source files</Filter>
    </ClCompile>
    <ClCompile Include="..\..\UnityBuild\ClientUnityBuild015.cpp">
      <Filter>Source files</Filter>
    </ClCompile>
    <ClCompile Include="..\..\libtom\crypto\ciphers\aes\aes.c">
      <Filter>libtom\crypto</Filter>
    </ClCompile>
    <ClCompile Include="..\..\libtom\crypto\ciphers\anubis.c">
      <Filter>libtom\crypto</Filter>
    </ClCompile>
    <ClCompile Include="..\..\libtom\crypto\ciphers\blowfish.c">
      <Filter>libtom\crypto</Filter>
    </ClCompile>
    <ClCompile Include="..\..\libtom\crypto\ciphers\cast5.c">
      <Filter>libtom\crypto</Filter>
    </ClCompile>
    <ClCompile Include="..\..\libtom\crypto\ciphers\des.c">
      <Filter>libtom\crypto</Filter>
    </ClCompile>
    <ClCompile Include="..\..\libtom\crypto\ciphers\kasumi.c">
      <Filter>libtom\crypto</Filter>
    </ClCompile>
    <ClCompile Include="..\..\libtom\crypto\ciphers\khazad.c">
      <Filter>libtom\crypto</Filter>
    </ClCompile>
    <ClCompile Include="..\..\libtom\crypto\ciphers\kseed.c">
      <Filter>libtom\crypto</Filter>
    </ClCompile>
    <ClCompile Include="..\..\libtom\crypto\ciphers\multi2.c">
      <Filter>libtom\crypto</Filter>
    </ClCompile>
    <ClCompile Include="..\..\libtom\crypto\ciphers\noekeon.c">
      <Filter>libtom\crypto</Filter>
    </ClCompile>
    <ClCompile Include="..\..\libtom\crypto\ciphers\rc2.c">
      <Filter>libtom\crypto</Filter>
    </ClCompile>
    <ClCompile Include="..\..\libtom\crypto\ciphers\rc5.c">
      <Filter>libtom\crypto</Filter>
    </ClCompile>
    <ClCompile Include="..\..\libtom\crypto\ciphers\rc6.c">
      <Filter>libtom\crypto</Filter>
    </ClCompile>
    <ClCompile Include="..\..\libtom\crypto\ciphers\safer\safer.c">
      <Filter>libtom\crypto</Filter>
    </ClCompile>
    <ClCompile Include="..\..\libtom\crypto\ciphers\safer\saferp.c">
      <Filter>libtom\crypto</Filter>
    </ClCompile>
    <ClCompile Include="..\..\libtom\crypto\ciphers\skipjack.c">
      <Filter>libtom\crypto</Filter>
    </ClCompile>
    <ClCompile Include="..\..\libtom\crypto\ciphers\twofish\twofish.c">
      <Filter>libtom\crypto</Filter>
    </ClCompile>
    <ClCompile Include="..\..\libtom\crypto\ciphers\xtea.c">
      <Filter>libtom\crypto</Filter>
    </ClCompile>
    <ClCompile Include="..\..\libtom\crypto\encauth\ccm\ccm_memory.c">
      <Filter>libtom\crypto</Filter>
    </ClCompile>
    <ClCompile Include="..\..\libtom\crypto\encauth\ccm\ccm_test.c">
      <Filter>libtom\crypto</Filter>
    </ClCompile>
    <ClCompile Include="..\..\libtom\crypto\encauth\eax\eax_addheader.c">
      <Filter>libtom\crypto</Filter>
    </ClCompile>
    <ClCompile Include="..\..\libtom\crypto\encauth\eax\eax_decrypt.c">
      <Filter>libtom\crypto</Filter>
    </ClCompile>
    <ClCompile Include="..\..\libtom\crypto\encauth\eax\eax_decrypt_verify_memory.c">
      <Filter>libtom\crypto</Filter>
    </ClCompile>
    <ClCompile Include="..\..\libtom\crypto\encauth\eax\eax_done.c">
      <Filter>libtom\crypto</Filter>
    </ClCompile>
    <ClCompile Include="..\..\libtom\crypto\encauth\eax\eax_encrypt.c">
      <Filter>libtom\crypto</Filter>
    </ClCompile>
    <ClCompile Include="..\..\libtom\crypto\encauth\eax\eax_encrypt_authenticate_memory.c">
      <Filter>libtom\crypto</Filter>
    </ClCompile>
    <ClCompile Include="..\..\libtom\crypto\encauth\eax\eax_init.c">
      <Filter>libtom\crypto</Filter>
    </ClCompile>
    <ClCompile Include="..\..\libtom\crypto\encauth\eax\eax_test.c">
      <Filter>libtom\crypto</Filter>
    </ClCompile>
    <ClCompile Include="..\..\libtom\crypto\encauth\gcm\gcm_add_aad.c">
      <Filter>libtom\crypto</Filter>
    </ClCompile>
    <ClCompile Include="..\..\libtom\crypto\encauth\gcm\gcm_add_iv.c">
      <Filter>libtom\crypto</Filter>
    </ClCompile>
    <ClCompile Include="..\..\libtom\crypto\encauth\gcm\gcm_done.c">
      <Filter>libtom\crypto</Filter>
    </ClCompile>
    <ClCompile Include="..\..\libtom\crypto\encauth\gcm\gcm_gf_mult.c">
      <Filter>libtom\crypto</Filter>
    </ClCompile>
    <ClCompile Include="..\..\libtom\crypto\encauth\gcm\gcm_init.c">
      <Filter>libtom\crypto</Filter>
    </ClCompile>
    <ClCompile Include="..\..\libtom\crypto\encauth\gcm\gcm_memory.c">
      <Filter>libtom\crypto</Filter>
    </ClCompile>
    <ClCompile Include="..\..\libtom\crypto\encauth\gcm\gcm_mult_h.c">
      <Filter>libtom\crypto</Filter>
    </ClCompile>
    <ClCompile Include="..\..\libtom\crypto\encauth\gcm\gcm_process.c">
      <Filter>libtom\crypto</Filter>
    </ClCompile>
    <ClCompile Include="..\..\libtom\crypto\encauth\gcm\gcm_reset.c">
      <Filter>libtom\crypto</Filter>
    </ClCompile>
    <ClCompile Include="..\..\libtom\crypto\encauth\gcm\gcm_test.c">
      <Filter>libtom\crypto</Filter>
    </ClCompile>
    <ClCompile Include="..\..\libtom\crypto\encauth\ocb\ocb_decrypt.c">
      <Filter>libtom\crypto</Filter>
    </ClCompile>
    <ClCompile Include="..\..\libtom\crypto\encauth\ocb\ocb_decrypt_verify_memory.c">
      <Filter>libtom\crypto</Filter>
    </ClCompile>
    <ClCompile Include="..\..\libtom\crypto\encauth\ocb\ocb_done_decrypt.c">
      <Filter>libtom\crypto</Filter>
    </ClCompile>
    <ClCompile Include="..\..\libtom\crypto\encauth\ocb\ocb_done_encrypt.c">
      <Filter>libtom\crypto</Filter>
    </ClCompile>
    <ClCompile Include="..\..\libtom\crypto\encauth\ocb\ocb_encrypt.c">
      <Filter>libtom\crypto</Filter>
    </ClCompile>
    <ClCompile Include="..\..\libtom\crypto\encauth\ocb\ocb_encrypt_authenticate_memory.c">
      <Filter>libtom\crypto</Filter>
    </ClCompile>
    <ClCompile Include="..\..\libtom\crypto\encauth\ocb\ocb_init.c">
      <Filter>libtom\crypto</Filter>
    </ClCompile>
    <ClCompile Include="..\..\libtom\crypto\encauth\ocb\ocb_ntz.c">
      <Filter>libtom\crypto</Filter>
    </ClCompile>
    <ClCompile Include="..\..\libtom\crypto\encauth\ocb\ocb_shift_xor.c">
      <Filter>libtom\crypto</Filter>
    </ClCompile>
    <ClCompile Include="..\..\libtom\crypto\encauth\ocb\ocb_test.c">
      <Filter>libtom\crypto</Filter>
    </ClCompile>
    <ClCompile Include="..\..\libtom\crypto\encauth\ocb\s_ocb_done.c">
      <Filter>libtom\crypto</Filter>
    </ClCompile>
    <ClCompile Include="..\..\libtom\crypto\hashes\chc\chc.c">
      <Filter>libtom\crypto</Filter>
    </ClCompile>
    <ClCompile Include="..\..\libtom\crypto\hashes\helper\hash_file.c">
      <Filter>libtom\crypto</Filter>
    </ClCompile>
    <ClCompile Include="..\..\libtom\crypto\hashes\helper\hash_filehandle.c">
      <Filter>libtom\crypto</Filter>
    </ClCompile>
    <ClCompile Include="..\..\libtom\crypto\hashes\helper\hash_memory.c">
      <Filter>libtom\crypto</Filter>
    </ClCompile>
    <ClCompile Include="..\..\libtom\crypto\hashes\helper\hash_memory_multi.c">
      <Filter>libtom\crypto</Filter>
    </ClCompile>
    <ClCompile Include="..\..\libtom\crypto\hashes\md2.c">
      <Filter>libtom\crypto</Filter>
    </ClCompile>
    <ClCompile Include="..\..\libtom\crypto\hashes\md4.c">
      <Filter>libtom\crypto</Filter>
    </ClCompile>
    <ClCompile Include="..\..\libtom\crypto\hashes\md5.c">
      <Filter>libtom\crypto</Filter>
    </ClCompile>
    <ClCompile Include="..\..\libtom\crypto\hashes\rmd128.c">
      <Filter>libtom\crypto</Filter>
    </ClCompile>
    <ClCompile Include="..\..\libtom\crypto\hashes\rmd160.c">
      <Filter>libtom\crypto</Filter>
    </ClCompile>
    <ClCompile Include="..\..\libtom\crypto\hashes\rmd256.c">
      <Filter>libtom\crypto</Filter>
    </ClCompile>
    <ClCompile Include="..\..\libtom\crypto\hashes\rmd320.c">
      <Filter>libtom\crypto</Filter>
    </ClCompile>
    <ClCompile Include="..\..\libtom\crypto\hashes\sha1.c">
      <Filter>libtom\crypto</Filter>
    </ClCompile>
    <ClCompile Include="..\..\libtom\crypto\hashes\sha2\sha256.c">
      <Filter>libtom\crypto</Filter>
    </ClCompile>
    <ClCompile Include="..\..\libtom\crypto\hashes\sha2\sha512.c">
      <Filter>libtom\crypto</Filter>
    </ClCompile>
    <ClCompile Include="..\..\libtom\crypto\hashes\tiger.c">
      <Filter>libtom\crypto</Filter>
    </ClCompile>
    <ClCompile Include="..\..\libtom\crypto\hashes\whirl\whirl.c">
      <Filter>libtom\crypto</Filter>
    </ClCompile>
    <ClCompile Include="..\..\libtom\crypto\mac\f9\f9_done.c">
      <Filter>libtom\crypto</Filter>
    </ClCompile>
    <ClCompile Include="..\..\libtom\crypto\mac\f9\f9_file.c">
      <Filter>libtom\crypto</Filter>
    </ClCompile>
    <ClCompile Include="..\..\libtom\crypto\mac\f9\f9_init.c">
      <Filter>libtom\crypto</Filter>
    </ClCompile>
    <ClCompile Include="..\..\libtom\crypto\mac\f9\f9_memory.c">
      <Filter>libtom\crypto</Filter>
    </ClCompile>
    <ClCompile Include="..\..\libtom\crypto\mac\f9\f9_memory_multi.c">
      <Filter>libtom\crypto</Filter>
    </ClCompile>
    <ClCompile Include="..\..\libtom\crypto\mac\f9\f9_process.c">
      <Filter>libtom\crypto</Filter>
    </ClCompile>
    <ClCompile Include="..\..\libtom\crypto\mac\f9\f9_test.c">
      <Filter>libtom\crypto</Filter>
    </ClCompile>
    <ClCompile Include="..\..\libtom\crypto\mac\hmac\hmac_done.c">
      <Filter>libtom\crypto</Filter>
    </ClCompile>
    <ClCompile Include="..\..\libtom\crypto\mac\hmac\hmac_file.c">
      <Filter>libtom\crypto</Filter>
    </ClCompile>
    <ClCompile Include="..\..\libtom\crypto\mac\hmac\hmac_init.c">
      <Filter>libtom\crypto</Filter>
    </ClCompile>
    <ClCompile Include="..\..\libtom\crypto\mac\hmac\hmac_memory.c">
      <Filter>libtom\crypto</Filter>
    </ClCompile>
    <ClCompile Include="..\..\libtom\crypto\mac\hmac\hmac_memory_multi.c">
      <Filter>libtom\crypto</Filter>
    </ClCompile>
    <ClCompile Include="..\..\libtom\crypto\mac\hmac\hmac_process.c">
      <Filter>libtom\crypto</Filter>
    </ClCompile>
    <ClCompile Include="..\..\libtom\crypto\mac\hmac\hmac_test.c">
      <Filter>libtom\crypto</Filter>
    </ClCompile>
    <ClCompile Include="..\..\libtom\crypto\mac\omac\omac_done.c">
      <Filter>libtom\crypto</Filter>
    </ClCompile>
    <ClCompile Include="..\..\libtom\crypto\mac\omac\omac_file.c">
      <Filter>libtom\crypto</Filter>
    </ClCompile>
    <ClCompile Include="..\..\libtom\crypto\mac\omac\omac_init.c">
      <Filter>libtom\crypto</Filter>
    </ClCompile>
    <ClCompile Include="..\..\libtom\crypto\mac\omac\omac_memory.c">
      <Filter>libtom\crypto</Filter>
    </ClCompile>
    <ClCompile Include="..\..\libtom\crypto\mac\omac\omac_memory_multi.c">
      <Filter>libtom\crypto</Filter>
    </ClCompile>
    <ClCompile Include="..\..\libtom\crypto\mac\omac\omac_process.c">
      <Filter>libtom\crypto</Filter>
    </ClCompile>
    <ClCompile Include="..\..\libtom\crypto\mac\omac\omac_test.c">
      <Filter>libtom\crypto</Filter>
    </ClCompile>
    <ClCompile Include="..\..\libtom\crypto\mac\pelican\pelican.c">
      <Filter>libtom\crypto</Filter>
    </ClCompile>
    <ClCompile Include="..\..\libtom\crypto\mac\pelican\pelican_memory.c">
      <Filter>libtom\crypto</Filter>
    </ClCompile>
    <ClCompile Include="..\..\libtom\crypto\mac\pelican\pelican_test.c">
      <Filter>libtom\crypto</Filter>
    </ClCompile>
    <ClCompile Include="..\..\libtom\crypto\mac\pmac\pmac_done.c">
      <Filter>libtom\crypto</Filter>
    </ClCompile>
    <ClCompile Include="..\..\libtom\crypto\mac\pmac\pmac_file.c">
      <Filter>libtom\crypto</Filter>
    </ClCompile>
    <ClCompile Include="..\..\libtom\crypto\mac\pmac\pmac_init.c">
      <Filter>libtom\crypto</Filter>
    </ClCompile>
    <ClCompile Include="..\..\libtom\crypto\mac\pmac\pmac_memory.c">
      <Filter>libtom\crypto</Filter>
    </ClCompile>
    <ClCompile Include="..\..\libtom\crypto\mac\pmac\pmac_memory_multi.c">
      <Filter>libtom\crypto</Filter>
    </ClCompile>
    <ClCompile Include="..\..\libtom\crypto\mac\pmac\pmac_ntz.c">
      <Filter>libtom\crypto</Filter>
    </ClCompile>
    <ClCompile Include="..\..\libtom\crypto\mac\pmac\pmac_process.c">
      <Filter>libtom\crypto</Filter>
    </ClCompile>
    <ClCompile Include="..\..\libtom\crypto\mac\pmac\pmac_shift_xor.c">
      <Filter>libtom\crypto</Filter>
    </ClCompile>
    <ClCompile Include="..\..\libtom\crypto\mac\pmac\pmac_test.c">
      <Filter>libtom\crypto</Filter>
    </ClCompile>
    <ClCompile Include="..\..\libtom\crypto\mac\xcbc\xcbc_done.c">
      <Filter>libtom\crypto</Filter>
    </ClCompile>
    <ClCompile Include="..\..\libtom\crypto\mac\xcbc\xcbc_file.c">
      <Filter>libtom\crypto</Filter>
    </ClCompile>
    <ClCompile Include="..\..\libtom\crypto\mac\xcbc\xcbc_init.c">
      <Filter>libtom\crypto</Filter>
    </ClCompile>
    <ClCompile Include="..\..\libtom\crypto\mac\xcbc\xcbc_memory.c">
      <Filter>libtom\crypto</Filter>
    </ClCompile>
    <ClCompile Include="..\..\libtom\crypto\mac\xcbc\xcbc_memory_multi.c">
      <Filter>libtom\crypto</Filter>
    </ClCompile>
    <ClCompile Include="..\..\libtom\crypto\mac\xcbc\xcbc_process.c">
      <Filter>libtom\crypto</Filter>
    </ClCompile>
    <ClCompile Include="..\..\libtom\crypto\mac\xcbc\xcbc_test.c">
      <Filter>libtom\crypto</Filter>
    </ClCompile>
    <ClCompile Include="..\..\libtom\crypto\math\gmp_desc.c">
      <Filter>libtom\crypto</Filter>
    </ClCompile>
    <ClCompile Include="..\..\libtom\crypto\math\ltm_desc.c">
      <Filter>libtom\crypto</Filter>
    </ClCompile>
    <ClCompile Include="..\..\libtom\crypto\math\multi.c">
      <Filter>libtom\crypto</Filter>
    </ClCompile>
    <ClCompile Include="..\..\libtom\crypto\math\rand_prime.c">
      <Filter>libtom\crypto</Filter>
    </ClCompile>
    <ClCompile Include="..\..\libtom\crypto\math\tfm_desc.c">
      <Filter>libtom\crypto</Filter>
    </ClCompile>
    <ClCompile Include="..\..\libtom\crypto\misc\base64\base64_decode.c">
      <Filter>libtom\crypto</Filter>
    </ClCompile>
    <ClCompile Include="..\..\libtom\crypto\misc\base64\base64_encode.c">
      <Filter>libtom\crypto</Filter>
    </ClCompile>
    <ClCompile Include="..\..\libtom\crypto\misc\burn_stack.c">
      <Filter>libtom\crypto</Filter>
    </ClCompile>
    <ClCompile Include="..\..\libtom\crypto\misc\crypt\crypt.c">
      <Filter>libtom\crypto</Filter>
    </ClCompile>
    <ClCompile Include="..\..\libtom\crypto\misc\crypt\crypt_argchk.c">
      <Filter>libtom\crypto</Filter>
    </ClCompile>
    <ClCompile Include="..\..\libtom\crypto\misc\crypt\crypt_cipher_descriptor.c">
      <Filter>libtom\crypto</Filter>
    </ClCompile>
    <ClCompile Include="..\..\libtom\crypto\misc\crypt\crypt_cipher_is_valid.c">
      <Filter>libtom\crypto</Filter>
    </ClCompile>
    <ClCompile Include="..\..\libtom\crypto\misc\crypt\crypt_find_cipher.c">
      <Filter>libtom\crypto</Filter>
    </ClCompile>
    <ClCompile Include="..\..\libtom\crypto\misc\crypt\crypt_find_cipher_any.c">
      <Filter>libtom\crypto</Filter>
    </ClCompile>
    <ClCompile Include="..\..\libtom\crypto\misc\crypt\crypt_find_cipher_id.c">
      <Filter>libtom\crypto</Filter>
    </ClCompile>
    <ClCompile Include="..\..\libtom\crypto\misc\crypt\crypt_find_hash.c">
      <Filter>libtom\crypto</Filter>
    </ClCompile>
    <ClCompile Include="..\..\libtom\crypto\misc\crypt\crypt_find_hash_any.c">
      <Filter>libtom\crypto</Filter>
    </ClCompile>
    <ClCompile Include="..\..\libtom\crypto\misc\crypt\crypt_find_hash_id.c">
      <Filter>libtom\crypto</Filter>
    </ClCompile>
    <ClCompile Include="..\..\libtom\crypto\misc\crypt\crypt_find_hash_oid.c">
      <Filter>libtom\crypto</Filter>
    </ClCompile>
    <ClCompile Include="..\..\libtom\crypto\misc\crypt\crypt_find_prng.c">
      <Filter>libtom\crypto</Filter>
    </ClCompile>
    <ClCompile Include="..\..\libtom\crypto\misc\crypt\crypt_fsa.c">
      <Filter>libtom\crypto</Filter>
    </ClCompile>
    <ClCompile Include="..\..\libtom\crypto\misc\crypt\crypt_hash_descriptor.c">
      <Filter>libtom\crypto</Filter>
    </ClCompile>
    <ClCompile Include="..\..\libtom\crypto\misc\crypt\crypt_hash_is_valid.c">
      <Filter>libtom\crypto</Filter>
    </ClCompile>
    <ClCompile Include="..\..\libtom\crypto\misc\crypt\crypt_ltc_mp_descriptor.c">
      <Filter>libtom\crypto</Filter>
    </ClCompile>
    <ClCompile Include="..\..\libtom\crypto\misc\crypt\crypt_prng_descriptor.c">
      <Filter>libtom\crypto</Filter>
    </ClCompile>
    <ClCompile Include="..\..\libtom\crypto\misc\crypt\crypt_prng_is_valid.c">
      <Filter>libtom\crypto</Filter>
    </ClCompile>
    <ClCompile Include="..\..\libtom\crypto\misc\crypt\crypt_register_cipher.c">
      <Filter>libtom\crypto</Filter>
    </ClCompile>
    <ClCompile Include="..\..\libtom\crypto\misc\crypt\crypt_register_hash.c">
      <Filter>libtom\crypto</Filter>
    </ClCompile>
    <ClCompile Include="..\..\libtom\crypto\misc\crypt\crypt_register_prng.c">
      <Filter>libtom\crypto</Filter>
    </ClCompile>
    <ClCompile Include="..\..\libtom\crypto\misc\crypt\crypt_unregister_cipher.c">
      <Filter>libtom\crypto</Filter>
    </ClCompile>
    <ClCompile Include="..\..\libtom\crypto\misc\crypt\crypt_unregister_hash.c">
      <Filter>libtom\crypto</Filter>
    </ClCompile>
    <ClCompile Include="..\..\libtom\crypto\misc\crypt\crypt_unregister_prng.c">
      <Filter>libtom\crypto</Filter>
    </ClCompile>
    <ClCompile Include="..\..\libtom\crypto\misc\error_to_string.c">
      <Filter>libtom\crypto</Filter>
    </ClCompile>
    <ClCompile Include="..\..\libtom\crypto\misc\pkcs5\pkcs_5_1.c">
      <Filter>libtom\crypto</Filter>
    </ClCompile>
    <ClCompile Include="..\..\libtom\crypto\misc\pkcs5\pkcs_5_2.c">
      <Filter>libtom\crypto</Filter>
    </ClCompile>
    <ClCompile Include="..\..\libtom\crypto\misc\zeromem.c">
      <Filter>libtom\crypto</Filter>
    </ClCompile>
    <ClCompile Include="..\..\libtom\crypto\modes\cbc\cbc_decrypt.c">
      <Filter>libtom\crypto</Filter>
    </ClCompile>
    <ClCompile Include="..\..\libtom\crypto\modes\cbc\cbc_done.c">
      <Filter>libtom\crypto</Filter>
    </ClCompile>
    <ClCompile Include="..\..\libtom\crypto\modes\cbc\cbc_encrypt.c">
      <Filter>libtom\crypto</Filter>
    </ClCompile>
    <ClCompile Include="..\..\libtom\crypto\modes\cbc\cbc_getiv.c">
      <Filter>libtom\crypto</Filter>
    </ClCompile>
    <ClCompile Include="..\..\libtom\crypto\modes\cbc\cbc_setiv.c">
      <Filter>libtom\crypto</Filter>
    </ClCompile>
    <ClCompile Include="..\..\libtom\crypto\modes\cbc\cbc_start.c">
      <Filter>libtom\crypto</Filter>
    </ClCompile>
    <ClCompile Include="..\..\libtom\crypto\modes\cfb\cfb_decrypt.c">
      <Filter>libtom\crypto</Filter>
    </ClCompile>
    <ClCompile Include="..\..\libtom\crypto\modes\cfb\cfb_done.c">
      <Filter>libtom\crypto</Filter>
    </ClCompile>
    <ClCompile Include="..\..\libtom\crypto\modes\cfb\cfb_encrypt.c">
      <Filter>libtom\crypto</Filter>
    </ClCompile>
    <ClCompile Include="..\..\libtom\crypto\modes\cfb\cfb_getiv.c">
      <Filter>libtom\crypto</Filter>
    </ClCompile>
    <ClCompile Include="..\..\libtom\crypto\modes\cfb\cfb_setiv.c">
      <Filter>libtom\crypto</Filter>
    </ClCompile>
    <ClCompile Include="..\..\libtom\crypto\modes\cfb\cfb_start.c">
      <Filter>libtom\crypto</Filter>
    </ClCompile>
    <ClCompile Include="..\..\libtom\crypto\modes\ctr\ctr_decrypt.c">
      <Filter>libtom\crypto</Filter>
    </ClCompile>
    <ClCompile Include="..\..\libtom\crypto\modes\ctr\ctr_done.c">
      <Filter>libtom\crypto</Filter>
    </ClCompile>
    <ClCompile Include="..\..\libtom\crypto\modes\ctr\ctr_encrypt.c">
      <Filter>libtom\crypto</Filter>
    </ClCompile>
    <ClCompile Include="..\..\libtom\crypto\modes\ctr\ctr_getiv.c">
      <Filter>libtom\crypto</Filter>
    </ClCompile>
    <ClCompile Include="..\..\libtom\crypto\modes\ctr\ctr_setiv.c">
      <Filter>libtom\crypto</Filter>
    </ClCompile>
    <ClCompile Include="..\..\libtom\crypto\modes\ctr\ctr_start.c">
      <Filter>libtom\crypto</Filter>
    </ClCompile>
    <ClCompile Include="..\..\libtom\crypto\modes\ctr\ctr_test.c">
      <Filter>libtom\crypto</Filter>
    </ClCompile>
    <ClCompile Include="..\..\libtom\crypto\modes\ecb\ecb_decrypt.c">
      <Filter>libtom\crypto</Filter>
    </ClCompile>
    <ClCompile Include="..\..\libtom\crypto\modes\ecb\ecb_done.c">
      <Filter>libtom\crypto</Filter>
    </ClCompile>
    <ClCompile Include="..\..\libtom\crypto\modes\ecb\ecb_encrypt.c">
      <Filter>libtom\crypto</Filter>
    </ClCompile>
    <ClCompile Include="..\..\libtom\crypto\modes\ecb\ecb_start.c">
      <Filter>libtom\crypto</Filter>
    </ClCompile>
    <ClCompile Include="..\..\libtom\crypto\modes\f8\f8_decrypt.c">
      <Filter>libtom\crypto</Filter>
    </ClCompile>
    <ClCompile Include="..\..\libtom\crypto\modes\f8\f8_done.c">
      <Filter>libtom\crypto</Filter>
    </ClCompile>
    <ClCompile Include="..\..\libtom\crypto\modes\f8\f8_encrypt.c">
      <Filter>libtom\crypto</Filter>
    </ClCompile>
    <ClCompile Include="..\..\libtom\crypto\modes\f8\f8_getiv.c">
      <Filter>libtom\crypto</Filter>
    </ClCompile>
    <ClCompile Include="..\..\libtom\crypto\modes\f8\f8_setiv.c">
      <Filter>libtom\crypto</Filter>
    </ClCompile>
    <ClCompile Include="..\..\libtom\crypto\modes\f8\f8_start.c">
      <Filter>libtom\crypto</Filter>
    </ClCompile>
    <ClCompile Include="..\..\libtom\crypto\modes\f8\f8_test_mode.c">
      <Filter>libtom\crypto</Filter>
    </ClCompile>
    <ClCompile Include="..\..\libtom\crypto\modes\lrw\lrw_decrypt.c">
      <Filter>libtom\crypto</Filter>
    </ClCompile>
    <ClCompile Include="..\..\libtom\crypto\modes\lrw\lrw_done.c">
      <Filter>libtom\crypto</Filter>
    </ClCompile>
    <ClCompile Include="..\..\libtom\crypto\modes\lrw\lrw_encrypt.c">
      <Filter>libtom\crypto</Filter>
    </ClCompile>
    <ClCompile Include="..\..\libtom\crypto\modes\lrw\lrw_getiv.c">
      <Filter>libtom\crypto</Filter>
    </ClCompile>
    <ClCompile Include="..\..\libtom\crypto\modes\lrw\lrw_process.c">
      <Filter>libtom\crypto</Filter>
    </ClCompile>
    <ClCompile Include="..\..\libtom\crypto\modes\lrw\lrw_setiv.c">
      <Filter>libtom\crypto</Filter>
    </ClCompile>
    <ClCompile Include="..\..\libtom\crypto\modes\lrw\lrw_start.c">
      <Filter>libtom\crypto</Filter>
    </ClCompile>
    <ClCompile Include="..\..\libtom\crypto\modes\lrw\lrw_test.c">
      <Filter>libtom\crypto</Filter>
    </ClCompile>
    <ClCompile Include="..\..\libtom\crypto\modes\ofb\ofb_decrypt.c">
      <Filter>libtom\crypto</Filter>
    </ClCompile>
    <ClCompile Include="..\..\libtom\crypto\modes\ofb\ofb_done.c">
      <Filter>libtom\crypto</Filter>
    </ClCompile>
    <ClCompile Include="..\..\libtom\crypto\modes\ofb\ofb_encrypt.c">
      <Filter>libtom\crypto</Filter>
    </ClCompile>
    <ClCompile Include="..\..\libtom\crypto\modes\ofb\ofb_getiv.c">
      <Filter>libtom\crypto</Filter>
    </ClCompile>
    <ClCompile Include="..\..\libtom\crypto\modes\ofb\ofb_setiv.c">
      <Filter>libtom\crypto</Filter>
    </ClCompile>
    <ClCompile Include="..\..\libtom\crypto\modes\ofb\ofb_start.c">
      <Filter>libtom\crypto</Filter>
    </ClCompile>
    <ClCompile Include="..\..\libtom\crypto\modes\xts\xts_decrypt.c">
      <Filter>libtom\crypto</Filter>
    </ClCompile>
    <ClCompile Include="..\..\libtom\crypto\modes\xts\xts_done.c">
      <Filter>libtom\crypto</Filter>
    </ClCompile>
    <ClCompile Include="..\..\libtom\crypto\modes\xts\xts_encrypt.c">
      <Filter>libtom\crypto</Filter>
    </ClCompile>
    <ClCompile Include="..\..\libtom\crypto\modes\xts\xts_init.c">
      <Filter>libtom\crypto</Filter>
    </ClCompile>
    <ClCompile Include="..\..\libtom\crypto\modes\xts\xts_mult_x.c">
      <Filter>libtom\crypto</Filter>
    </ClCompile>
    <ClCompile Include="..\..\libtom\crypto\modes\xts\xts_test.c">
      <Filter>libtom\crypto</Filter>
    </ClCompile>
    <ClCompile Include="..\..\libtom\crypto\pk\asn1\der\bit\der_decode_bit_string.c">
      <Filter>libtom\crypto</Filter>
    </ClCompile>
    <ClCompile Include="..\..\libtom\crypto\pk\asn1\der\bit\der_encode_bit_string.c">
      <Filter>libtom\crypto</Filter>
    </ClCompile>
    <ClCompile Include="..\..\libtom\crypto\pk\asn1\der\bit\der_length_bit_string.c">
      <Filter>libtom\crypto</Filter>
    </ClCompile>
    <ClCompile Include="..\..\libtom\crypto\pk\asn1\der\boolean\der_decode_boolean.c">
      <Filter>libtom\crypto</Filter>
    </ClCompile>
    <ClCompile Include="..\..\libtom\crypto\pk\asn1\der\boolean\der_encode_boolean.c">
      <Filter>libtom\crypto</Filter>
    </ClCompile>
    <ClCompile Include="..\..\libtom\crypto\pk\asn1\der\boolean\der_length_boolean.c">
      <Filter>libtom\crypto</Filter>
    </ClCompile>
    <ClCompile Include="..\..\libtom\crypto\pk\asn1\der\choice\der_decode_choice.c">
      <Filter>libtom\crypto</Filter>
    </ClCompile>
    <ClCompile Include="..\..\libtom\crypto\pk\asn1\der\ia5\der_decode_ia5_string.c">
      <Filter>libtom\crypto</Filter>
    </ClCompile>
    <ClCompile Include="..\..\libtom\crypto\pk\asn1\der\ia5\der_encode_ia5_string.c">
      <Filter>libtom\crypto</Filter>
    </ClCompile>
    <ClCompile Include="..\..\libtom\crypto\pk\asn1\der\ia5\der_length_ia5_string.c">
      <Filter>libtom\crypto</Filter>
    </ClCompile>
    <ClCompile Include="..\..\libtom\crypto\pk\asn1\der\integer\der_decode_integer.c">
      <Filter>libtom\crypto</Filter>
    </ClCompile>
    <ClCompile Include="..\..\libtom\crypto\pk\asn1\der\integer\der_encode_integer.c">
      <Filter>libtom\crypto</Filter>
    </ClCompile>
    <ClCompile Include="..\..\libtom\crypto\pk\asn1\der\integer\der_length_integer.c">
      <Filter>libtom\crypto</Filter>
    </ClCompile>
    <ClCompile Include="..\..\libtom\crypto\pk\asn1\der\object_identifier\der_decode_object_identifier.c">
      <Filter>libtom\crypto</Filter>
    </ClCompile>
    <ClCompile Include="..\..\libtom\crypto\pk\asn1\der\object_identifier\der_encode_object_identifier.c">
      <Filter>libtom\crypto</Filter>
    </ClCompile>
    <ClCompile Include="..\..\libtom\crypto\pk\asn1\der\object_identifier\der_length_object_identifier.c">
      <Filter>libtom\crypto</Filter>
    </ClCompile>
    <ClCompile Include="..\..\libtom\crypto\pk\asn1\der\octet\der_decode_octet_string.c">
      <Filter>libtom\crypto</Filter>
    </ClCompile>
    <ClCompile Include="..\..\libtom\crypto\pk\asn1\der\octet\der_encode_octet_string.c">
      <Filter>libtom\crypto</Filter>
    </ClCompile>
    <ClCompile Include="..\..\libtom\crypto\pk\asn1\der\octet\der_length_octet_string.c">
      <Filter>libtom\crypto</Filter>
    </ClCompile>
    <ClCompile Include="..\..\libtom\crypto\pk\asn1\der\printable_string\der_decode_printable_string.c">
      <Filter>libtom\crypto</Filter>
    </ClCompile>
    <ClCompile Include="..\..\libtom\crypto\pk\asn1\der\printable_string\der_encode_printable_string.c">
      <Filter>libtom\crypto</Filter>
    </ClCompile>
    <ClCompile Include="..\..\libtom\crypto\pk\asn1\der\printable_string\der_length_printable_string.c">
      <Filter>libtom\crypto</Filter>
    </ClCompile>
    <ClCompile Include="..\..\libtom\crypto\pk\asn1\der\sequence\der_decode_sequence_ex.c">
      <Filter>libtom\crypto</Filter>
    </ClCompile>
    <ClCompile Include="..\..\libtom\crypto\pk\asn1\der\sequence\der_decode_sequence_flexi.c">
      <Filter>libtom\crypto</Filter>
    </ClCompile>
    <ClCompile Include="..\..\libtom\crypto\pk\asn1\der\sequence\der_decode_sequence_multi.c">
      <Filter>libtom\crypto</Filter>
    </ClCompile>
    <ClCompile Include="..\..\libtom\crypto\pk\asn1\der\sequence\der_encode_sequence_ex.c">
      <Filter>libtom\crypto</Filter>
    </ClCompile>
    <ClCompile Include="..\..\libtom\crypto\pk\asn1\der\sequence\der_encode_sequence_multi.c">
      <Filter>libtom\crypto</Filter>
    </ClCompile>
    <ClCompile Include="..\..\libtom\crypto\pk\asn1\der\sequence\der_length_sequence.c">
      <Filter>libtom\crypto</Filter>
    </ClCompile>
    <ClCompile Include="..\..\libtom\crypto\pk\asn1\der\sequence\der_sequence_free.c">
      <Filter>libtom\crypto</Filter>
    </ClCompile>
    <ClCompile Include="..\..\libtom\crypto\pk\asn1\der\set\der_encode_set.c">
      <Filter>libtom\crypto</Filter>
    </ClCompile>
    <ClCompile Include="..\..\libtom\crypto\pk\asn1\der\set\der_encode_setof.c">
      <Filter>libtom\crypto</Filter>
    </ClCompile>
    <ClCompile Include="..\..\libtom\crypto\pk\asn1\der\short_integer\der_decode_short_integer.c">
      <Filter>libtom\crypto</Filter>
    </ClCompile>
    <ClCompile Include="..\..\libtom\crypto\pk\asn1\der\short_integer\der_encode_short_integer.c">
      <Filter>libtom\crypto</Filter>
    </ClCompile>
    <ClCompile Include="..\..\libtom\crypto\pk\asn1\der\short_integer\der_length_short_integer.c">
      <Filter>libtom\crypto</Filter>
    </ClCompile>
    <ClCompile Include="..\..\libtom\crypto\pk\asn1\der\utctime\der_decode_utctime.c">
      <Filter>libtom\crypto</Filter>
    </ClCompile>
    <ClCompile Include="..\..\libtom\crypto\pk\asn1\der\utctime\der_encode_utctime.c">
      <Filter>libtom\crypto</Filter>
    </ClCompile>
    <ClCompile Include="..\..\libtom\crypto\pk\asn1\der\utctime\der_length_utctime.c">
      <Filter>libtom\crypto</Filter>
    </ClCompile>
    <ClCompile Include="..\..\libtom\crypto\pk\asn1\der\utf8\der_decode_utf8_string.c">
      <Filter>libtom\crypto</Filter>
    </ClCompile>
    <ClCompile Include="..\..\libtom\crypto\pk\asn1\der\utf8\der_encode_utf8_string.c">
      <Filter>libtom\crypto</Filter>
    </ClCompile>
    <ClCompile Include="..\..\libtom\crypto\pk\asn1\der\utf8\der_length_utf8_string.c">
      <Filter>libtom\crypto</Filter>
    </ClCompile>
    <ClCompile Include="..\..\libtom\crypto\pk\dsa\dsa_decrypt_key.c">
      <Filter>libtom\crypto</Filter>
    </ClCompile>
    <ClCompile Include="..\..\libtom\crypto\pk\dsa\dsa_encrypt_key.c">
      <Filter>libtom\crypto</Filter>
    </ClCompile>
    <ClCompile Include="..\..\libtom\crypto\pk\dsa\dsa_export.c">
      <Filter>libtom\crypto</Filter>
    </ClCompile>
    <ClCompile Include="..\..\libtom\crypto\pk\dsa\dsa_free.c">
      <Filter>libtom\crypto</Filter>
    </ClCompile>
    <ClCompile Include="..\..\libtom\crypto\pk\dsa\dsa_import.c">
      <Filter>libtom\crypto</Filter>
    </ClCompile>
    <ClCompile Include="..\..\libtom\crypto\pk\dsa\dsa_make_key.c">
      <Filter>libtom\crypto</Filter>
    </ClCompile>
    <ClCompile Include="..\..\libtom\crypto\pk\dsa\dsa_shared_secret.c">
      <Filter>libtom\crypto</Filter>
    </ClCompile>
    <ClCompile Include="..\..\libtom\crypto\pk\dsa\dsa_sign_hash.c">
      <Filter>libtom\crypto</Filter>
    </ClCompile>
    <ClCompile Include="..\..\libtom\crypto\pk\dsa\dsa_verify_hash.c">
      <Filter>libtom\crypto</Filter>
    </ClCompile>
    <ClCompile Include="..\..\libtom\crypto\pk\dsa\dsa_verify_key.c">
      <Filter>libtom\crypto</Filter>
    </ClCompile>
    <ClCompile Include="..\..\libtom\crypto\pk\katja\katja_decrypt_key.c">
      <Filter>libtom\crypto</Filter>
    </ClCompile>
    <ClCompile Include="..\..\libtom\crypto\pk\katja\katja_encrypt_key.c">
      <Filter>libtom\crypto</Filter>
    </ClCompile>
    <ClCompile Include="..\..\libtom\crypto\pk\katja\katja_export.c">
      <Filter>libtom\crypto</Filter>
    </ClCompile>
    <ClCompile Include="..\..\libtom\crypto\pk\katja\katja_exptmod.c">
      <Filter>libtom\crypto</Filter>
    </ClCompile>
    <ClCompile Include="..\..\libtom\crypto\pk\katja\katja_free.c">
      <Filter>libtom\crypto</Filter>
    </ClCompile>
    <ClCompile Include="..\..\libtom\crypto\pk\katja\katja_import.c">
      <Filter>libtom\crypto</Filter>
    </ClCompile>
    <ClCompile Include="..\..\libtom\crypto\pk\katja\katja_make_key.c">
      <Filter>libtom\crypto</Filter>
    </ClCompile>
    <ClCompile Include="..\..\libtom\crypto\pk\pkcs1\pkcs_1_i2osp.c">
      <Filter>libtom\crypto</Filter>
    </ClCompile>
    <ClCompile Include="..\..\libtom\crypto\pk\pkcs1\pkcs_1_mgf1.c">
      <Filter>libtom\crypto</Filter>
    </ClCompile>
    <ClCompile Include="..\..\libtom\crypto\pk\pkcs1\pkcs_1_oaep_decode.c">
      <Filter>libtom\crypto</Filter>
    </ClCompile>
    <ClCompile Include="..\..\libtom\crypto\pk\pkcs1\pkcs_1_oaep_encode.c">
      <Filter>libtom\crypto</Filter>
    </ClCompile>
    <ClCompile Include="..\..\libtom\crypto\pk\pkcs1\pkcs_1_os2ip.c">
      <Filter>libtom\crypto</Filter>
    </ClCompile>
    <ClCompile Include="..\..\libtom\crypto\pk\pkcs1\pkcs_1_pss_decode.c">
      <Filter>libtom\crypto</Filter>
    </ClCompile>
    <ClCompile Include="..\..\libtom\crypto\pk\pkcs1\pkcs_1_pss_encode.c">
      <Filter>libtom\crypto</Filter>
    </ClCompile>
    <ClCompile Include="..\..\libtom\crypto\pk\pkcs1\pkcs_1_v1_5_decode.c">
      <Filter>libtom\crypto</Filter>
    </ClCompile>
    <ClCompile Include="..\..\libtom\crypto\pk\pkcs1\pkcs_1_v1_5_encode.c">
      <Filter>libtom\crypto</Filter>
    </ClCompile>
    <ClCompile Include="..\..\libtom\crypto\pk\rsa\rsa_decrypt_key.c">
      <Filter>libtom\crypto</Filter>
    </ClCompile>
    <ClCompile Include="..\..\libtom\crypto\pk\rsa\rsa_encrypt_key.c">
      <Filter>libtom\crypto</Filter>
    </ClCompile>
    <ClCompile Include="..\..\libtom\crypto\pk\rsa\rsa_export.c">
      <Filter>libtom\crypto</Filter>
    </ClCompile>
    <ClCompile Include="..\..\libtom\crypto\pk\rsa\rsa_exptmod.c">
      <Filter>libtom\crypto</Filter>
    </ClCompile>
    <ClCompile Include="..\..\libtom\crypto\pk\rsa\rsa_free.c">
      <Filter>libtom\crypto</Filter>
    </ClCompile>
    <ClCompile Include="..\..\libtom\crypto\pk\rsa\rsa_import.c">
      <Filter>libtom\crypto</Filter>
    </ClCompile>
    <ClCompile Include="..\..\libtom\crypto\pk\rsa\rsa_make_key.c">
      <Filter>libtom\crypto</Filter>
    </ClCompile>
    <ClCompile Include="..\..\libtom\crypto\pk\rsa\rsa_sign_hash.c">
      <Filter>libtom\crypto</Filter>
    </ClCompile>
    <ClCompile Include="..\..\libtom\crypto\pk\rsa\rsa_verify_hash.c">
      <Filter>libtom\crypto</Filter>
    </ClCompile>
    <ClCompile Include="..\..\libtom\crypto\prngs\fortuna.c">
      <Filter>libtom\crypto</Filter>
    </ClCompile>
    <ClCompile Include="..\..\libtom\crypto\prngs\rc4.c">
      <Filter>libtom\crypto</Filter>
    </ClCompile>
    <ClCompile Include="..\..\libtom\crypto\prngs\rng_get_bytes.c">
      <Filter>libtom\crypto</Filter>
    </ClCompile>
    <ClCompile Include="..\..\libtom\crypto\prngs\rng_make_prng.c">
      <Filter>libtom\crypto</Filter>
    </ClCompile>
    <ClCompile Include="..\..\libtom\crypto\prngs\sprng.c">
      <Filter>libtom\crypto</Filter>
    </ClCompile>
    <ClCompile Include="..\..\libtom\crypto\prngs\yarrow.c">
      <Filter>libtom\crypto</Filter>
    </ClCompile>
    <ClCompile Include="..\..\libtom\math\bncore.c">
      <Filter>libtom\math</Filter>
    </ClCompile>
    <ClCompile Include="..\..\libtom\math\bn_error.c">
      <Filter>libtom\math</Filter>
    </ClCompile>
    <ClCompile Include="..\..\libtom\math\bn_fast_mp_invmod.c">
      <Filter>libtom\math</Filter>
    </ClCompile>
    <ClCompile Include="..\..\libtom\math\bn_fast_mp_montgomery_reduce.c">
      <Filter>libtom\math</Filter>
    </ClCompile>
    <ClCompile Include="..\..\libtom\math\bn_fast_s_mp_mul_digs.c">
      <Filter>libtom\math</Filter>
    </ClCompile>
    <ClCompile Include="..\..\libtom\math\bn_fast_s_mp_mul_high_digs.c">
      <Filter>libtom\math</Filter>
    </ClCompile>
    <ClCompile Include="..\..\libtom\math\bn_fast_s_mp_sqr.c">
      <Filter>libtom\math</Filter>
    </ClCompile>
    <ClCompile Include="..\..\libtom\math\bn_mp_2expt.c">
      <Filter>libtom\math</Filter>
    </ClCompile>
    <ClCompile Include="..\..\libtom\math\bn_mp_abs.c">
      <Filter>libtom\math</Filter>
    </ClCompile>
    <ClCompile Include="..\..\libtom\math\bn_mp_add.c">
      <Filter>libtom\math</Filter>
    </ClCompile>
    <ClCompile Include="..\..\libtom\math\bn_mp_addmod.c">
      <Filter>libtom\math</Filter>
    </ClCompile>
    <ClCompile Include="..\..\libtom\math\bn_mp_add_d.c">
      <Filter>libtom\math</Filter>
    </ClCompile>
    <ClCompile Include="..\..\libtom\math\bn_mp_and.c">
      <Filter>libtom\math</Filter>
    </ClCompile>
    <ClCompile Include="..\..\libtom\math\bn_mp_clamp.c">
      <Filter>libtom\math</Filter>
    </ClCompile>
    <ClCompile Include="..\..\libtom\math\bn_mp_clear.c">
      <Filter>libtom\math</Filter>
    </ClCompile>
    <ClCompile Include="..\..\libtom\math\bn_mp_clear_multi.c">
      <Filter>libtom\math</Filter>
    </ClCompile>
    <ClCompile Include="..\..\libtom\math\bn_mp_cmp.c">
      <Filter>libtom\math</Filter>
    </ClCompile>
    <ClCompile Include="..\..\libtom\math\bn_mp_cmp_d.c">
      <Filter>libtom\math</Filter>
    </ClCompile>
    <ClCompile Include="..\..\libtom\math\bn_mp_cmp_mag.c">
      <Filter>libtom\math</Filter>
    </ClCompile>
    <ClCompile Include="..\..\libtom\math\bn_mp_cnt_lsb.c">
      <Filter>libtom\math</Filter>
    </ClCompile>
    <ClCompile Include="..\..\libtom\math\bn_mp_copy.c">
      <Filter>libtom\math</Filter>
    </ClCompile>
    <ClCompile Include="..\..\libtom\math\bn_mp_count_bits.c">
      <Filter>libtom\math</Filter>
    </ClCompile>
    <ClCompile Include="..\..\libtom\math\bn_mp_div.c">
      <Filter>libtom\math</Filter>
    </ClCompile>
    <ClCompile Include="..\..\libtom\math\bn_mp_div_2.c">
      <Filter>libtom\math</Filter>
    </ClCompile>
    <ClCompile Include="..\..\libtom\math\bn_mp_div_2d.c">
      <Filter>libtom\math</Filter>
    </ClCompile>
    <ClCompile Include="..\..\libtom\math\bn_mp_div_3.c">
      <Filter>libtom\math</Filter>
    </ClCompile>
    <ClCompile Include="..\..\libtom\math\bn_mp_div_d.c">
      <Filter>libtom\math</Filter>
    </ClCompile>
    <ClCompile Include="..\..\libtom\math\bn_mp_dr_is_modulus.c">
      <Filter>libtom\math</Filter>
    </ClCompile>
    <ClCompile Include="..\..\libtom\math\bn_mp_dr_reduce.c">
      <Filter>libtom\math</Filter>
    </ClCompile>
    <ClCompile Include="..\..\libtom\math\bn_mp_dr_setup.c">
      <Filter>libtom\math</Filter>
    </ClCompile>
    <ClCompile Include="..\..\libtom\math\bn_mp_exch.c">
      <Filter>libtom\math</Filter>
    </ClCompile>
    <ClCompile Include="..\..\libtom\math\bn_mp_exptmod.c">
      <Filter>libtom\math</Filter>
    </ClCompile>
    <ClCompile Include="..\..\libtom\math\bn_mp_exptmod_fast.c">
      <Filter>libtom\math</Filter>
    </ClCompile>
    <ClCompile Include="..\..\libtom\math\bn_mp_expt_d.c">
      <Filter>libtom\math</Filter>
    </ClCompile>
    <ClCompile Include="..\..\libtom\math\bn_mp_exteuclid.c">
      <Filter>libtom\math</Filter>
    </ClCompile>
    <ClCompile Include="..\..\libtom\math\bn_mp_fread.c">
      <Filter>libtom\math</Filter>
    </ClCompile>
    <ClCompile Include="..\..\libtom\math\bn_mp_fwrite.c">
      <Filter>libtom\math</Filter>
    </ClCompile>
    <ClCompile Include="..\..\libtom\math\bn_mp_gcd.c">
      <Filter>libtom\math</Filter>
    </ClCompile>
    <ClCompile Include="..\..\libtom\math\bn_mp_get_int.c">
      <Filter>libtom\math</Filter>
    </ClCompile>
    <ClCompile Include="..\..\libtom\math\bn_mp_grow.c">
      <Filter>libtom\math</Filter>
    </ClCompile>
    <ClCompile Include="..\..\libtom\math\bn_mp_init.c">
      <Filter>libtom\math</Filter>
    </ClCompile>
    <ClCompile Include="..\..\libtom\math\bn_mp_init_copy.c">
      <Filter>libtom\math</Filter>
    </ClCompile>
    <ClCompile Include="..\..\libtom\math\bn_mp_init_multi.c">
      <Filter>libtom\math</Filter>
    </ClCompile>
    <ClCompile Include="..\..\libtom\math\bn_mp_init_set.c">
      <Filter>libtom\math</Filter>
    </ClCompile>
    <ClCompile Include="..\..\libtom\math\bn_mp_init_set_int.c">
      <Filter>libtom\math</Filter>
    </ClCompile>
    <ClCompile Include="..\..\libtom\math\bn_mp_init_size.c">
      <Filter>libtom\math</Filter>
    </ClCompile>
    <ClCompile Include="..\..\libtom\math\bn_mp_invmod.c">
      <Filter>libtom\math</Filter>
    </ClCompile>
    <ClCompile Include="..\..\libtom\math\bn_mp_invmod_slow.c">
      <Filter>libtom\math</Filter>
    </ClCompile>
    <ClCompile Include="..\..\libtom\math\bn_mp_is_square.c">
      <Filter>libtom\math</Filter>
    </ClCompile>
    <ClCompile Include="..\..\libtom\math\bn_mp_jacobi.c">
      <Filter>libtom\math</Filter>
    </ClCompile>
    <ClCompile Include="..\..\libtom\math\bn_mp_karatsuba_mul.c">
      <Filter>libtom\math</Filter>
    </ClCompile>
    <ClCompile Include="..\..\libtom\math\bn_mp_karatsuba_sqr.c">
      <Filter>libtom\math</Filter>
    </ClCompile>
    <ClCompile Include="..\..\libtom\math\bn_mp_lcm.c">
      <Filter>libtom\math</Filter>
    </ClCompile>
    <ClCompile Include="..\..\libtom\math\bn_mp_lshd.c">
      <Filter>libtom\math</Filter>
    </ClCompile>
    <ClCompile Include="..\..\libtom\math\bn_mp_mod.c">
      <Filter>libtom\math</Filter>
    </ClCompile>
    <ClCompile Include="..\..\libtom\math\bn_mp_mod_2d.c">
      <Filter>libtom\math</Filter>
    </ClCompile>
    <ClCompile Include="..\..\libtom\math\bn_mp_mod_d.c">
      <Filter>libtom\math</Filter>
    </ClCompile>
    <ClCompile Include="..\..\libtom\math\bn_mp_montgomery_calc_normalization.c">
      <Filter>libtom\math</Filter>
    </ClCompile>
    <ClCompile Include="..\..\libtom\math\bn_mp_montgomery_reduce.c">
      <Filter>libtom\math</Filter>
    </ClCompile>
    <ClCompile Include="..\..\libtom\math\bn_mp_montgomery_setup.c">
      <Filter>libtom\math</Filter>
    </ClCompile>
    <ClCompile Include="..\..\libtom\math\bn_mp_mul.c">
      <Filter>libtom\math</Filter>
    </ClCompile>
    <ClCompile Include="..\..\libtom\math\bn_mp_mulmod.c">
      <Filter>libtom\math</Filter>
    </ClCompile>
    <ClCompile Include="..\..\libtom\math\bn_mp_mul_2.c">
      <Filter>libtom\math</Filter>
    </ClCompile>
    <ClCompile Include="..\..\libtom\math\bn_mp_mul_2d.c">
      <Filter>libtom\math</Filter>
    </ClCompile>
    <ClCompile Include="..\..\libtom\math\bn_mp_mul_d.c">
      <Filter>libtom\math</Filter>
    </ClCompile>
    <ClCompile Include="..\..\libtom\math\bn_mp_neg.c">
      <Filter>libtom\math</Filter>
    </ClCompile>
    <ClCompile Include="..\..\libtom\math\bn_mp_n_root.c">
      <Filter>libtom\math</Filter>
    </ClCompile>
    <ClCompile Include="..\..\libtom\math\bn_mp_or.c">
      <Filter>libtom\math</Filter>
    </ClCompile>
    <ClCompile Include="..\..\libtom\math\bn_mp_prime_fermat.c">
      <Filter>libtom\math</Filter>
    </ClCompile>
    <ClCompile Include="..\..\libtom\math\bn_mp_prime_is_divisible.c">
      <Filter>libtom\math</Filter>
    </ClCompile>
    <ClCompile Include="..\..\libtom\math\bn_mp_prime_is_prime.c">
      <Filter>libtom\math</Filter>
    </ClCompile>
    <ClCompile Include="..\..\libtom\math\bn_mp_prime_miller_rabin.c">
      <Filter>libtom\math</Filter>
    </ClCompile>
    <ClCompile Include="..\..\libtom\math\bn_mp_prime_next_prime.c">
      <Filter>libtom\math</Filter>
    </ClCompile>
    <ClCompile Include="..\..\libtom\math\bn_mp_prime_rabin_miller_trials.c">
      <Filter>libtom\math</Filter>
    </ClCompile>
    <ClCompile Include="..\..\libtom\math\bn_mp_prime_random_ex.c">
      <Filter>libtom\math</Filter>
    </ClCompile>
    <ClCompile Include="..\..\libtom\math\bn_mp_radix_size.c">
      <Filter>libtom\math</Filter>
    </ClCompile>
    <ClCompile Include="..\..\libtom\math\bn_mp_radix_smap.c">
      <Filter>libtom\math</Filter>
    </ClCompile>
    <ClCompile Include="..\..\libtom\math\bn_mp_rand.c">
      <Filter>libtom\math</Filter>
    </ClCompile>
    <ClCompile Include="..\..\libtom\math\bn_mp_read_radix.c">
      <Filter>libtom\math</Filter>
    </ClCompile>
    <ClCompile Include="..\..\libtom\math\bn_mp_read_signed_bin.c">
      <Filter>libtom\math</Filter>
    </ClCompile>
    <ClCompile Include="..\..\libtom\math\bn_mp_read_unsigned_bin.c">
      <Filter>libtom\math</Filter>
    </ClCompile>
    <ClCompile Include="..\..\libtom\math\bn_mp_reduce.c">
      <Filter>libtom\math</Filter>
    </ClCompile>
    <ClCompile Include="..\..\libtom\math\bn_mp_reduce_2k.c">
      <Filter>libtom\math</Filter>
    </ClCompile>
    <ClCompile Include="..\..\libtom\math\bn_mp_reduce_2k_l.c">
      <Filter>libtom\math</Filter>
    </ClCompile>
    <ClCompile Include="..\..\libtom\math\bn_mp_reduce_2k_setup.c">
      <Filter>libtom\math</Filter>
    </ClCompile>
    <ClCompile Include="..\..\libtom\math\bn_mp_reduce_2k_setup_l.c">
      <Filter>libtom\math</Filter>
    </ClCompile>
    <ClCompile Include="..\..\libtom\math\bn_mp_reduce_is_2k.c">
      <Filter>libtom\math</Filter>
    </ClCompile>
    <ClCompile Include="..\..\libtom\math\bn_mp_reduce_is_2k_l.c">
      <Filter>libtom\math</Filter>
    </ClCompile>
    <ClCompile Include="..\..\libtom\math\bn_mp_reduce_setup.c">
      <Filter>libtom\math</Filter>
    </ClCompile>
    <ClCompile Include="..\..\libtom\math\bn_mp_rshd.c">
      <Filter>libtom\math</Filter>
    </ClCompile>
    <ClCompile Include="..\..\libtom\math\bn_mp_set.c">
      <Filter>libtom\math</Filter>
    </ClCompile>
    <ClCompile Include="..\..\libtom\math\bn_mp_set_int.c">
      <Filter>libtom\math</Filter>
    </ClCompile>
    <ClCompile Include="..\..\libtom\math\bn_mp_shrink.c">
      <Filter>libtom\math</Filter>
    </ClCompile>
    <ClCompile Include="..\..\libtom\math\bn_mp_signed_bin_size.c">
      <Filter>libtom\math</Filter>
    </ClCompile>
    <ClCompile Include="..\..\libtom\math\bn_mp_sqr.c">
      <Filter>libtom\math</Filter>
    </ClCompile>
    <ClCompile Include="..\..\libtom\math\bn_mp_sqrmod.c">
      <Filter>libtom\math</Filter>
    </ClCompile>
    <ClCompile Include="..\..\libtom\math\bn_mp_sqrt.c">
      <Filter>libtom\math</Filter>
    </ClCompile>
    <ClCompile Include="..\..\libtom\math\bn_mp_sub.c">
      <Filter>libtom\math</Filter>
    </ClCompile>
    <ClCompile Include="..\..\libtom\math\bn_mp_submod.c">
      <Filter>libtom\math</Filter>
    </ClCompile>
    <ClCompile Include="..\..\libtom\math\bn_mp_sub_d.c">
      <Filter>libtom\math</Filter>
    </ClCompile>
    <ClCompile Include="..\..\libtom\math\bn_mp_toom_mul.c">
      <Filter>libtom\math</Filter>
    </ClCompile>
    <ClCompile Include="..\..\libtom\math\bn_mp_toom_sqr.c">
      <Filter>libtom\math</Filter>
    </ClCompile>
    <ClCompile Include="..\..\libtom\math\bn_mp_toradix.c">
      <Filter>libtom\math</Filter>
    </ClCompile>
    <ClCompile Include="..\..\libtom\math\bn_mp_toradix_n.c">
      <Filter>libtom\math</Filter>
    </ClCompile>
    <ClCompile Include="..\..\libtom\math\bn_mp_to_signed_bin.c">
      <Filter>libtom\math</Filter>
    </ClCompile>
    <ClCompile Include="..\..\libtom\math\bn_mp_to_signed_bin_n.c">
      <Filter>libtom\math</Filter>
    </ClCompile>
    <ClCompile Include="..\..\libtom\math\bn_mp_to_unsigned_bin.c">
      <Filter>libtom\math</Filter>
    </ClCompile>
    <ClCompile Include="..\..\libtom\math\bn_mp_to_unsigned_bin_n.c">
      <Filter>libtom\math</Filter>
    </ClCompile>
    <ClCompile Include="..\..\libtom\math\bn_mp_unsigned_bin_size.c">
      <Filter>libtom\math</Filter>
    </ClCompile>
    <ClCompile Include="..\..\libtom\math\bn_mp_xor.c">
      <Filter>libtom\math</Filter>
    </ClCompile>
    <ClCompile Include="..\..\libtom\math\bn_mp_zero.c">
      <Filter>libtom\math</Filter>
    </ClCompile>
    <ClCompile Include="..\..\libtom\math\bn_prime_tab.c">
      <Filter>libtom\math</Filter>
    </ClCompile>
    <ClCompile Include="..\..\libtom\math\bn_reverse.c">
      <Filter>libtom\math</Filter>
    </ClCompile>
    <ClCompile Include="..\..\libtom\math\bn_s_mp_add.c">
      <Filter>libtom\math</Filter>
    </ClCompile>
    <ClCompile Include="..\..\libtom\math\bn_s_mp_exptmod.c">
      <Filter>libtom\math</Filter>
    </ClCompile>
    <ClCompile Include="..\..\libtom\math\bn_s_mp_mul_digs.c">
      <Filter>libtom\math</Filter>
    </ClCompile>
    <ClCompile Include="..\..\libtom\math\bn_s_mp_mul_high_digs.c">
      <Filter>libtom\math</Filter>
    </ClCompile>
    <ClCompile Include="..\..\libtom\math\bn_s_mp_sqr.c">
      <Filter>libtom\math</Filter>
    </ClCompile>
    <ClCompile Include="..\..\libtom\math\bn_s_mp_sub.c">
      <Filter>libtom\math</Filter>
    </ClCompile>
    <ClCompile Include="..\..\zlib\adler32.c">
      <Filter>zlib</Filter>
    </ClCompile>
    <ClCompile Include="..\..\zlib\compress.c">
      <Filter>zlib</Filter>
    </ClCompile>
    <ClCompile Include="..\..\zlib\crc32.c">
      <Filter>zlib</Filter>
    </ClCompile>
    <ClCompile Include="..\..\zlib\deflate.c">
      <Filter>zlib</Filter>
    </ClCompile>
    <ClCompile Include="..\..\zlib\gzclose.c">
      <Filter>zlib</Filter>
    </ClCompile>
    <ClCompile Include="..\..\zlib\gzlib.c">
      <Filter>zlib</Filter>
    </ClCompile>
    <ClCompile Include="..\..\zlib\gzwrite.c">
      <Filter>zlib</Filter>
    </ClCompile>
    <ClCompile Include="..\..\zlib\infback.c">
      <Filter>zlib</Filter>
    </ClCompile>
    <ClCompile Include="..\..\zlib\inffast.c">
      <Filter>zlib</Filter>
    </ClCompile>
    <ClCompile Include="..\..\zlib\inflate.c">
      <Filter>zlib</Filter>
    </ClCompile>
    <ClCompile Include="..\..\zlib\inftrees.c">
      <Filter>zlib</Filter>
    </ClCompile>
    <ClCompile Include="..\..\zlib\trees.c">
      <Filter>zlib</Filter>
    </ClCompile>
    <ClCompile Include="..\..\zlib\uncompr.c">
      <Filter>zlib</Filter>
    </ClCompile>
    <ClCompile Include="..\..\zlib\zutil.c">
      <Filter>zlib</Filter>
    </ClCompile>
  </ItemGroup>
  <ItemGroup>
    <CustomBuild Include="..\..\libtom\crypto\headers\ProudTomCrypto.h">
      <Filter>libtom\crypto</Filter>
    </CustomBuild>
  </ItemGroup>
  <ItemGroup>
    <ClInclude Include="..\..\libtom\math\ProudTomMath.h">
      <Filter>libtom\math</Filter>
    </ClInclude>
    <ClInclude Include="..\..\libtom\math\tommath.h">
      <Filter>libtom\math</Filter>
    </ClInclude>
    <ClInclude Include="..\..\libtom\math\tommath_class.h">
      <Filter>libtom\math</Filter>
    </ClInclude>
    <ClInclude Include="..\..\libtom\math\tommath_superclass.h">
      <Filter>libtom\math</Filter>
    </ClInclude>
    <ClInclude Include="..\..\zlib\zconf.h">
      <Filter>zlib</Filter>
    </ClInclude>
  </ItemGroup>
</Project>