<?xml version="1.0" encoding="utf-8"?>
<Project ToolsVersion="4.0" xmlns="http://schemas.microsoft.com/developer/msbuild/2003">
  <ItemGroup>
    <ClCompile Include="FileRW.cpp">
      <Filter>Source Files</Filter>
    </ClCompile>
    <ClCompile Include="stdafx.cpp">
      <Filter>Source Files</Filter>
    </ClCompile>
    <ClCompile Include="StdioFileEx2.cpp">
      <Filter>Source Files</Filter>
    </ClCompile>
    <ClCompile Include="SymmetricEncrypt.cpp">
      <Filter>Source Files</Filter>
    </ClCompile>
    <ClCompile Include="Util.cpp">
      <Filter>Source Files</Filter>
    </ClCompile>
    <ClCompile Include="Vars.cpp">
      <Filter>Source Files</Filter>
    </ClCompile>
    <ClCompile Include="WaterMarkMgr.cpp">
      <Filter>Source Files</Filter>
    </ClCompile>
    <ClCompile Include="WaterMarkStrMgr.cpp">
      <Filter>Source Files</Filter>
    </ClCompile>
  </ItemGroup>
  <ItemGroup>
    <ClInclude Include="FileRW.h">
      <Filter>Header Files</Filter>
    </ClInclude>
    <ClInclude Include="stdafx.h">
      <Filter>Header Files</Filter>
    </ClInclude>
    <ClInclude Include="StdioFileEx2.h">
      <Filter>Header Files</Filter>
    </ClInclude>
    <ClInclude Include="SymmetricEncrypt.h">
      <Filter>Header Files</Filter>
    </ClInclude>
    <ClInclude Include="targetver.h">
      <Filter>Header Files</Filter>
    </ClInclude>
    <ClInclude Include="Util.h">
      <Filter>Header Files</Filter>
    </ClInclude>
    <ClInclude Include="Vars.h">
      <Filter>Header Files</Filter>
    </ClInclude>
    <ClInclude Include="WaterMarkMgr.h">
      <Filter>Header Files</Filter>
    </ClInclude>
    <ClInclude Include="WaterMarkStrMgr.h">
      <Filter>Header Files</Filter>
    </ClInclude>
  </ItemGroup>
  <ItemGroup>
    <Filter Include="Header Files">
      <UniqueIdentifier>{e9ef83e4-50ec-4d31-a86b-b1ba71dd4f75}</UniqueIdentifier>
    </Filter>
    <Filter Include="Resource Files">
      <UniqueIdentifier>{142a48c3-f99e-477f-a05e-1254aa0fc1c2}</UniqueIdentifier>
    </Filter>
    <Filter Include="Source Files">
      <UniqueIdentifier>{7582d017-f168-43aa-81ef-a827e4024e63}</UniqueIdentifier>
    </Filter>
  </ItemGroup>
</Project>