Microsoft Visual Studio Solution File, Format Version 12.00
# Visual Studio 14
VisualStudioVersion = 14.0.25420.1
MinimumVisualStudioVersion = 10.0.40219.1
Project("{FAE04EC0-301F-11D3-BF4B-00C04F79EFBC}") = "JS NetClient", "..\..\srcTypeScript\NetClient\NetClient\JS NetClient.csproj", "{97A356B2-C20B-4630-BAFB-2B2AABD3949B}"
EndProject
Project("{FAE04EC0-301F-11D3-BF4B-00C04F79EFBC}") = "ProudNetClientPlugin-webgl", "ProudNetClientPlugin-webgl\ProudNetClientPlugin-webgl.csproj", "{60EBBE75-A813-4D65-9404-FFA5A2166657}"
EndProject
Project("{FAE04EC0-301F-11D3-BF4B-00C04F79EFBC}") = "Unity NetClient", "NetClient\Unity NetClient.csproj", "{B5E13B99-44DF-437A-9601-F8960C0E6727}"
EndProject
Global
	GlobalSection(SolutionConfigurationPlatforms) = preSolution
		Debug|Any CPU = Debug|Any CPU
		Release|Any CPU = Release|Any CPU
	EndGlobalSection
	GlobalSection(ProjectConfigurationPlatforms) = postSolution
		{97A356B2-C20B-4630-BAFB-2B2AABD3949B}.Debug|Any CPU.ActiveCfg = Debug|Any CPU
		{97A356B2-C20B-4630-BAFB-2B2AABD3949B}.Debug|Any CPU.Build.0 = Debug|Any CPU
		{97A356B2-C20B-4630-BAFB-2B2AABD3949B}.Release|Any CPU.ActiveCfg = Release|Any CPU
		{97A356B2-C20B-4630-BAFB-2B2AABD3949B}.Release|Any CPU.Build.0 = Release|Any CPU
		{60EBBE75-A813-4D65-9404-FFA5A2166657}.Debug|Any CPU.ActiveCfg = Debug|Any CPU
		{60EBBE75-A813-4D65-9404-FFA5A2166657}.Debug|Any CPU.Build.0 = Debug|Any CPU
		{60EBBE75-A813-4D65-9404-FFA5A2166657}.Release|Any CPU.ActiveCfg = Release|Any CPU
		{60EBBE75-A813-4D65-9404-FFA5A2166657}.Release|Any CPU.Build.0 = Release|Any CPU
		{B5E13B99-44DF-437A-9601-F8960C0E6727}.Debug|Any CPU.ActiveCfg = Debug|Any CPU
		{B5E13B99-44DF-437A-9601-F8960C0E6727}.Debug|Any CPU.Build.0 = Debug|Any CPU
		{B5E13B99-44DF-437A-9601-F8960C0E6727}.Release|Any CPU.ActiveCfg = Release|Any CPU
		{B5E13B99-44DF-437A-9601-F8960C0E6727}.Release|Any CPU.Build.0 = Release|Any CPU
	EndGlobalSection
	GlobalSection(SolutionProperties) = preSolution
		HideSolutionNode = FALSE
	EndGlobalSection
EndGlobal
