<?xml version="1.0" encoding="utf-8"?>
<Project ToolsVersion="4.0" xmlns="http://schemas.microsoft.com/developer/msbuild/2003">
  <ItemGroup>
    <Filter Include="Source Files">
      <UniqueIdentifier>{4FC737F1-C7A5-4376-A066-2A32D752A2FF}</UniqueIdentifier>
      <Extensions>cpp;c;cc;cxx;c++;cppm;ixx;def;odl;idl;hpj;bat;asm;asmx</Extensions>
    </Filter>
    <Filter Include="Header Files">
      <UniqueIdentifier>{93995380-89BD-4b04-88EB-625FBE52EBFB}</UniqueIdentifier>
      <Extensions>h;hh;hpp;hxx;h++;hm;inl;inc;ipp;xsd</Extensions>
    </Filter>
    <Filter Include="Resource Files">
      <UniqueIdentifier>{67DA6AB6-F800-4c08-8B7A-83BB121AAD01}</UniqueIdentifier>
      <Extensions>rc;ico;cur;bmp;dlg;rc2;rct;bin;rgs;gif;jpg;jpeg;jpe;resx;tiff;tif;png;wav;mfcribbon-ms</Extensions>
    </Filter>
  </ItemGroup>
  <ItemGroup>
    <ClInclude Include="BattleClient.h">
      <Filter>Header Files</Filter>
    </ClInclude>
    <ClInclude Include="BattleForm.h">
      <Filter>Header Files</Filter>
    </ClInclude>
    <ClInclude Include="BattleWaitingForm.h">
      <Filter>Header Files</Filter>
    </ClInclude>
    <ClInclude Include="Bullet_C.h">
      <Filter>Header Files</Filter>
    </ClInclude>
    <ClInclude Include="ClientBase.h">
      <Filter>Header Files</Filter>
    </ClInclude>
    <ClInclude Include="ConnectForm.h">
      <Filter>Header Files</Filter>
    </ClInclude>
    <ClInclude Include="DXUTForm.h">
      <Filter>Header Files</Filter>
    </ClInclude>
    <ClInclude Include="EntryClient.h">
      <Filter>Header Files</Filter>
    </ClInclude>
    <ClInclude Include="ErrorForm.h">
      <Filter>Header Files</Filter>
    </ClInclude>
    <ClInclude Include="GameObject_C.h">
      <Filter>Header Files</Filter>
    </ClInclude>
    <ClInclude Include="GCClient.h">
      <Filter>Header Files</Filter>
    </ClInclude>
    <ClInclude Include="GCClientDlg.h">
      <Filter>Header Files</Filter>
    </ClInclude>
    <ClInclude Include="Item_C.h">
      <Filter>Header Files</Filter>
    </ClInclude>
    <ClInclude Include="JoinForm.h">
      <Filter>Header Files</Filter>
    </ClInclude>
    <ClInclude Include="LobbyChannelForm.h">
      <Filter>Header Files</Filter>
    </ClInclude>
    <ClInclude Include="LobbyClient.h">
      <Filter>Header Files</Filter>
    </ClInclude>
    <ClInclude Include="MainWindow.h">
      <Filter>Header Files</Filter>
    </ClInclude>
    <ClInclude Include="NewHeroForm.h">
      <Filter>Header Files</Filter>
    </ClInclude>
    <ClInclude Include="NewRoomForm.h">
      <Filter>Header Files</Filter>
    </ClInclude>
    <ClInclude Include="Resource.h">
      <Filter>Header Files</Filter>
    </ClInclude>
    <ClInclude Include="SelectChannelForm.h">
      <Filter>Header Files</Filter>
    </ClInclude>
    <ClInclude Include="SelectHeroForm.h">
      <Filter>Header Files</Filter>
    </ClInclude>
    <ClInclude Include="stdafx.h">
      <Filter>Header Files</Filter>
    </ClInclude>
    <ClInclude Include="World.h">
      <Filter>Header Files</Filter>
    </ClInclude>
  </ItemGroup>
  <ItemGroup>
    <ClCompile Include="BattleClient.cpp">
      <Filter>Source Files</Filter>
    </ClCompile>
    <ClCompile Include="BattleForm.cpp">
      <Filter>Source Files</Filter>
    </ClCompile>
    <ClCompile Include="BattleWaitingForm.cpp">
      <Filter>Source Files</Filter>
    </ClCompile>
    <ClCompile Include="Bullet_C.cpp">
      <Filter>Source Files</Filter>
    </ClCompile>
    <ClCompile Include="ClientBase.cpp">
      <Filter>Source Files</Filter>
    </ClCompile>
    <ClCompile Include="ConnectForm.cpp">
      <Filter>Source Files</Filter>
    </ClCompile>
    <ClCompile Include="EntryClient.cpp">
      <Filter>Source Files</Filter>
    </ClCompile>
    <ClCompile Include="ErrorForm.cpp">
      <Filter>Source Files</Filter>
    </ClCompile>
    <ClCompile Include="GameObject_C.cpp">
      <Filter>Source Files</Filter>
    </ClCompile>
    <ClCompile Include="GCClient.cpp">
      <Filter>Source Files</Filter>
    </ClCompile>
    <ClCompile Include="GCClientDlg.cpp">
      <Filter>Source Files</Filter>
    </ClCompile>
    <ClCompile Include="Item_C.cpp">
      <Filter>Source Files</Filter>
    </ClCompile>
    <ClCompile Include="JoinForm.cpp">
      <Filter>Source Files</Filter>
    </ClCompile>
    <ClCompile Include="LobbyChannelForm.cpp">
      <Filter>Source Files</Filter>
    </ClCompile>
    <ClCompile Include="LobbyClient.cpp">
      <Filter>Source Files</Filter>
    </ClCompile>
    <ClCompile Include="MainWindow.cpp">
      <Filter>Source Files</Filter>
    </ClCompile>
    <ClCompile Include="NewHeroForm.cpp">
      <Filter>Source Files</Filter>
    </ClCompile>
    <ClCompile Include="NewRoomForm.cpp">
      <Filter>Source Files</Filter>
    </ClCompile>
    <ClCompile Include="SelectChannelForm.cpp">
      <Filter>Source Files</Filter>
    </ClCompile>
    <ClCompile Include="SelectHeroForm.cpp">
      <Filter>Source Files</Filter>
    </ClCompile>
    <ClCompile Include="stdafx.cpp">
      <Filter>Source Files</Filter>
    </ClCompile>
    <ClCompile Include="World.cpp">
      <Filter>Source Files</Filter>
    </ClCompile>
  </ItemGroup>
  <ItemGroup>
    <ResourceCompile Include="GCClient.rc">
      <Filter>Resource Files</Filter>
    </ResourceCompile>
  </ItemGroup>
</Project>