
Microsoft Visual Studio Solution File, Format Version 12.00
# Visual Studio Version 17
VisualStudioVersion = 17.4.33110.190
MinimumVisualStudioVersion = 10.0.40219.1
Project("{8BC9CEB8-8B4A-11D0-8D11-00A0C91BC942}") = "1) Simple-Mssql", "Simple-Mssql\Simple-Mssql.vcxproj", "{49D80EA2-217B-4B56-B532-8D3A983736C6}"
EndProject
Project("{8BC9CEB8-8B4A-11D0-8D11-00A0C91BC942}") = "2) Simple-MssqlImage", "Simple-MssqlImage\Simple-MssqlImage.vcxproj", "{A4AD6F25-1350-415B-A6D2-AFBC05E9FCEE}"
EndProject
Project("{8BC9CEB8-8B4A-11D0-8D11-00A0C91BC942}") = "3) Simple-MssqlXml", "Simple-MssqlXml\Simple-MssqlXml.vcxproj", "{9AD2E6F3-4DB6-45E5-9CC6-066BA1F6D385}"
EndProject
Project("{8BC9CEB8-8B4A-11D0-8D11-00A0C91BC942}") = "Simple-Mysql", "Simple-Mysql\Simple-Mysql.vcxproj", "{5A06DE9E-1C40-427F-B181-05592E3EDEB0}"
EndProject
Global
	GlobalSection(SolutionConfigurationPlatforms) = preSolution
		Debug|x64 = Debug|x64
		Debug|x86 = Debug|x86
		Release|x64 = Release|x64
		Release|x86 = Release|x86
	EndGlobalSection
	GlobalSection(ProjectConfigurationPlatforms) = postSolution
		{49D80EA2-217B-4B56-B532-8D3A983736C6}.Debug|x64.ActiveCfg = Debug|x64
		{49D80EA2-217B-4B56-B532-8D3A983736C6}.Debug|x64.Build.0 = Debug|x64
		{49D80EA2-217B-4B56-B532-8D3A983736C6}.Debug|x86.ActiveCfg = Debug|Win32
		{49D80EA2-217B-4B56-B532-8D3A983736C6}.Debug|x86.Build.0 = Debug|Win32
		{49D80EA2-217B-4B56-B532-8D3A983736C6}.Release|x64.ActiveCfg = Release|x64
		{49D80EA2-217B-4B56-B532-8D3A983736C6}.Release|x64.Build.0 = Release|x64
		{49D80EA2-217B-4B56-B532-8D3A983736C6}.Release|x86.ActiveCfg = Release|Win32
		{49D80EA2-217B-4B56-B532-8D3A983736C6}.Release|x86.Build.0 = Release|Win32
		{A4AD6F25-1350-415B-A6D2-AFBC05E9FCEE}.Debug|x64.ActiveCfg = Debug|x64
		{A4AD6F25-1350-415B-A6D2-AFBC05E9FCEE}.Debug|x64.Build.0 = Debug|x64
		{A4AD6F25-1350-415B-A6D2-AFBC05E9FCEE}.Debug|x86.ActiveCfg = Debug|Win32
		{A4AD6F25-1350-415B-A6D2-AFBC05E9FCEE}.Debug|x86.Build.0 = Debug|Win32
		{A4AD6F25-1350-415B-A6D2-AFBC05E9FCEE}.Release|x64.ActiveCfg = Release|x64
		{A4AD6F25-1350-415B-A6D2-AFBC05E9FCEE}.Release|x64.Build.0 = Release|x64
		{A4AD6F25-1350-415B-A6D2-AFBC05E9FCEE}.Release|x86.ActiveCfg = Release|Win32
		{A4AD6F25-1350-415B-A6D2-AFBC05E9FCEE}.Release|x86.Build.0 = Release|Win32
		{9AD2E6F3-4DB6-45E5-9CC6-066BA1F6D385}.Debug|x64.ActiveCfg = Debug|x64
		{9AD2E6F3-4DB6-45E5-9CC6-066BA1F6D385}.Debug|x64.Build.0 = Debug|x64
		{9AD2E6F3-4DB6-45E5-9CC6-066BA1F6D385}.Debug|x86.ActiveCfg = Debug|Win32
		{9AD2E6F3-4DB6-45E5-9CC6-066BA1F6D385}.Debug|x86.Build.0 = Debug|Win32
		{9AD2E6F3-4DB6-45E5-9CC6-066BA1F6D385}.Release|x64.ActiveCfg = Release|x64
		{9AD2E6F3-4DB6-45E5-9CC6-066BA1F6D385}.Release|x64.Build.0 = Release|x64
		{9AD2E6F3-4DB6-45E5-9CC6-066BA1F6D385}.Release|x86.ActiveCfg = Release|Win32
		{9AD2E6F3-4DB6-45E5-9CC6-066BA1F6D385}.Release|x86.Build.0 = Release|Win32
		{5A06DE9E-1C40-427F-B181-05592E3EDEB0}.Debug|x64.ActiveCfg = Debug|x64
		{5A06DE9E-1C40-427F-B181-05592E3EDEB0}.Debug|x64.Build.0 = Debug|x64
		{5A06DE9E-1C40-427F-B181-05592E3EDEB0}.Debug|x86.ActiveCfg = Debug|Win32
		{5A06DE9E-1C40-427F-B181-05592E3EDEB0}.Debug|x86.Build.0 = Debug|Win32
		{5A06DE9E-1C40-427F-B181-05592E3EDEB0}.Release|x64.ActiveCfg = Release|x64
		{5A06DE9E-1C40-427F-B181-05592E3EDEB0}.Release|x64.Build.0 = Release|x64
		{5A06DE9E-1C40-427F-B181-05592E3EDEB0}.Release|x86.ActiveCfg = Release|Win32
		{5A06DE9E-1C40-427F-B181-05592E3EDEB0}.Release|x86.Build.0 = Release|Win32
	EndGlobalSection
	GlobalSection(SolutionProperties) = preSolution
		HideSolutionNode = FALSE
	EndGlobalSection
	GlobalSection(ExtensibilityGlobals) = postSolution
		SolutionGuid = {387BFC5F-C10C-465C-BD62-EFD6733944AE}
	EndGlobalSection
EndGlobal
