
Microsoft Visual Studio Solution File, Format Version 12.00
# Visual Studio Version 17
VisualStudioVersion = 17.3.32901.215
MinimumVisualStudioVersion = 10.0.40219.1
Project("{2150E333-8FDC-42A3-9474-1A3956D46DE8}") = "AuthNetLib", "AuthNetLib", "{BEDCC88C-7CAA-4772-A59E-D53534B6ED67}"
EndProject
Project("{2150E333-8FDC-42A3-9474-1A3956D46DE8}") = "LicAuthLib", "LicAuthLib", "{2001CFCE-32C2-44A7-A30C-D263DE02813F}"
EndProject
Project("{2150E333-8FDC-42A3-9474-1A3956D46DE8}") = "Utils", "Utils", "{7C11619A-C1C9-459F-975D-C93AA9946D94}"
EndProject
Project("{2150E333-8FDC-42A3-9474-1A3956D46DE8}") = "Watermark", "Watermark", "{F5EC5E26-B8E3-4E59-B775-291C2E6862C9}"
EndProject
Project("{FAE04EC0-301F-11D3-BF4B-00C04F79EFBC}") = "1) Pidl", "Pidl\1) Pidl.csproj", "{DE130CE4-95C2-4DB8-83B3-122C0496AD6D}"
EndProject
Project("{8BC9CEB8-8B4A-11D0-8D11-00A0C91BC942}") = "2) AuthNetPidl", "AuthNetLib\ProudNetPidl\ProudNetPidl.vcxproj", "{51AD545D-CDD6-4671-A373-4B57F56796F1}"
EndProject
Project("{8BC9CEB8-8B4A-11D0-8D11-00A0C91BC942}") = "3) AuthNetClient", "AuthNetLib\ProudNetClient\ProudNetClient.vcxproj", "{D447C486-92D2-4A70-BCFB-38372B197CBB}"
EndProject
Project("{8BC9CEB8-8B4A-11D0-8D11-00A0C91BC942}") = "4) AuthNetServer", "AuthNetLib\ProudNetServer\ProudNetServer.vcxproj", "{E29D13E6-F388-44BD-8D07-590D2501B6A1}"
EndProject
Project("{8BC9CEB8-8B4A-11D0-8D11-00A0C91BC942}") = "8) PNLicenseSdk", "PNLicenseSdk\PNLicenseSdk.vcxproj", "{E21BD3CA-733E-42FA-926E-525EE35E8C10}"
EndProject
Project("{8BC9CEB8-8B4A-11D0-8D11-00A0C91BC942}") = "9) PNLicense", "PNLicense\PNLicense.vcxproj", "{4F2A2E96-C7F8-4D18-9FDC-E7F721B3AE92}"
EndProject
Project("{8BC9CEB8-8B4A-11D0-8D11-00A0C91BC942}") = "5) PNLicAuthCommon", "LicAuthLib\PNLicAuthCommon\PNLicAuthCommon.vcxproj", "{AB72AB51-905D-4F10-A80E-37B0C4C9C9CB}"
EndProject
Project("{8BC9CEB8-8B4A-11D0-8D11-00A0C91BC942}") = "6) PNLicAuthClient", "LicAuthLib\PNLicAuthClient\PNLicAuthClient.vcxproj", "{41852C66-CEBE-4064-98C3-67B633DB2722}"
EndProject
Project("{8BC9CEB8-8B4A-11D0-8D11-00A0C91BC942}") = "7) PNLicAuthServer", "LicAuthLib\PNLicAuthServer\PNLicAuthServer.vcxproj", "{CEB2C87B-D481-4649-96C5-FEEC79086D91}"
EndProject
Project("{8BC9CEB8-8B4A-11D0-8D11-00A0C91BC942}") = "WatermarkLib", "Watermark\WatermarkLib\WatermarkLib.vcxproj", "{AE7B6337-DD1F-4874-A8AA-F25E5E2D7BF6}"
EndProject
Project("{8BC9CEB8-8B4A-11D0-8D11-00A0C91BC942}") = "WatermarkDll", "Watermark\WatermarkDll\WatermarkDll.vcxproj", "{66CD07AC-8B22-4C31-9B80-57C346E0C1D2}"
EndProject
Project("{8BC9CEB8-8B4A-11D0-8D11-00A0C91BC942}") = "10) PNLicenseWarning", "PNLicenseWarning\PNLicenseWarning.vcxproj", "{C5594060-BB61-4F44-87EB-AC06CB2A6B04}"
EndProject
Project("{8BC9CEB8-8B4A-11D0-8D11-00A0C91BC942}") = "11) PNLicenseHidden", "PNLicenseHidden\PNLicenseHidden.vcxproj", "{E03C66DD-5356-4F4E-AEFE-01B9A495A728}"
EndProject
Project("{8BC9CEB8-8B4A-11D0-8D11-00A0C91BC942}") = "12) PNLicenseAuth", "PNLicenseAuth\PNLicenseAuth.vcxproj", "{E021897F-54D3-46E1-B4CC-B40A32CF9DCD}"
EndProject
Project("{FAE04EC0-301F-11D3-BF4B-00C04F79EFBC}") = "13) PNLicenseAuthGui", "PNLicenseAuthGui\13) PNLicenseAuthGui.csproj", "{E6CC3173-9303-4644-A8E0-D9BAE0CA7CCF}"
EndProject
Project("{2150E333-8FDC-42A3-9474-1A3956D46DE8}") = "PNLicenseLib", "PNLicenseLib", "{E5E4A7D1-9545-4046-95CA-B8650408D112}"
EndProject
Global
	GlobalSection(SolutionConfigurationPlatforms) = preSolution
		Debug_static_CRT|Any CPU = Debug_static_CRT|Any CPU
		Debug_static_CRT|x64 = Debug_static_CRT|x64
		Debug_static_CRT|x86 = Debug_static_CRT|x86
		Debug|Any CPU = Debug|Any CPU
		Debug|x64 = Debug|x64
		Debug|x86 = Debug|x86
		Release_static_CRT|Any CPU = Release_static_CRT|Any CPU
		Release_static_CRT|x64 = Release_static_CRT|x64
		Release_static_CRT|x86 = Release_static_CRT|x86
		Release|Any CPU = Release|Any CPU
		Release|x64 = Release|x64
		Release|x86 = Release|x86
	EndGlobalSection
	GlobalSection(ProjectConfigurationPlatforms) = postSolution
		{DE130CE4-95C2-4DB8-83B3-122C0496AD6D}.Debug_static_CRT|Any CPU.ActiveCfg = Debug|Any CPU
		{DE130CE4-95C2-4DB8-83B3-122C0496AD6D}.Debug_static_CRT|Any CPU.Build.0 = Debug|Any CPU
		{DE130CE4-95C2-4DB8-83B3-122C0496AD6D}.Debug_static_CRT|x64.ActiveCfg = Debug|Any CPU
		{DE130CE4-95C2-4DB8-83B3-122C0496AD6D}.Debug_static_CRT|x64.Build.0 = Debug|Any CPU
		{DE130CE4-95C2-4DB8-83B3-122C0496AD6D}.Debug_static_CRT|x86.ActiveCfg = Debug|Any CPU
		{DE130CE4-95C2-4DB8-83B3-122C0496AD6D}.Debug_static_CRT|x86.Build.0 = Debug|Any CPU
		{DE130CE4-95C2-4DB8-83B3-122C0496AD6D}.Debug|Any CPU.ActiveCfg = Debug|Any CPU
		{DE130CE4-95C2-4DB8-83B3-122C0496AD6D}.Debug|Any CPU.Build.0 = Debug|Any CPU
		{DE130CE4-95C2-4DB8-83B3-122C0496AD6D}.Debug|x64.ActiveCfg = Debug|Any CPU
		{DE130CE4-95C2-4DB8-83B3-122C0496AD6D}.Debug|x64.Build.0 = Debug|Any CPU
		{DE130CE4-95C2-4DB8-83B3-122C0496AD6D}.Debug|x86.ActiveCfg = Debug|Any CPU
		{DE130CE4-95C2-4DB8-83B3-122C0496AD6D}.Debug|x86.Build.0 = Debug|Any CPU
		{DE130CE4-95C2-4DB8-83B3-122C0496AD6D}.Release_static_CRT|Any CPU.ActiveCfg = Release|Any CPU
		{DE130CE4-95C2-4DB8-83B3-122C0496AD6D}.Release_static_CRT|Any CPU.Build.0 = Release|Any CPU
		{DE130CE4-95C2-4DB8-83B3-122C0496AD6D}.Release_static_CRT|x64.ActiveCfg = Release|Any CPU
		{DE130CE4-95C2-4DB8-83B3-122C0496AD6D}.Release_static_CRT|x64.Build.0 = Release|Any CPU
		{DE130CE4-95C2-4DB8-83B3-122C0496AD6D}.Release_static_CRT|x86.ActiveCfg = Release|Any CPU
		{DE130CE4-95C2-4DB8-83B3-122C0496AD6D}.Release_static_CRT|x86.Build.0 = Release|Any CPU
		{DE130CE4-95C2-4DB8-83B3-122C0496AD6D}.Release|Any CPU.ActiveCfg = Release|Any CPU
		{DE130CE4-95C2-4DB8-83B3-122C0496AD6D}.Release|Any CPU.Build.0 = Release|Any CPU
		{DE130CE4-95C2-4DB8-83B3-122C0496AD6D}.Release|x64.ActiveCfg = Release|Any CPU
		{DE130CE4-95C2-4DB8-83B3-122C0496AD6D}.Release|x64.Build.0 = Release|Any CPU
		{DE130CE4-95C2-4DB8-83B3-122C0496AD6D}.Release|x86.ActiveCfg = Release|Any CPU
		{DE130CE4-95C2-4DB8-83B3-122C0496AD6D}.Release|x86.Build.0 = Release|Any CPU
		{51AD545D-CDD6-4671-A373-4B57F56796F1}.Debug_static_CRT|Any CPU.ActiveCfg = Debug_static_CRT|x64
		{51AD545D-CDD6-4671-A373-4B57F56796F1}.Debug_static_CRT|Any CPU.Build.0 = Debug_static_CRT|x64
		{51AD545D-CDD6-4671-A373-4B57F56796F1}.Debug_static_CRT|x64.ActiveCfg = Debug_static_CRT|x64
		{51AD545D-CDD6-4671-A373-4B57F56796F1}.Debug_static_CRT|x64.Build.0 = Debug_static_CRT|x64
		{51AD545D-CDD6-4671-A373-4B57F56796F1}.Debug_static_CRT|x86.ActiveCfg = Debug|Win32
		{51AD545D-CDD6-4671-A373-4B57F56796F1}.Debug_static_CRT|x86.Build.0 = Debug|Win32
		{51AD545D-CDD6-4671-A373-4B57F56796F1}.Debug|Any CPU.ActiveCfg = Debug|x64
		{51AD545D-CDD6-4671-A373-4B57F56796F1}.Debug|Any CPU.Build.0 = Debug|x64
		{51AD545D-CDD6-4671-A373-4B57F56796F1}.Debug|x64.ActiveCfg = Debug|x64
		{51AD545D-CDD6-4671-A373-4B57F56796F1}.Debug|x64.Build.0 = Debug|x64
		{51AD545D-CDD6-4671-A373-4B57F56796F1}.Debug|x86.ActiveCfg = Debug|Win32
		{51AD545D-CDD6-4671-A373-4B57F56796F1}.Debug|x86.Build.0 = Debug|Win32
		{51AD545D-CDD6-4671-A373-4B57F56796F1}.Release_static_CRT|Any CPU.ActiveCfg = Release_static_CRT|x64
		{51AD545D-CDD6-4671-A373-4B57F56796F1}.Release_static_CRT|Any CPU.Build.0 = Release_static_CRT|x64
		{51AD545D-CDD6-4671-A373-4B57F56796F1}.Release_static_CRT|x64.ActiveCfg = Release_static_CRT|x64
		{51AD545D-CDD6-4671-A373-4B57F56796F1}.Release_static_CRT|x64.Build.0 = Release_static_CRT|x64
		{51AD545D-CDD6-4671-A373-4B57F56796F1}.Release_static_CRT|x86.ActiveCfg = Release_static_CRT|Win32
		{51AD545D-CDD6-4671-A373-4B57F56796F1}.Release_static_CRT|x86.Build.0 = Release_static_CRT|Win32
		{51AD545D-CDD6-4671-A373-4B57F56796F1}.Release|Any CPU.ActiveCfg = Release|x64
		{51AD545D-CDD6-4671-A373-4B57F56796F1}.Release|Any CPU.Build.0 = Release|x64
		{51AD545D-CDD6-4671-A373-4B57F56796F1}.Release|x64.ActiveCfg = Release|x64
		{51AD545D-CDD6-4671-A373-4B57F56796F1}.Release|x64.Build.0 = Release|x64
		{51AD545D-CDD6-4671-A373-4B57F56796F1}.Release|x86.ActiveCfg = Release|Win32
		{51AD545D-CDD6-4671-A373-4B57F56796F1}.Release|x86.Build.0 = Release|Win32
		{D447C486-92D2-4A70-BCFB-38372B197CBB}.Debug_static_CRT|Any CPU.ActiveCfg = Debug_static_CRT|x64
		{D447C486-92D2-4A70-BCFB-38372B197CBB}.Debug_static_CRT|Any CPU.Build.0 = Debug_static_CRT|x64
		{D447C486-92D2-4A70-BCFB-38372B197CBB}.Debug_static_CRT|x64.ActiveCfg = Debug_static_CRT|x64
		{D447C486-92D2-4A70-BCFB-38372B197CBB}.Debug_static_CRT|x64.Build.0 = Debug_static_CRT|x64
		{D447C486-92D2-4A70-BCFB-38372B197CBB}.Debug_static_CRT|x86.ActiveCfg = Debug_static_CRT|Win32
		{D447C486-92D2-4A70-BCFB-38372B197CBB}.Debug_static_CRT|x86.Build.0 = Debug_static_CRT|Win32
		{D447C486-92D2-4A70-BCFB-38372B197CBB}.Debug|Any CPU.ActiveCfg = Debug|x64
		{D447C486-92D2-4A70-BCFB-38372B197CBB}.Debug|Any CPU.Build.0 = Debug|x64
		{D447C486-92D2-4A70-BCFB-38372B197CBB}.Debug|x64.ActiveCfg = Debug|x64
		{D447C486-92D2-4A70-BCFB-38372B197CBB}.Debug|x64.Build.0 = Debug|x64
		{D447C486-92D2-4A70-BCFB-38372B197CBB}.Debug|x86.ActiveCfg = Debug|Win32
		{D447C486-92D2-4A70-BCFB-38372B197CBB}.Debug|x86.Build.0 = Debug|Win32
		{D447C486-92D2-4A70-BCFB-38372B197CBB}.Release_static_CRT|Any CPU.ActiveCfg = Release_static_CRT|x64
		{D447C486-92D2-4A70-BCFB-38372B197CBB}.Release_static_CRT|Any CPU.Build.0 = Release_static_CRT|x64
		{D447C486-92D2-4A70-BCFB-38372B197CBB}.Release_static_CRT|x64.ActiveCfg = Release_static_CRT|x64
		{D447C486-92D2-4A70-BCFB-38372B197CBB}.Release_static_CRT|x64.Build.0 = Release_static_CRT|x64
		{D447C486-92D2-4A70-BCFB-38372B197CBB}.Release_static_CRT|x86.ActiveCfg = Release_static_CRT|Win32
		{D447C486-92D2-4A70-BCFB-38372B197CBB}.Release_static_CRT|x86.Build.0 = Release_static_CRT|Win32
		{D447C486-92D2-4A70-BCFB-38372B197CBB}.Release|Any CPU.ActiveCfg = Release|x64
		{D447C486-92D2-4A70-BCFB-38372B197CBB}.Release|Any CPU.Build.0 = Release|x64
		{D447C486-92D2-4A70-BCFB-38372B197CBB}.Release|x64.ActiveCfg = Release|x64
		{D447C486-92D2-4A70-BCFB-38372B197CBB}.Release|x64.Build.0 = Release|x64
		{D447C486-92D2-4A70-BCFB-38372B197CBB}.Release|x86.ActiveCfg = Release|Win32
		{D447C486-92D2-4A70-BCFB-38372B197CBB}.Release|x86.Build.0 = Release|Win32
		{E29D13E6-F388-44BD-8D07-590D2501B6A1}.Debug_static_CRT|Any CPU.ActiveCfg = Debug_static_CRT|x64
		{E29D13E6-F388-44BD-8D07-590D2501B6A1}.Debug_static_CRT|Any CPU.Build.0 = Debug_static_CRT|x64
		{E29D13E6-F388-44BD-8D07-590D2501B6A1}.Debug_static_CRT|x64.ActiveCfg = Debug_static_CRT|x64
		{E29D13E6-F388-44BD-8D07-590D2501B6A1}.Debug_static_CRT|x64.Build.0 = Debug_static_CRT|x64
		{E29D13E6-F388-44BD-8D07-590D2501B6A1}.Debug_static_CRT|x86.ActiveCfg = Debug_static_CRT|Win32
		{E29D13E6-F388-44BD-8D07-590D2501B6A1}.Debug_static_CRT|x86.Build.0 = Debug_static_CRT|Win32
		{E29D13E6-F388-44BD-8D07-590D2501B6A1}.Debug|Any CPU.ActiveCfg = Debug|x64
		{E29D13E6-F388-44BD-8D07-590D2501B6A1}.Debug|Any CPU.Build.0 = Debug|x64
		{E29D13E6-F388-44BD-8D07-590D2501B6A1}.Debug|x64.ActiveCfg = Debug|x64
		{E29D13E6-F388-44BD-8D07-590D2501B6A1}.Debug|x64.Build.0 = Debug|x64
		{E29D13E6-F388-44BD-8D07-590D2501B6A1}.Debug|x86.ActiveCfg = Debug|Win32
		{E29D13E6-F388-44BD-8D07-590D2501B6A1}.Debug|x86.Build.0 = Debug|Win32
		{E29D13E6-F388-44BD-8D07-590D2501B6A1}.Release_static_CRT|Any CPU.ActiveCfg = Release_static_CRT|x64
		{E29D13E6-F388-44BD-8D07-590D2501B6A1}.Release_static_CRT|Any CPU.Build.0 = Release_static_CRT|x64
		{E29D13E6-F388-44BD-8D07-590D2501B6A1}.Release_static_CRT|x64.ActiveCfg = Release_static_CRT|x64
		{E29D13E6-F388-44BD-8D07-590D2501B6A1}.Release_static_CRT|x64.Build.0 = Release_static_CRT|x64
		{E29D13E6-F388-44BD-8D07-590D2501B6A1}.Release_static_CRT|x86.ActiveCfg = Release_static_CRT|Win32
		{E29D13E6-F388-44BD-8D07-590D2501B6A1}.Release_static_CRT|x86.Build.0 = Release_static_CRT|Win32
		{E29D13E6-F388-44BD-8D07-590D2501B6A1}.Release|Any CPU.ActiveCfg = Release|x64
		{E29D13E6-F388-44BD-8D07-590D2501B6A1}.Release|Any CPU.Build.0 = Release|x64
		{E29D13E6-F388-44BD-8D07-590D2501B6A1}.Release|x64.ActiveCfg = Release|x64
		{E29D13E6-F388-44BD-8D07-590D2501B6A1}.Release|x64.Build.0 = Release|x64
		{E29D13E6-F388-44BD-8D07-590D2501B6A1}.Release|x86.ActiveCfg = Release|Win32
		{E29D13E6-F388-44BD-8D07-590D2501B6A1}.Release|x86.Build.0 = Release|Win32
		{E21BD3CA-733E-42FA-926E-525EE35E8C10}.Debug_static_CRT|Any CPU.ActiveCfg = Debug_static_CRT|x64
		{E21BD3CA-733E-42FA-926E-525EE35E8C10}.Debug_static_CRT|Any CPU.Build.0 = Debug_static_CRT|x64
		{E21BD3CA-733E-42FA-926E-525EE35E8C10}.Debug_static_CRT|x64.ActiveCfg = Debug_static_CRT|x64
		{E21BD3CA-733E-42FA-926E-525EE35E8C10}.Debug_static_CRT|x64.Build.0 = Debug_static_CRT|x64
		{E21BD3CA-733E-42FA-926E-525EE35E8C10}.Debug_static_CRT|x86.ActiveCfg = Debug_static_CRT|Win32
		{E21BD3CA-733E-42FA-926E-525EE35E8C10}.Debug_static_CRT|x86.Build.0 = Debug_static_CRT|Win32
		{E21BD3CA-733E-42FA-926E-525EE35E8C10}.Debug|Any CPU.ActiveCfg = Debug|x64
		{E21BD3CA-733E-42FA-926E-525EE35E8C10}.Debug|Any CPU.Build.0 = Debug|x64
		{E21BD3CA-733E-42FA-926E-525EE35E8C10}.Debug|x64.ActiveCfg = Debug|x64
		{E21BD3CA-733E-42FA-926E-525EE35E8C10}.Debug|x64.Build.0 = Debug|x64
		{E21BD3CA-733E-42FA-926E-525EE35E8C10}.Debug|x86.ActiveCfg = Debug|Win32
		{E21BD3CA-733E-42FA-926E-525EE35E8C10}.Debug|x86.Build.0 = Debug|Win32
		{E21BD3CA-733E-42FA-926E-525EE35E8C10}.Release_static_CRT|Any CPU.ActiveCfg = Release_static_CRT|x64
		{E21BD3CA-733E-42FA-926E-525EE35E8C10}.Release_static_CRT|Any CPU.Build.0 = Release_static_CRT|x64
		{E21BD3CA-733E-42FA-926E-525EE35E8C10}.Release_static_CRT|x64.ActiveCfg = Release_static_CRT|x64
		{E21BD3CA-733E-42FA-926E-525EE35E8C10}.Release_static_CRT|x64.Build.0 = Release_static_CRT|x64
		{E21BD3CA-733E-42FA-926E-525EE35E8C10}.Release_static_CRT|x86.ActiveCfg = Release_static_CRT|Win32
		{E21BD3CA-733E-42FA-926E-525EE35E8C10}.Release_static_CRT|x86.Build.0 = Release_static_CRT|Win32
		{E21BD3CA-733E-42FA-926E-525EE35E8C10}.Release|Any CPU.ActiveCfg = Release|x64
		{E21BD3CA-733E-42FA-926E-525EE35E8C10}.Release|Any CPU.Build.0 = Release|x64
		{E21BD3CA-733E-42FA-926E-525EE35E8C10}.Release|x64.ActiveCfg = Release|x64
		{E21BD3CA-733E-42FA-926E-525EE35E8C10}.Release|x64.Build.0 = Release|x64
		{E21BD3CA-733E-42FA-926E-525EE35E8C10}.Release|x86.ActiveCfg = Release|Win32
		{E21BD3CA-733E-42FA-926E-525EE35E8C10}.Release|x86.Build.0 = Release|Win32
		{4F2A2E96-C7F8-4D18-9FDC-E7F721B3AE92}.Debug_static_CRT|Any CPU.ActiveCfg = Debug_static_CRT|x64
		{4F2A2E96-C7F8-4D18-9FDC-E7F721B3AE92}.Debug_static_CRT|Any CPU.Build.0 = Debug_static_CRT|x64
		{4F2A2E96-C7F8-4D18-9FDC-E7F721B3AE92}.Debug_static_CRT|x64.ActiveCfg = Debug_static_CRT|x64
		{4F2A2E96-C7F8-4D18-9FDC-E7F721B3AE92}.Debug_static_CRT|x64.Build.0 = Debug_static_CRT|x64
		{4F2A2E96-C7F8-4D18-9FDC-E7F721B3AE92}.Debug_static_CRT|x86.ActiveCfg = Debug_static_CRT|Win32
		{4F2A2E96-C7F8-4D18-9FDC-E7F721B3AE92}.Debug_static_CRT|x86.Build.0 = Debug_static_CRT|Win32
		{4F2A2E96-C7F8-4D18-9FDC-E7F721B3AE92}.Debug|Any CPU.ActiveCfg = Debug|x64
		{4F2A2E96-C7F8-4D18-9FDC-E7F721B3AE92}.Debug|Any CPU.Build.0 = Debug|x64
		{4F2A2E96-C7F8-4D18-9FDC-E7F721B3AE92}.Debug|x64.ActiveCfg = Debug|x64
		{4F2A2E96-C7F8-4D18-9FDC-E7F721B3AE92}.Debug|x64.Build.0 = Debug|x64
		{4F2A2E96-C7F8-4D18-9FDC-E7F721B3AE92}.Debug|x86.ActiveCfg = Debug|Win32
		{4F2A2E96-C7F8-4D18-9FDC-E7F721B3AE92}.Debug|x86.Build.0 = Debug|Win32
		{4F2A2E96-C7F8-4D18-9FDC-E7F721B3AE92}.Release_static_CRT|Any CPU.ActiveCfg = Release_static_CRT|x64
		{4F2A2E96-C7F8-4D18-9FDC-E7F721B3AE92}.Release_static_CRT|Any CPU.Build.0 = Release_static_CRT|x64
		{4F2A2E96-C7F8-4D18-9FDC-E7F721B3AE92}.Release_static_CRT|x64.ActiveCfg = Release_static_CRT|x64
		{4F2A2E96-C7F8-4D18-9FDC-E7F721B3AE92}.Release_static_CRT|x64.Build.0 = Release_static_CRT|x64
		{4F2A2E96-C7F8-4D18-9FDC-E7F721B3AE92}.Release_static_CRT|x86.ActiveCfg = Release_static_CRT|Win32
		{4F2A2E96-C7F8-4D18-9FDC-E7F721B3AE92}.Release_static_CRT|x86.Build.0 = Release_static_CRT|Win32
		{4F2A2E96-C7F8-4D18-9FDC-E7F721B3AE92}.Release|Any CPU.ActiveCfg = Release|x64
		{4F2A2E96-C7F8-4D18-9FDC-E7F721B3AE92}.Release|Any CPU.Build.0 = Release|x64
		{4F2A2E96-C7F8-4D18-9FDC-E7F721B3AE92}.Release|x64.ActiveCfg = Release|x64
		{4F2A2E96-C7F8-4D18-9FDC-E7F721B3AE92}.Release|x64.Build.0 = Release|x64
		{4F2A2E96-C7F8-4D18-9FDC-E7F721B3AE92}.Release|x86.ActiveCfg = Release|Win32
		{4F2A2E96-C7F8-4D18-9FDC-E7F721B3AE92}.Release|x86.Build.0 = Release|Win32
		{AB72AB51-905D-4F10-A80E-37B0C4C9C9CB}.Debug_static_CRT|Any CPU.ActiveCfg = Debug_static_CRT|x64
		{AB72AB51-905D-4F10-A80E-37B0C4C9C9CB}.Debug_static_CRT|Any CPU.Build.0 = Debug_static_CRT|x64
		{AB72AB51-905D-4F10-A80E-37B0C4C9C9CB}.Debug_static_CRT|x64.ActiveCfg = Debug_static_CRT|x64
		{AB72AB51-905D-4F10-A80E-37B0C4C9C9CB}.Debug_static_CRT|x64.Build.0 = Debug_static_CRT|x64
		{AB72AB51-905D-4F10-A80E-37B0C4C9C9CB}.Debug_static_CRT|x86.ActiveCfg = Debug_static_CRT|Win32
		{AB72AB51-905D-4F10-A80E-37B0C4C9C9CB}.Debug_static_CRT|x86.Build.0 = Debug_static_CRT|Win32
		{AB72AB51-905D-4F10-A80E-37B0C4C9C9CB}.Debug|Any CPU.ActiveCfg = Debug|x64
		{AB72AB51-905D-4F10-A80E-37B0C4C9C9CB}.Debug|Any CPU.Build.0 = Debug|x64
		{AB72AB51-905D-4F10-A80E-37B0C4C9C9CB}.Debug|x64.ActiveCfg = Debug|x64
		{AB72AB51-905D-4F10-A80E-37B0C4C9C9CB}.Debug|x64.Build.0 = Debug|x64
		{AB72AB51-905D-4F10-A80E-37B0C4C9C9CB}.Debug|x86.ActiveCfg = Debug|Win32
		{AB72AB51-905D-4F10-A80E-37B0C4C9C9CB}.Debug|x86.Build.0 = Debug|Win32
		{AB72AB51-905D-4F10-A80E-37B0C4C9C9CB}.Release_static_CRT|Any CPU.ActiveCfg = Release_static_CRT|x64
		{AB72AB51-905D-4F10-A80E-37B0C4C9C9CB}.Release_static_CRT|Any CPU.Build.0 = Release_static_CRT|x64
		{AB72AB51-905D-4F10-A80E-37B0C4C9C9CB}.Release_static_CRT|x64.ActiveCfg = Release_static_CRT|x64
		{AB72AB51-905D-4F10-A80E-37B0C4C9C9CB}.Release_static_CRT|x64.Build.0 = Release_static_CRT|x64
		{AB72AB51-905D-4F10-A80E-37B0C4C9C9CB}.Release_static_CRT|x86.ActiveCfg = Release_static_CRT|Win32
		{AB72AB51-905D-4F10-A80E-37B0C4C9C9CB}.Release_static_CRT|x86.Build.0 = Release_static_CRT|Win32
		{AB72AB51-905D-4F10-A80E-37B0C4C9C9CB}.Release|Any CPU.ActiveCfg = Release|x64
		{AB72AB51-905D-4F10-A80E-37B0C4C9C9CB}.Release|Any CPU.Build.0 = Release|x64
		{AB72AB51-905D-4F10-A80E-37B0C4C9C9CB}.Release|x64.ActiveCfg = Release|x64
		{AB72AB51-905D-4F10-A80E-37B0C4C9C9CB}.Release|x64.Build.0 = Release|x64
		{AB72AB51-905D-4F10-A80E-37B0C4C9C9CB}.Release|x86.ActiveCfg = Release|Win32
		{AB72AB51-905D-4F10-A80E-37B0C4C9C9CB}.Release|x86.Build.0 = Release|Win32
		{41852C66-CEBE-4064-98C3-67B633DB2722}.Debug_static_CRT|Any CPU.ActiveCfg = Debug_static_CRT|x64
		{41852C66-CEBE-4064-98C3-67B633DB2722}.Debug_static_CRT|Any CPU.Build.0 = Debug_static_CRT|x64
		{41852C66-CEBE-4064-98C3-67B633DB2722}.Debug_static_CRT|x64.ActiveCfg = Debug_static_CRT|x64
		{41852C66-CEBE-4064-98C3-67B633DB2722}.Debug_static_CRT|x64.Build.0 = Debug_static_CRT|x64
		{41852C66-CEBE-4064-98C3-67B633DB2722}.Debug_static_CRT|x86.ActiveCfg = Debug_static_CRT|Win32
		{41852C66-CEBE-4064-98C3-67B633DB2722}.Debug_static_CRT|x86.Build.0 = Debug_static_CRT|Win32
		{41852C66-CEBE-4064-98C3-67B633DB2722}.Debug|Any CPU.ActiveCfg = Debug|x64
		{41852C66-CEBE-4064-98C3-67B633DB2722}.Debug|Any CPU.Build.0 = Debug|x64
		{41852C66-CEBE-4064-98C3-67B633DB2722}.Debug|x64.ActiveCfg = Debug|x64
		{41852C66-CEBE-4064-98C3-67B633DB2722}.Debug|x64.Build.0 = Debug|x64
		{41852C66-CEBE-4064-98C3-67B633DB2722}.Debug|x86.ActiveCfg = Debug|Win32
		{41852C66-CEBE-4064-98C3-67B633DB2722}.Debug|x86.Build.0 = Debug|Win32
		{41852C66-CEBE-4064-98C3-67B633DB2722}.Release_static_CRT|Any CPU.ActiveCfg = Release_static_CRT|x64
		{41852C66-CEBE-4064-98C3-67B633DB2722}.Release_static_CRT|Any CPU.Build.0 = Release_static_CRT|x64
		{41852C66-CEBE-4064-98C3-67B633DB2722}.Release_static_CRT|x64.ActiveCfg = Release_static_CRT|x64
		{41852C66-CEBE-4064-98C3-67B633DB2722}.Release_static_CRT|x64.Build.0 = Release_static_CRT|x64
		{41852C66-CEBE-4064-98C3-67B633DB2722}.Release_static_CRT|x86.ActiveCfg = Release_static_CRT|Win32
		{41852C66-CEBE-4064-98C3-67B633DB2722}.Release_static_CRT|x86.Build.0 = Release_static_CRT|Win32
		{41852C66-CEBE-4064-98C3-67B633DB2722}.Release|Any CPU.ActiveCfg = Release|x64
		{41852C66-CEBE-4064-98C3-67B633DB2722}.Release|Any CPU.Build.0 = Release|x64
		{41852C66-CEBE-4064-98C3-67B633DB2722}.Release|x64.ActiveCfg = Release|x64
		{41852C66-CEBE-4064-98C3-67B633DB2722}.Release|x64.Build.0 = Release|x64
		{41852C66-CEBE-4064-98C3-67B633DB2722}.Release|x86.ActiveCfg = Release|Win32
		{41852C66-CEBE-4064-98C3-67B633DB2722}.Release|x86.Build.0 = Release|Win32
		{CEB2C87B-D481-4649-96C5-FEEC79086D91}.Debug_static_CRT|Any CPU.ActiveCfg = Debug_static_CRT|x64
		{CEB2C87B-D481-4649-96C5-FEEC79086D91}.Debug_static_CRT|Any CPU.Build.0 = Debug_static_CRT|x64
		{CEB2C87B-D481-4649-96C5-FEEC79086D91}.Debug_static_CRT|x64.ActiveCfg = Debug_static_CRT|x64
		{CEB2C87B-D481-4649-96C5-FEEC79086D91}.Debug_static_CRT|x64.Build.0 = Debug_static_CRT|x64
		{CEB2C87B-D481-4649-96C5-FEEC79086D91}.Debug_static_CRT|x86.ActiveCfg = Debug_static_CRT|Win32
		{CEB2C87B-D481-4649-96C5-FEEC79086D91}.Debug_static_CRT|x86.Build.0 = Debug_static_CRT|Win32
		{CEB2C87B-D481-4649-96C5-FEEC79086D91}.Debug|Any CPU.ActiveCfg = Debug|x64
		{CEB2C87B-D481-4649-96C5-FEEC79086D91}.Debug|Any CPU.Build.0 = Debug|x64
		{CEB2C87B-D481-4649-96C5-FEEC79086D91}.Debug|x64.ActiveCfg = Debug|x64
		{CEB2C87B-D481-4649-96C5-FEEC79086D91}.Debug|x64.Build.0 = Debug|x64
		{CEB2C87B-D481-4649-96C5-FEEC79086D91}.Debug|x86.ActiveCfg = Debug|Win32
		{CEB2C87B-D481-4649-96C5-FEEC79086D91}.Debug|x86.Build.0 = Debug|Win32
		{CEB2C87B-D481-4649-96C5-FEEC79086D91}.Release_static_CRT|Any CPU.ActiveCfg = Release_static_CRT|x64
		{CEB2C87B-D481-4649-96C5-FEEC79086D91}.Release_static_CRT|Any CPU.Build.0 = Release_static_CRT|x64
		{CEB2C87B-D481-4649-96C5-FEEC79086D91}.Release_static_CRT|x64.ActiveCfg = Release_static_CRT|x64
		{CEB2C87B-D481-4649-96C5-FEEC79086D91}.Release_static_CRT|x64.Build.0 = Release_static_CRT|x64
		{CEB2C87B-D481-4649-96C5-FEEC79086D91}.Release_static_CRT|x86.ActiveCfg = Release_static_CRT|Win32
		{CEB2C87B-D481-4649-96C5-FEEC79086D91}.Release_static_CRT|x86.Build.0 = Release_static_CRT|Win32
		{CEB2C87B-D481-4649-96C5-FEEC79086D91}.Release|Any CPU.ActiveCfg = Release|x64
		{CEB2C87B-D481-4649-96C5-FEEC79086D91}.Release|Any CPU.Build.0 = Release|x64
		{CEB2C87B-D481-4649-96C5-FEEC79086D91}.Release|x64.ActiveCfg = Release|x64
		{CEB2C87B-D481-4649-96C5-FEEC79086D91}.Release|x64.Build.0 = Release|x64
		{CEB2C87B-D481-4649-96C5-FEEC79086D91}.Release|x86.ActiveCfg = Release|Win32
		{CEB2C87B-D481-4649-96C5-FEEC79086D91}.Release|x86.Build.0 = Release|Win32
		{AE7B6337-DD1F-4874-A8AA-F25E5E2D7BF6}.Debug_static_CRT|Any CPU.ActiveCfg = Debug_static_CRT|x64
		{AE7B6337-DD1F-4874-A8AA-F25E5E2D7BF6}.Debug_static_CRT|Any CPU.Build.0 = Debug_static_CRT|x64
		{AE7B6337-DD1F-4874-A8AA-F25E5E2D7BF6}.Debug_static_CRT|x64.ActiveCfg = Debug_static_CRT|x64
		{AE7B6337-DD1F-4874-A8AA-F25E5E2D7BF6}.Debug_static_CRT|x64.Build.0 = Debug_static_CRT|x64
		{AE7B6337-DD1F-4874-A8AA-F25E5E2D7BF6}.Debug_static_CRT|x86.ActiveCfg = Debug_static_CRT|Win32
		{AE7B6337-DD1F-4874-A8AA-F25E5E2D7BF6}.Debug_static_CRT|x86.Build.0 = Debug_static_CRT|Win32
		{AE7B6337-DD1F-4874-A8AA-F25E5E2D7BF6}.Debug|Any CPU.ActiveCfg = Debug|x64
		{AE7B6337-DD1F-4874-A8AA-F25E5E2D7BF6}.Debug|Any CPU.Build.0 = Debug|x64
		{AE7B6337-DD1F-4874-A8AA-F25E5E2D7BF6}.Debug|x64.ActiveCfg = Debug|x64
		{AE7B6337-DD1F-4874-A8AA-F25E5E2D7BF6}.Debug|x64.Build.0 = Debug|x64
		{AE7B6337-DD1F-4874-A8AA-F25E5E2D7BF6}.Debug|x86.ActiveCfg = Debug|Win32
		{AE7B6337-DD1F-4874-A8AA-F25E5E2D7BF6}.Debug|x86.Build.0 = Debug|Win32
		{AE7B6337-DD1F-4874-A8AA-F25E5E2D7BF6}.Release_static_CRT|Any CPU.ActiveCfg = Release_static_CRT|x64
		{AE7B6337-DD1F-4874-A8AA-F25E5E2D7BF6}.Release_static_CRT|Any CPU.Build.0 = Release_static_CRT|x64
		{AE7B6337-DD1F-4874-A8AA-F25E5E2D7BF6}.Release_static_CRT|x64.ActiveCfg = Release_static_CRT|x64
		{AE7B6337-DD1F-4874-A8AA-F25E5E2D7BF6}.Release_static_CRT|x64.Build.0 = Release_static_CRT|x64
		{AE7B6337-DD1F-4874-A8AA-F25E5E2D7BF6}.Release_static_CRT|x86.ActiveCfg = Release_static_CRT|Win32
		{AE7B6337-DD1F-4874-A8AA-F25E5E2D7BF6}.Release_static_CRT|x86.Build.0 = Release_static_CRT|Win32
		{AE7B6337-DD1F-4874-A8AA-F25E5E2D7BF6}.Release|Any CPU.ActiveCfg = Release|x64
		{AE7B6337-DD1F-4874-A8AA-F25E5E2D7BF6}.Release|Any CPU.Build.0 = Release|x64
		{AE7B6337-DD1F-4874-A8AA-F25E5E2D7BF6}.Release|x64.ActiveCfg = Release|x64
		{AE7B6337-DD1F-4874-A8AA-F25E5E2D7BF6}.Release|x64.Build.0 = Release|x64
		{AE7B6337-DD1F-4874-A8AA-F25E5E2D7BF6}.Release|x86.ActiveCfg = Release|Win32
		{AE7B6337-DD1F-4874-A8AA-F25E5E2D7BF6}.Release|x86.Build.0 = Release|Win32
		{66CD07AC-8B22-4C31-9B80-57C346E0C1D2}.Debug_static_CRT|Any CPU.ActiveCfg = Debug_static_CRT|x64
		{66CD07AC-8B22-4C31-9B80-57C346E0C1D2}.Debug_static_CRT|Any CPU.Build.0 = Debug_static_CRT|x64
		{66CD07AC-8B22-4C31-9B80-57C346E0C1D2}.Debug_static_CRT|x64.ActiveCfg = Debug_static_CRT|x64
		{66CD07AC-8B22-4C31-9B80-57C346E0C1D2}.Debug_static_CRT|x64.Build.0 = Debug_static_CRT|x64
		{66CD07AC-8B22-4C31-9B80-57C346E0C1D2}.Debug_static_CRT|x86.ActiveCfg = Debug_static_CRT|Win32
		{66CD07AC-8B22-4C31-9B80-57C346E0C1D2}.Debug_static_CRT|x86.Build.0 = Debug_static_CRT|Win32
		{66CD07AC-8B22-4C31-9B80-57C346E0C1D2}.Debug|Any CPU.ActiveCfg = Debug|x64
		{66CD07AC-8B22-4C31-9B80-57C346E0C1D2}.Debug|Any CPU.Build.0 = Debug|x64
		{66CD07AC-8B22-4C31-9B80-57C346E0C1D2}.Debug|x64.ActiveCfg = Debug|x64
		{66CD07AC-8B22-4C31-9B80-57C346E0C1D2}.Debug|x64.Build.0 = Debug|x64
		{66CD07AC-8B22-4C31-9B80-57C346E0C1D2}.Debug|x86.ActiveCfg = Debug|Win32
		{66CD07AC-8B22-4C31-9B80-57C346E0C1D2}.Debug|x86.Build.0 = Debug|Win32
		{66CD07AC-8B22-4C31-9B80-57C346E0C1D2}.Release_static_CRT|Any CPU.ActiveCfg = Release_static_CRT|x64
		{66CD07AC-8B22-4C31-9B80-57C346E0C1D2}.Release_static_CRT|Any CPU.Build.0 = Release_static_CRT|x64
		{66CD07AC-8B22-4C31-9B80-57C346E0C1D2}.Release_static_CRT|x64.ActiveCfg = Release_static_CRT|x64
		{66CD07AC-8B22-4C31-9B80-57C346E0C1D2}.Release_static_CRT|x64.Build.0 = Release_static_CRT|x64
		{66CD07AC-8B22-4C31-9B80-57C346E0C1D2}.Release_static_CRT|x86.ActiveCfg = Release_static_CRT|Win32
		{66CD07AC-8B22-4C31-9B80-57C346E0C1D2}.Release_static_CRT|x86.Build.0 = Release_static_CRT|Win32
		{66CD07AC-8B22-4C31-9B80-57C346E0C1D2}.Release|Any CPU.ActiveCfg = Release|x64
		{66CD07AC-8B22-4C31-9B80-57C346E0C1D2}.Release|Any CPU.Build.0 = Release|x64
		{66CD07AC-8B22-4C31-9B80-57C346E0C1D2}.Release|x64.ActiveCfg = Release|x64
		{66CD07AC-8B22-4C31-9B80-57C346E0C1D2}.Release|x64.Build.0 = Release|x64
		{66CD07AC-8B22-4C31-9B80-57C346E0C1D2}.Release|x86.ActiveCfg = Release|Win32
		{66CD07AC-8B22-4C31-9B80-57C346E0C1D2}.Release|x86.Build.0 = Release|Win32
		{C5594060-BB61-4F44-87EB-AC06CB2A6B04}.Debug_static_CRT|Any CPU.ActiveCfg = Debug_static_CRT|x64
		{C5594060-BB61-4F44-87EB-AC06CB2A6B04}.Debug_static_CRT|Any CPU.Build.0 = Debug_static_CRT|x64
		{C5594060-BB61-4F44-87EB-AC06CB2A6B04}.Debug_static_CRT|x64.ActiveCfg = Debug_static_CRT|x64
		{C5594060-BB61-4F44-87EB-AC06CB2A6B04}.Debug_static_CRT|x64.Build.0 = Debug_static_CRT|x64
		{C5594060-BB61-4F44-87EB-AC06CB2A6B04}.Debug_static_CRT|x86.ActiveCfg = Debug_static_CRT|Win32
		{C5594060-BB61-4F44-87EB-AC06CB2A6B04}.Debug_static_CRT|x86.Build.0 = Debug_static_CRT|Win32
		{C5594060-BB61-4F44-87EB-AC06CB2A6B04}.Debug|Any CPU.ActiveCfg = Debug|x64
		{C5594060-BB61-4F44-87EB-AC06CB2A6B04}.Debug|Any CPU.Build.0 = Debug|x64
		{C5594060-BB61-4F44-87EB-AC06CB2A6B04}.Debug|x64.ActiveCfg = Debug|x64
		{C5594060-BB61-4F44-87EB-AC06CB2A6B04}.Debug|x64.Build.0 = Debug|x64
		{C5594060-BB61-4F44-87EB-AC06CB2A6B04}.Debug|x86.ActiveCfg = Debug|Win32
		{C5594060-BB61-4F44-87EB-AC06CB2A6B04}.Debug|x86.Build.0 = Debug|Win32
		{C5594060-BB61-4F44-87EB-AC06CB2A6B04}.Release_static_CRT|Any CPU.ActiveCfg = Release_static_CRT|x64
		{C5594060-BB61-4F44-87EB-AC06CB2A6B04}.Release_static_CRT|Any CPU.Build.0 = Release_static_CRT|x64
		{C5594060-BB61-4F44-87EB-AC06CB2A6B04}.Release_static_CRT|x64.ActiveCfg = Release_static_CRT|x64
		{C5594060-BB61-4F44-87EB-AC06CB2A6B04}.Release_static_CRT|x64.Build.0 = Release_static_CRT|x64
		{C5594060-BB61-4F44-87EB-AC06CB2A6B04}.Release_static_CRT|x86.ActiveCfg = Release_static_CRT|Win32
		{C5594060-BB61-4F44-87EB-AC06CB2A6B04}.Release_static_CRT|x86.Build.0 = Release_static_CRT|Win32
		{C5594060-BB61-4F44-87EB-AC06CB2A6B04}.Release|Any CPU.ActiveCfg = Release|x64
		{C5594060-BB61-4F44-87EB-AC06CB2A6B04}.Release|Any CPU.Build.0 = Release|x64
		{C5594060-BB61-4F44-87EB-AC06CB2A6B04}.Release|x64.ActiveCfg = Release|x64
		{C5594060-BB61-4F44-87EB-AC06CB2A6B04}.Release|x64.Build.0 = Release|x64
		{C5594060-BB61-4F44-87EB-AC06CB2A6B04}.Release|x86.ActiveCfg = Release|Win32
		{C5594060-BB61-4F44-87EB-AC06CB2A6B04}.Release|x86.Build.0 = Release|Win32
		{E03C66DD-5356-4F4E-AEFE-01B9A495A728}.Debug_static_CRT|Any CPU.ActiveCfg = Debug_static_CRT|x64
		{E03C66DD-5356-4F4E-AEFE-01B9A495A728}.Debug_static_CRT|Any CPU.Build.0 = Debug_static_CRT|x64
		{E03C66DD-5356-4F4E-AEFE-01B9A495A728}.Debug_static_CRT|x64.ActiveCfg = Debug_static_CRT|x64
		{E03C66DD-5356-4F4E-AEFE-01B9A495A728}.Debug_static_CRT|x64.Build.0 = Debug_static_CRT|x64
		{E03C66DD-5356-4F4E-AEFE-01B9A495A728}.Debug_static_CRT|x86.ActiveCfg = Debug_static_CRT|Win32
		{E03C66DD-5356-4F4E-AEFE-01B9A495A728}.Debug_static_CRT|x86.Build.0 = Debug_static_CRT|Win32
		{E03C66DD-5356-4F4E-AEFE-01B9A495A728}.Debug|Any CPU.ActiveCfg = Debug|x64
		{E03C66DD-5356-4F4E-AEFE-01B9A495A728}.Debug|Any CPU.Build.0 = Debug|x64
		{E03C66DD-5356-4F4E-AEFE-01B9A495A728}.Debug|x64.ActiveCfg = Debug|x64
		{E03C66DD-5356-4F4E-AEFE-01B9A495A728}.Debug|x64.Build.0 = Debug|x64
		{E03C66DD-5356-4F4E-AEFE-01B9A495A728}.Debug|x86.ActiveCfg = Debug|Win32
		{E03C66DD-5356-4F4E-AEFE-01B9A495A728}.Debug|x86.Build.0 = Debug|Win32
		{E03C66DD-5356-4F4E-AEFE-01B9A495A728}.Release_static_CRT|Any CPU.ActiveCfg = Release_static_CRT|x64
		{E03C66DD-5356-4F4E-AEFE-01B9A495A728}.Release_static_CRT|Any CPU.Build.0 = Release_static_CRT|x64
		{E03C66DD-5356-4F4E-AEFE-01B9A495A728}.Release_static_CRT|x64.ActiveCfg = Release_static_CRT|x64
		{E03C66DD-5356-4F4E-AEFE-01B9A495A728}.Release_static_CRT|x64.Build.0 = Release_static_CRT|x64
		{E03C66DD-5356-4F4E-AEFE-01B9A495A728}.Release_static_CRT|x86.ActiveCfg = Release_static_CRT|Win32
		{E03C66DD-5356-4F4E-AEFE-01B9A495A728}.Release_static_CRT|x86.Build.0 = Release_static_CRT|Win32
		{E03C66DD-5356-4F4E-AEFE-01B9A495A728}.Release|Any CPU.ActiveCfg = Release|x64
		{E03C66DD-5356-4F4E-AEFE-01B9A495A728}.Release|Any CPU.Build.0 = Release|x64
		{E03C66DD-5356-4F4E-AEFE-01B9A495A728}.Release|x64.ActiveCfg = Release|x64
		{E03C66DD-5356-4F4E-AEFE-01B9A495A728}.Release|x64.Build.0 = Release|x64
		{E03C66DD-5356-4F4E-AEFE-01B9A495A728}.Release|x86.ActiveCfg = Release|Win32
		{E03C66DD-5356-4F4E-AEFE-01B9A495A728}.Release|x86.Build.0 = Release|Win32
		{E021897F-54D3-46E1-B4CC-B40A32CF9DCD}.Debug_static_CRT|Any CPU.ActiveCfg = Debug_static_CRT|x64
		{E021897F-54D3-46E1-B4CC-B40A32CF9DCD}.Debug_static_CRT|Any CPU.Build.0 = Debug_static_CRT|x64
		{E021897F-54D3-46E1-B4CC-B40A32CF9DCD}.Debug_static_CRT|x64.ActiveCfg = Debug_static_CRT|x64
		{E021897F-54D3-46E1-B4CC-B40A32CF9DCD}.Debug_static_CRT|x64.Build.0 = Debug_static_CRT|x64
		{E021897F-54D3-46E1-B4CC-B40A32CF9DCD}.Debug_static_CRT|x86.ActiveCfg = Debug_static_CRT|Win32
		{E021897F-54D3-46E1-B4CC-B40A32CF9DCD}.Debug_static_CRT|x86.Build.0 = Debug_static_CRT|Win32
		{E021897F-54D3-46E1-B4CC-B40A32CF9DCD}.Debug|Any CPU.ActiveCfg = Debug|x64
		{E021897F-54D3-46E1-B4CC-B40A32CF9DCD}.Debug|Any CPU.Build.0 = Debug|x64
		{E021897F-54D3-46E1-B4CC-B40A32CF9DCD}.Debug|x64.ActiveCfg = Debug|x64
		{E021897F-54D3-46E1-B4CC-B40A32CF9DCD}.Debug|x64.Build.0 = Debug|x64
		{E021897F-54D3-46E1-B4CC-B40A32CF9DCD}.Debug|x86.ActiveCfg = Debug|Win32
		{E021897F-54D3-46E1-B4CC-B40A32CF9DCD}.Debug|x86.Build.0 = Debug|Win32
		{E021897F-54D3-46E1-B4CC-B40A32CF9DCD}.Release_static_CRT|Any CPU.ActiveCfg = Release_static_CRT|x64
		{E021897F-54D3-46E1-B4CC-B40A32CF9DCD}.Release_static_CRT|Any CPU.Build.0 = Release_static_CRT|x64
		{E021897F-54D3-46E1-B4CC-B40A32CF9DCD}.Release_static_CRT|x64.ActiveCfg = Release_static_CRT|x64
		{E021897F-54D3-46E1-B4CC-B40A32CF9DCD}.Release_static_CRT|x64.Build.0 = Release_static_CRT|x64
		{E021897F-54D3-46E1-B4CC-B40A32CF9DCD}.Release_static_CRT|x86.ActiveCfg = Release_static_CRT|Win32
		{E021897F-54D3-46E1-B4CC-B40A32CF9DCD}.Release_static_CRT|x86.Build.0 = Release_static_CRT|Win32
		{E021897F-54D3-46E1-B4CC-B40A32CF9DCD}.Release|Any CPU.ActiveCfg = Release|x64
		{E021897F-54D3-46E1-B4CC-B40A32CF9DCD}.Release|Any CPU.Build.0 = Release|x64
		{E021897F-54D3-46E1-B4CC-B40A32CF9DCD}.Release|x64.ActiveCfg = Release|x64
		{E021897F-54D3-46E1-B4CC-B40A32CF9DCD}.Release|x64.Build.0 = Release|x64
		{E021897F-54D3-46E1-B4CC-B40A32CF9DCD}.Release|x86.ActiveCfg = Release|Win32
		{E021897F-54D3-46E1-B4CC-B40A32CF9DCD}.Release|x86.Build.0 = Release|Win32
		{E6CC3173-9303-4644-A8E0-D9BAE0CA7CCF}.Debug_static_CRT|Any CPU.ActiveCfg = Debug|Any CPU
		{E6CC3173-9303-4644-A8E0-D9BAE0CA7CCF}.Debug_static_CRT|Any CPU.Build.0 = Debug|Any CPU
		{E6CC3173-9303-4644-A8E0-D9BAE0CA7CCF}.Debug_static_CRT|x64.ActiveCfg = Debug|Any CPU
		{E6CC3173-9303-4644-A8E0-D9BAE0CA7CCF}.Debug_static_CRT|x64.Build.0 = Debug|Any CPU
		{E6CC3173-9303-4644-A8E0-D9BAE0CA7CCF}.Debug_static_CRT|x86.ActiveCfg = Debug|Any CPU
		{E6CC3173-9303-4644-A8E0-D9BAE0CA7CCF}.Debug_static_CRT|x86.Build.0 = Debug|Any CPU
		{E6CC3173-9303-4644-A8E0-D9BAE0CA7CCF}.Debug|Any CPU.ActiveCfg = Debug|Any CPU
		{E6CC3173-9303-4644-A8E0-D9BAE0CA7CCF}.Debug|Any CPU.Build.0 = Debug|Any CPU
		{E6CC3173-9303-4644-A8E0-D9BAE0CA7CCF}.Debug|x64.ActiveCfg = Debug|Any CPU
		{E6CC3173-9303-4644-A8E0-D9BAE0CA7CCF}.Debug|x64.Build.0 = Debug|Any CPU
		{E6CC3173-9303-4644-A8E0-D9BAE0CA7CCF}.Debug|x86.ActiveCfg = Debug|Any CPU
		{E6CC3173-9303-4644-A8E0-D9BAE0CA7CCF}.Debug|x86.Build.0 = Debug|Any CPU
		{E6CC3173-9303-4644-A8E0-D9BAE0CA7CCF}.Release_static_CRT|Any CPU.ActiveCfg = Release|Any CPU
		{E6CC3173-9303-4644-A8E0-D9BAE0CA7CCF}.Release_static_CRT|Any CPU.Build.0 = Release|Any CPU
		{E6CC3173-9303-4644-A8E0-D9BAE0CA7CCF}.Release_static_CRT|x64.ActiveCfg = Release|Any CPU
		{E6CC3173-9303-4644-A8E0-D9BAE0CA7CCF}.Release_static_CRT|x64.Build.0 = Release|Any CPU
		{E6CC3173-9303-4644-A8E0-D9BAE0CA7CCF}.Release_static_CRT|x86.ActiveCfg = Release|Any CPU
		{E6CC3173-9303-4644-A8E0-D9BAE0CA7CCF}.Release_static_CRT|x86.Build.0 = Release|Any CPU
		{E6CC3173-9303-4644-A8E0-D9BAE0CA7CCF}.Release|Any CPU.ActiveCfg = Release|Any CPU
		{E6CC3173-9303-4644-A8E0-D9BAE0CA7CCF}.Release|Any CPU.Build.0 = Release|Any CPU
		{E6CC3173-9303-4644-A8E0-D9BAE0CA7CCF}.Release|x64.ActiveCfg = Release|Any CPU
		{E6CC3173-9303-4644-A8E0-D9BAE0CA7CCF}.Release|x64.Build.0 = Release|Any CPU
		{E6CC3173-9303-4644-A8E0-D9BAE0CA7CCF}.Release|x86.ActiveCfg = Release|Any CPU
		{E6CC3173-9303-4644-A8E0-D9BAE0CA7CCF}.Release|x86.Build.0 = Release|Any CPU
	EndGlobalSection
	GlobalSection(SolutionProperties) = preSolution
		HideSolutionNode = FALSE
	EndGlobalSection
	GlobalSection(NestedProjects) = preSolution
		{DE130CE4-95C2-4DB8-83B3-122C0496AD6D} = {7C11619A-C1C9-459F-975D-C93AA9946D94}
		{51AD545D-CDD6-4671-A373-4B57F56796F1} = {BEDCC88C-7CAA-4772-A59E-D53534B6ED67}
		{D447C486-92D2-4A70-BCFB-38372B197CBB} = {BEDCC88C-7CAA-4772-A59E-D53534B6ED67}
		{E29D13E6-F388-44BD-8D07-590D2501B6A1} = {BEDCC88C-7CAA-4772-A59E-D53534B6ED67}
		{E21BD3CA-733E-42FA-926E-525EE35E8C10} = {E5E4A7D1-9545-4046-95CA-B8650408D112}
		{4F2A2E96-C7F8-4D18-9FDC-E7F721B3AE92} = {E5E4A7D1-9545-4046-95CA-B8650408D112}
		{AB72AB51-905D-4F10-A80E-37B0C4C9C9CB} = {2001CFCE-32C2-44A7-A30C-D263DE02813F}
		{41852C66-CEBE-4064-98C3-67B633DB2722} = {2001CFCE-32C2-44A7-A30C-D263DE02813F}
		{CEB2C87B-D481-4649-96C5-FEEC79086D91} = {2001CFCE-32C2-44A7-A30C-D263DE02813F}
		{AE7B6337-DD1F-4874-A8AA-F25E5E2D7BF6} = {F5EC5E26-B8E3-4E59-B775-291C2E6862C9}
		{66CD07AC-8B22-4C31-9B80-57C346E0C1D2} = {F5EC5E26-B8E3-4E59-B775-291C2E6862C9}
	EndGlobalSection
	GlobalSection(ExtensibilityGlobals) = postSolution
		SolutionGuid = {B691AAFF-D94C-4AB0-A265-E8E50699D3FB}
	EndGlobalSection
EndGlobal
