
Microsoft Visual Studio Solution File, Format Version 12.00
# Visual Studio Version 17
VisualStudioVersion = 17.3.32901.215
MinimumVisualStudioVersion = 10.0.40219.1
Project("{FAE04EC0-301F-11D3-BF4B-00C04F79EFBC}") = "PIDL", "PIDL\PIDL.csproj", "{DE130CE4-95C2-4DB8-83B3-122C0496AD6D}"
EndProject
Project("{8BC9CEB8-8B4A-11D0-8D11-00A0C91BC942}") = "CodeVirtualizer", "CodeVirtualizer\CodeVirtualizer.vcxproj", "{A2E45CE0-FC12-4C14-BF1C-2745307FBF9C}"
EndProject
Project("{8BC9CEB8-8B4A-11D0-8D11-00A0C91BC942}") = "AuthNetClient", "AuthNet\ProudNetClient\ProudNetClient.vcxproj", "{D447C486-92D2-4A70-BCFB-38372B197CBB}"
EndProject
Project("{8BC9CEB8-8B4A-11D0-8D11-00A0C91BC942}") = "AuthNetServer", "AuthNet\ProudNetServer\ProudNetServer.vcxproj", "{E29D13E6-F388-44BD-8D07-590D2501B6A1}"
EndProject
Project("{8BC9CEB8-8B4A-11D0-8D11-00A0C91BC942}") = "PNLicenseSDK", "PNLicenseSDK\PNLicenseSDK.vcxproj", "{E21BD3CA-733E-42FA-926E-525EE35E8C10}"
EndProject
Global
	GlobalSection(SolutionConfigurationPlatforms) = preSolution
		Debug_static_CRT|Any CPU = Debug_static_CRT|Any CPU
		Debug_static_CRT|x64 = Debug_static_CRT|x64
		Debug_static_CRT|x86 = Debug_static_CRT|x86
		Debug|Any CPU = Debug|Any CPU
		Debug|x64 = Debug|x64
		Debug|x86 = Debug|x86
		Release_static_CRT|Any CPU = Release_static_CRT|Any CPU
		Release_static_CRT|x64 = Release_static_CRT|x64
		Release_static_CRT|x86 = Release_static_CRT|x86
		Release|Any CPU = Release|Any CPU
		Release|x64 = Release|x64
		Release|x86 = Release|x86
	EndGlobalSection
	GlobalSection(ProjectConfigurationPlatforms) = postSolution
		{DE130CE4-95C2-4DB8-83B3-122C0496AD6D}.Debug_static_CRT|Any CPU.ActiveCfg = Debug|Any CPU
		{DE130CE4-95C2-4DB8-83B3-122C0496AD6D}.Debug_static_CRT|Any CPU.Build.0 = Debug|Any CPU
		{DE130CE4-95C2-4DB8-83B3-122C0496AD6D}.Debug_static_CRT|x64.ActiveCfg = Debug|Any CPU
		{DE130CE4-95C2-4DB8-83B3-122C0496AD6D}.Debug_static_CRT|x64.Build.0 = Debug|Any CPU
		{DE130CE4-95C2-4DB8-83B3-122C0496AD6D}.Debug_static_CRT|x86.ActiveCfg = Debug|Any CPU
		{DE130CE4-95C2-4DB8-83B3-122C0496AD6D}.Debug_static_CRT|x86.Build.0 = Debug|Any CPU
		{DE130CE4-95C2-4DB8-83B3-122C0496AD6D}.Debug|Any CPU.ActiveCfg = Debug|Any CPU
		{DE130CE4-95C2-4DB8-83B3-122C0496AD6D}.Debug|Any CPU.Build.0 = Debug|Any CPU
		{DE130CE4-95C2-4DB8-83B3-122C0496AD6D}.Debug|x64.ActiveCfg = Debug|Any CPU
		{DE130CE4-95C2-4DB8-83B3-122C0496AD6D}.Debug|x64.Build.0 = Debug|Any CPU
		{DE130CE4-95C2-4DB8-83B3-122C0496AD6D}.Debug|x86.ActiveCfg = Debug|Any CPU
		{DE130CE4-95C2-4DB8-83B3-122C0496AD6D}.Debug|x86.Build.0 = Debug|Any CPU
		{DE130CE4-95C2-4DB8-83B3-122C0496AD6D}.Release_static_CRT|Any CPU.ActiveCfg = Release|Any CPU
		{DE130CE4-95C2-4DB8-83B3-122C0496AD6D}.Release_static_CRT|Any CPU.Build.0 = Release|Any CPU
		{DE130CE4-95C2-4DB8-83B3-122C0496AD6D}.Release_static_CRT|x64.ActiveCfg = Release|Any CPU
		{DE130CE4-95C2-4DB8-83B3-122C0496AD6D}.Release_static_CRT|x64.Build.0 = Release|Any CPU
		{DE130CE4-95C2-4DB8-83B3-122C0496AD6D}.Release_static_CRT|x86.ActiveCfg = Release|Any CPU
		{DE130CE4-95C2-4DB8-83B3-122C0496AD6D}.Release_static_CRT|x86.Build.0 = Release|Any CPU
		{DE130CE4-95C2-4DB8-83B3-122C0496AD6D}.Release|Any CPU.ActiveCfg = Release|Any CPU
		{DE130CE4-95C2-4DB8-83B3-122C0496AD6D}.Release|Any CPU.Build.0 = Release|Any CPU
		{DE130CE4-95C2-4DB8-83B3-122C0496AD6D}.Release|x64.ActiveCfg = Release|Any CPU
		{DE130CE4-95C2-4DB8-83B3-122C0496AD6D}.Release|x64.Build.0 = Release|Any CPU
		{DE130CE4-95C2-4DB8-83B3-122C0496AD6D}.Release|x86.ActiveCfg = Release|Any CPU
		{DE130CE4-95C2-4DB8-83B3-122C0496AD6D}.Release|x86.Build.0 = Release|Any CPU
		{A2E45CE0-FC12-4C14-BF1C-2745307FBF9C}.Debug_static_CRT|Any CPU.ActiveCfg = Debug_static_CRT|x64
		{A2E45CE0-FC12-4C14-BF1C-2745307FBF9C}.Debug_static_CRT|Any CPU.Build.0 = Debug_static_CRT|x64
		{A2E45CE0-FC12-4C14-BF1C-2745307FBF9C}.Debug_static_CRT|x64.ActiveCfg = Debug_static_CRT|x64
		{A2E45CE0-FC12-4C14-BF1C-2745307FBF9C}.Debug_static_CRT|x64.Build.0 = Debug_static_CRT|x64
		{A2E45CE0-FC12-4C14-BF1C-2745307FBF9C}.Debug_static_CRT|x86.ActiveCfg = Debug_static_CRT|Win32
		{A2E45CE0-FC12-4C14-BF1C-2745307FBF9C}.Debug_static_CRT|x86.Build.0 = Debug_static_CRT|Win32
		{A2E45CE0-FC12-4C14-BF1C-2745307FBF9C}.Debug|Any CPU.ActiveCfg = Debug_static_CRT|x64
		{A2E45CE0-FC12-4C14-BF1C-2745307FBF9C}.Debug|Any CPU.Build.0 = Debug_static_CRT|x64
		{A2E45CE0-FC12-4C14-BF1C-2745307FBF9C}.Debug|x64.ActiveCfg = Debug_static_CRT|x64
		{A2E45CE0-FC12-4C14-BF1C-2745307FBF9C}.Debug|x64.Build.0 = Debug_static_CRT|x64
		{A2E45CE0-FC12-4C14-BF1C-2745307FBF9C}.Debug|x86.ActiveCfg = Debug_static_CRT|Win32
		{A2E45CE0-FC12-4C14-BF1C-2745307FBF9C}.Debug|x86.Build.0 = Debug_static_CRT|Win32
		{A2E45CE0-FC12-4C14-BF1C-2745307FBF9C}.Release_static_CRT|Any CPU.ActiveCfg = Release_static_CRT|x64
		{A2E45CE0-FC12-4C14-BF1C-2745307FBF9C}.Release_static_CRT|Any CPU.Build.0 = Release_static_CRT|x64
		{A2E45CE0-FC12-4C14-BF1C-2745307FBF9C}.Release_static_CRT|x64.ActiveCfg = Release_static_CRT|x64
		{A2E45CE0-FC12-4C14-BF1C-2745307FBF9C}.Release_static_CRT|x64.Build.0 = Release_static_CRT|x64
		{A2E45CE0-FC12-4C14-BF1C-2745307FBF9C}.Release_static_CRT|x86.ActiveCfg = Release_static_CRT|Win32
		{A2E45CE0-FC12-4C14-BF1C-2745307FBF9C}.Release_static_CRT|x86.Build.0 = Release_static_CRT|Win32
		{A2E45CE0-FC12-4C14-BF1C-2745307FBF9C}.Release|Any CPU.ActiveCfg = Release_static_CRT|x64
		{A2E45CE0-FC12-4C14-BF1C-2745307FBF9C}.Release|Any CPU.Build.0 = Release_static_CRT|x64
		{A2E45CE0-FC12-4C14-BF1C-2745307FBF9C}.Release|x64.ActiveCfg = Release_static_CRT|x64
		{A2E45CE0-FC12-4C14-BF1C-2745307FBF9C}.Release|x64.Build.0 = Release_static_CRT|x64
		{A2E45CE0-FC12-4C14-BF1C-2745307FBF9C}.Release|x86.ActiveCfg = Release_static_CRT|Win32
		{A2E45CE0-FC12-4C14-BF1C-2745307FBF9C}.Release|x86.Build.0 = Release_static_CRT|Win32
		{D447C486-92D2-4A70-BCFB-38372B197CBB}.Debug_static_CRT|Any CPU.ActiveCfg = Debug_static_CRT|x64
		{D447C486-92D2-4A70-BCFB-38372B197CBB}.Debug_static_CRT|Any CPU.Build.0 = Debug_static_CRT|x64
		{D447C486-92D2-4A70-BCFB-38372B197CBB}.Debug_static_CRT|x64.ActiveCfg = Debug_static_CRT|x64
		{D447C486-92D2-4A70-BCFB-38372B197CBB}.Debug_static_CRT|x64.Build.0 = Debug_static_CRT|x64
		{D447C486-92D2-4A70-BCFB-38372B197CBB}.Debug_static_CRT|x86.ActiveCfg = Debug_static_CRT|Win32
		{D447C486-92D2-4A70-BCFB-38372B197CBB}.Debug_static_CRT|x86.Build.0 = Debug_static_CRT|Win32
		{D447C486-92D2-4A70-BCFB-38372B197CBB}.Debug|Any CPU.ActiveCfg = Debug|x64
		{D447C486-92D2-4A70-BCFB-38372B197CBB}.Debug|Any CPU.Build.0 = Debug|x64
		{D447C486-92D2-4A70-BCFB-38372B197CBB}.Debug|x64.ActiveCfg = Debug|x64
		{D447C486-92D2-4A70-BCFB-38372B197CBB}.Debug|x64.Build.0 = Debug|x64
		{D447C486-92D2-4A70-BCFB-38372B197CBB}.Debug|x86.ActiveCfg = Debug|Win32
		{D447C486-92D2-4A70-BCFB-38372B197CBB}.Debug|x86.Build.0 = Debug|Win32
		{D447C486-92D2-4A70-BCFB-38372B197CBB}.Release_static_CRT|Any CPU.ActiveCfg = Release_static_CRT|x64
		{D447C486-92D2-4A70-BCFB-38372B197CBB}.Release_static_CRT|Any CPU.Build.0 = Release_static_CRT|x64
		{D447C486-92D2-4A70-BCFB-38372B197CBB}.Release_static_CRT|x64.ActiveCfg = Release_static_CRT|x64
		{D447C486-92D2-4A70-BCFB-38372B197CBB}.Release_static_CRT|x64.Build.0 = Release_static_CRT|x64
		{D447C486-92D2-4A70-BCFB-38372B197CBB}.Release_static_CRT|x86.ActiveCfg = Release_static_CRT|Win32
		{D447C486-92D2-4A70-BCFB-38372B197CBB}.Release_static_CRT|x86.Build.0 = Release_static_CRT|Win32
		{D447C486-92D2-4A70-BCFB-38372B197CBB}.Release|Any CPU.ActiveCfg = Release|x64
		{D447C486-92D2-4A70-BCFB-38372B197CBB}.Release|Any CPU.Build.0 = Release|x64
		{D447C486-92D2-4A70-BCFB-38372B197CBB}.Release|x64.ActiveCfg = Release|x64
		{D447C486-92D2-4A70-BCFB-38372B197CBB}.Release|x64.Build.0 = Release|x64
		{D447C486-92D2-4A70-BCFB-38372B197CBB}.Release|x86.ActiveCfg = Release|Win32
		{D447C486-92D2-4A70-BCFB-38372B197CBB}.Release|x86.Build.0 = Release|Win32
		{E29D13E6-F388-44BD-8D07-590D2501B6A1}.Debug_static_CRT|Any CPU.ActiveCfg = Debug_static_CRT|x64
		{E29D13E6-F388-44BD-8D07-590D2501B6A1}.Debug_static_CRT|Any CPU.Build.0 = Debug_static_CRT|x64
		{E29D13E6-F388-44BD-8D07-590D2501B6A1}.Debug_static_CRT|x64.ActiveCfg = Debug_static_CRT|x64
		{E29D13E6-F388-44BD-8D07-590D2501B6A1}.Debug_static_CRT|x64.Build.0 = Debug_static_CRT|x64
		{E29D13E6-F388-44BD-8D07-590D2501B6A1}.Debug_static_CRT|x86.ActiveCfg = Debug_static_CRT|Win32
		{E29D13E6-F388-44BD-8D07-590D2501B6A1}.Debug_static_CRT|x86.Build.0 = Debug_static_CRT|Win32
		{E29D13E6-F388-44BD-8D07-590D2501B6A1}.Debug|Any CPU.ActiveCfg = Debug|x64
		{E29D13E6-F388-44BD-8D07-590D2501B6A1}.Debug|Any CPU.Build.0 = Debug|x64
		{E29D13E6-F388-44BD-8D07-590D2501B6A1}.Debug|x64.ActiveCfg = Debug|x64
		{E29D13E6-F388-44BD-8D07-590D2501B6A1}.Debug|x64.Build.0 = Debug|x64
		{E29D13E6-F388-44BD-8D07-590D2501B6A1}.Debug|x86.ActiveCfg = Debug|Win32
		{E29D13E6-F388-44BD-8D07-590D2501B6A1}.Debug|x86.Build.0 = Debug|Win32
		{E29D13E6-F388-44BD-8D07-590D2501B6A1}.Release_static_CRT|Any CPU.ActiveCfg = Release_static_CRT|x64
		{E29D13E6-F388-44BD-8D07-590D2501B6A1}.Release_static_CRT|Any CPU.Build.0 = Release_static_CRT|x64
		{E29D13E6-F388-44BD-8D07-590D2501B6A1}.Release_static_CRT|x64.ActiveCfg = Release_static_CRT|x64
		{E29D13E6-F388-44BD-8D07-590D2501B6A1}.Release_static_CRT|x64.Build.0 = Release_static_CRT|x64
		{E29D13E6-F388-44BD-8D07-590D2501B6A1}.Release_static_CRT|x86.ActiveCfg = Release_static_CRT|Win32
		{E29D13E6-F388-44BD-8D07-590D2501B6A1}.Release_static_CRT|x86.Build.0 = Release_static_CRT|Win32
		{E29D13E6-F388-44BD-8D07-590D2501B6A1}.Release|Any CPU.ActiveCfg = Release|x64
		{E29D13E6-F388-44BD-8D07-590D2501B6A1}.Release|Any CPU.Build.0 = Release|x64
		{E29D13E6-F388-44BD-8D07-590D2501B6A1}.Release|x64.ActiveCfg = Release|x64
		{E29D13E6-F388-44BD-8D07-590D2501B6A1}.Release|x64.Build.0 = Release|x64
		{E29D13E6-F388-44BD-8D07-590D2501B6A1}.Release|x86.ActiveCfg = Release|Win32
		{E29D13E6-F388-44BD-8D07-590D2501B6A1}.Release|x86.Build.0 = Release|Win32
		{E21BD3CA-733E-42FA-926E-525EE35E8C10}.Debug_static_CRT|Any CPU.ActiveCfg = Debug_static_CRT|x64
		{E21BD3CA-733E-42FA-926E-525EE35E8C10}.Debug_static_CRT|Any CPU.Build.0 = Debug_static_CRT|x64
		{E21BD3CA-733E-42FA-926E-525EE35E8C10}.Debug_static_CRT|x64.ActiveCfg = Debug_static_CRT|x64
		{E21BD3CA-733E-42FA-926E-525EE35E8C10}.Debug_static_CRT|x64.Build.0 = Debug_static_CRT|x64
		{E21BD3CA-733E-42FA-926E-525EE35E8C10}.Debug_static_CRT|x86.ActiveCfg = Debug_static_CRT|Win32
		{E21BD3CA-733E-42FA-926E-525EE35E8C10}.Debug_static_CRT|x86.Build.0 = Debug_static_CRT|Win32
		{E21BD3CA-733E-42FA-926E-525EE35E8C10}.Debug|Any CPU.ActiveCfg = Debug|x64
		{E21BD3CA-733E-42FA-926E-525EE35E8C10}.Debug|Any CPU.Build.0 = Debug|x64
		{E21BD3CA-733E-42FA-926E-525EE35E8C10}.Debug|x64.ActiveCfg = Debug|x64
		{E21BD3CA-733E-42FA-926E-525EE35E8C10}.Debug|x64.Build.0 = Debug|x64
		{E21BD3CA-733E-42FA-926E-525EE35E8C10}.Debug|x86.ActiveCfg = Debug|Win32
		{E21BD3CA-733E-42FA-926E-525EE35E8C10}.Debug|x86.Build.0 = Debug|Win32
		{E21BD3CA-733E-42FA-926E-525EE35E8C10}.Release_static_CRT|Any CPU.ActiveCfg = Release_static_CRT|x64
		{E21BD3CA-733E-42FA-926E-525EE35E8C10}.Release_static_CRT|Any CPU.Build.0 = Release_static_CRT|x64
		{E21BD3CA-733E-42FA-926E-525EE35E8C10}.Release_static_CRT|x64.ActiveCfg = Release_static_CRT|x64
		{E21BD3CA-733E-42FA-926E-525EE35E8C10}.Release_static_CRT|x64.Build.0 = Release_static_CRT|x64
		{E21BD3CA-733E-42FA-926E-525EE35E8C10}.Release_static_CRT|x86.ActiveCfg = Release_static_CRT|Win32
		{E21BD3CA-733E-42FA-926E-525EE35E8C10}.Release_static_CRT|x86.Build.0 = Release_static_CRT|Win32
		{E21BD3CA-733E-42FA-926E-525EE35E8C10}.Release|Any CPU.ActiveCfg = Release|x64
		{E21BD3CA-733E-42FA-926E-525EE35E8C10}.Release|Any CPU.Build.0 = Release|x64
		{E21BD3CA-733E-42FA-926E-525EE35E8C10}.Release|x64.ActiveCfg = Release|x64
		{E21BD3CA-733E-42FA-926E-525EE35E8C10}.Release|x64.Build.0 = Release|x64
		{E21BD3CA-733E-42FA-926E-525EE35E8C10}.Release|x86.ActiveCfg = Release|Win32
		{E21BD3CA-733E-42FA-926E-525EE35E8C10}.Release|x86.Build.0 = Release|Win32
	EndGlobalSection
	GlobalSection(SolutionProperties) = preSolution
		HideSolutionNode = FALSE
	EndGlobalSection
	GlobalSection(ExtensibilityGlobals) = postSolution
		SolutionGuid = {B691AAFF-D94C-4AB0-A265-E8E50699D3FB}
	EndGlobalSection
EndGlobal
